PODS:
  - DeviceKit (1.8.1)
  - iCalKit (0.1.0)
  - UIImageColors (2.0.1)

DEPENDENCIES:
  - DeviceKit (~> 1.3)
  - iCalKit (from `https://github.com/kiliankoe/iCalKit.git`)
  - UIImageColors

SPEC REPOS:
  https://github.com/cocoapods/specs.git:
    - DeviceKit
    - UIImageColors

EXTERNAL SOURCES:
  iCalKit:
    :git: https://github.com/kiliankoe/iCalKit.git

CHECKOUT OPTIONS:
  iCalKit:
    :commit: 35bff55392b022dfd73358bf7c466cde643f5474
    :git: https://github.com/kiliankoe/iCalKit.git

SPEC CHECKSUMS:
  DeviceKit: eb29be542f5473b46b1c719011cf7de3ec5264ca
  iCalKit: 6fc24b368fe28588ec9137b28d6c79636368ca4d
  UIImageColors: c83669aff7ceb55a3b3f2c398f3b5c14632a267b

PODFILE CHECKSUM: 4e5d99a074d8c9c6b24309a10246ae830a7b69a8

COCOAPODS: 1.5.2
