PODS:
  - DeviceKit (1.8.1)
  - FSCalendar (2.7.9)
  - iCalKit (0.1.0)

DEPENDENCIES:
  - DeviceKit (~> 1.3)
  - FSCalendar
  - iCalKit (from `https://github.com/kiliankoe/iCalKit.git`)

SPEC REPOS:
  https://github.com/cocoapods/specs.git:
    - DeviceKit
    - FSCalendar

EXTERNAL SOURCES:
  iCalKit:
    :git: https://github.com/kiliankoe/iCalKit.git

CHECKOUT OPTIONS:
  iCalKit:
    :commit: 35bff55392b022dfd73358bf7c466cde643f5474
    :git: https://github.com/kiliankoe/iCalKit.git

SPEC CHECKSUMS:
  DeviceKit: eb29be542f5473b46b1c719011cf7de3ec5264ca
  FSCalendar: a04b09f16f811bc92e82f3cf852a15225233b9d5
  iCalKit: 6fc24b368fe28588ec9137b28d6c79636368ca4d

PODFILE CHECKSUM: 85c7d1b7f7524a95b583e12b2858c1f42d865b5c

COCOAPODS: 1.5.2
