PODS:
  - DeviceKit (1.8.1)
  - iCalKit (0.1.0)

DEPENDENCIES:
  - DeviceKit (~> 1.3)
  - iCalKit (from `https://github.com/kiliankoe/iCalKit.git`)

SPEC REPOS:
  https://github.com/cocoapods/specs.git:
    - DeviceKit

EXTERNAL SOURCES:
  iCalKit:
    :git: https://github.com/kiliankoe/iCalKit.git

CHECKOUT OPTIONS:
  iCalKit:
    :commit: 35bff55392b022dfd73358bf7c466cde643f5474
    :git: https://github.com/kiliankoe/iCalKit.git

SPEC CHECKSUMS:
  DeviceKit: eb29be542f5473b46b1c719011cf7de3ec5264ca
  iCalKit: 6fc24b368fe28588ec9137b28d6c79636368ca4d

PODFILE CHECKSUM: 5fe594388eb624476bf00d89d146c42044b124d7

COCOAPODS: 1.5.2
