// !$*UTF8*$!
{
	archiveVersion = 1;
	classes = {
	};
	objectVersion = 46;
	objects = {

/* Begin PBXBuildFile section */
		36181108CE80F95E76097558 /* Pods_RushMe.framework in Frameworks */ = {isa = PBXBuildFile; fileRef = DB0A842620C084B5006048A8 /* Pods_RushMe.framework */; };
		92571F2F09D34A33D0A177B1 /* Pods_RushMeTests.framework in Frameworks */ = {isa = PBXBuildFile; fileRef = 0D408C95B0DA6F3379595E5E /* Pods_RushMeTests.framework */; };
		B7E35CC6D83950B3BD015D2B /* Pods_RushMe_RushMeUITests.framework in Frameworks */ = {isa = PBXBuildFile; fileRef = A6922CC6B24716BD257B2F12 /* Pods_RushMe_RushMeUITests.framework */; };
		DB05F7491F894A910090DEC3 /* AppDelegate.swift in Sources */ = {isa = PBXBuildFile; fileRef = DB05F7481F894A910090DEC3 /* AppDelegate.swift */; };
		DB05F74B1F894A910090DEC3 /* MasterViewController.swift in Sources */ = {isa = PBXBuildFile; fileRef = DB05F74A1F894A910090DEC3 /* MasterViewController.swift */; };
		DB05F74D1F894A910090DEC3 /* DetailViewController.swift in Sources */ = {isa = PBXBuildFile; fileRef = DB05F74C1F894A910090DEC3 /* DetailViewController.swift */; };
		DB05F7501F894A910090DEC3 /* Main.storyboard in Resources */ = {isa = PBXBuildFile; fileRef = DB05F74E1F894A910090DEC3 /* Main.storyboard */; };
		DB05F7521F894A910090DEC3 /* Assets.xcassets in Resources */ = {isa = PBXBuildFile; fileRef = DB05F7511F894A910090DEC3 /* Assets.xcassets */; };
		DB05F7551F894A910090DEC3 /* LaunchScreen.storyboard in Resources */ = {isa = PBXBuildFile; fileRef = DB05F7531F894A910090DEC3 /* LaunchScreen.storyboard */; };
		DB05F7791F894AFB0090DEC3 /* Fraternity.swift in Sources */ = {isa = PBXBuildFile; fileRef = DB05F7781F894AFB0090DEC3 /* Fraternity.swift */; };
		DB0A842720C084B5006048A8 /* Pods_RushMe.framework in Frameworks */ = {isa = PBXBuildFile; fileRef = DB0A842620C084B5006048A8 /* Pods_RushMe.framework */; };
		DB0B732A203FAE4E00FFA951 /* RMPoll.swift in Sources */ = {isa = PBXBuildFile; fileRef = DB0B7329203FAE4E00FFA951 /* RMPoll.swift */; };
		DB0D5CFF20C07E4E006A850D /* SnapshotHelper.swift in Sources */ = {isa = PBXBuildFile; fileRef = DB0D5CFE20C07E4E006A850D /* SnapshotHelper.swift */; };
		DB0D5D0020C07EA6006A850D /* RushMeUITests.swift in Sources */ = {isa = PBXBuildFile; fileRef = DB05F76A1F894A910090DEC3 /* RushMeUITests.swift */; };
		DB1956E11F8AF2A500E2803F /* SWRevealViewController.m in Sources */ = {isa = PBXBuildFile; fileRef = DB1956E01F8AF2A500E2803F /* SWRevealViewController.m */; settings = {COMPILER_FLAGS = "-w"; }; };
		DB1956E31F8AFB4400E2803F /* ScrollButtonViewController.swift in Sources */ = {isa = PBXBuildFile; fileRef = DB1956E21F8AFB4400E2803F /* ScrollButtonViewController.swift */; };
		DB2338A91FD4F53300FB7118 /* RushCalendar.swift in Sources */ = {isa = PBXBuildFile; fileRef = DB2338A81FD4F53300FB7118 /* RushCalendar.swift */; };
		DB32F39020C45FCA00257D8C /* DrawerMenuViewController.swift in Sources */ = {isa = PBXBuildFile; fileRef = DB32F38F20C45FCA00257D8C /* DrawerMenuViewController.swift */; };
		DB32F39120C45FCA00257D8C /* DrawerMenuViewController.swift in Sources */ = {isa = PBXBuildFile; fileRef = DB32F38F20C45FCA00257D8C /* DrawerMenuViewController.swift */; };
		DB394E981FD10AFE004BF952 /* ImageViewController.swift in Sources */ = {isa = PBXBuildFile; fileRef = DB394E971FD10AFE004BF952 /* ImageViewController.swift */; };
		DB457D671FCB649F00410149 /* Info.plist in Resources */ = {isa = PBXBuildFile; fileRef = DB05F7611F894A910090DEC3 /* Info.plist */; };
		DB457D9A1FCB6B1900410149 /* Main.storyboard in Resources */ = {isa = PBXBuildFile; fileRef = DB05F74E1F894A910090DEC3 /* Main.storyboard */; };
		DB457D9B1FCB6B1C00410149 /* Main.storyboard in Resources */ = {isa = PBXBuildFile; fileRef = DB05F74E1F894A910090DEC3 /* Main.storyboard */; };
		DB47437E2010002D00B17D1C /* CalendarLabelCollectionViewCell.swift in Sources */ = {isa = PBXBuildFile; fileRef = DB47437D2010002D00B17D1C /* CalendarLabelCollectionViewCell.swift */; };
		DB514FE021501868006BC05A /* User.swift in Sources */ = {isa = PBXBuildFile; fileRef = DB514FDF21501868006BC05A /* User.swift */; };
		DB514FE121501868006BC05A /* User.swift in Sources */ = {isa = PBXBuildFile; fileRef = DB514FDF21501868006BC05A /* User.swift */; };
		DB514FE221501868006BC05A /* User.swift in Sources */ = {isa = PBXBuildFile; fileRef = DB514FDF21501868006BC05A /* User.swift */; };
		DB514FE321501868006BC05A /* User.swift in Sources */ = {isa = PBXBuildFile; fileRef = DB514FDF21501868006BC05A /* User.swift */; };
		DB514FEA21501C16006BC05A /* Frontend.swift in Sources */ = {isa = PBXBuildFile; fileRef = DB514FE921501C16006BC05A /* Frontend.swift */; };
		DB514FEB21501C16006BC05A /* Frontend.swift in Sources */ = {isa = PBXBuildFile; fileRef = DB514FE921501C16006BC05A /* Frontend.swift */; };
		DB514FEC21501C16006BC05A /* Frontend.swift in Sources */ = {isa = PBXBuildFile; fileRef = DB514FE921501C16006BC05A /* Frontend.swift */; };
		DB514FED21501C16006BC05A /* Frontend.swift in Sources */ = {isa = PBXBuildFile; fileRef = DB514FE921501C16006BC05A /* Frontend.swift */; };
		DB514FF421501DCD006BC05A /* Privacy.swift in Sources */ = {isa = PBXBuildFile; fileRef = DB514FF321501DCD006BC05A /* Privacy.swift */; };
		DB514FF621501DCD006BC05A /* Privacy.swift in Sources */ = {isa = PBXBuildFile; fileRef = DB514FF321501DCD006BC05A /* Privacy.swift */; };
		DB514FF9215026C2006BC05A /* Format.swift in Sources */ = {isa = PBXBuildFile; fileRef = DB514FF8215026C2006BC05A /* Format.swift */; };
		DB514FFA215026C2006BC05A /* Format.swift in Sources */ = {isa = PBXBuildFile; fileRef = DB514FF8215026C2006BC05A /* Format.swift */; };
		DB514FFB215026C2006BC05A /* Format.swift in Sources */ = {isa = PBXBuildFile; fileRef = DB514FF8215026C2006BC05A /* Format.swift */; };
		DB514FFC215026C2006BC05A /* Format.swift in Sources */ = {isa = PBXBuildFile; fileRef = DB514FF8215026C2006BC05A /* Format.swift */; };
		DB5150042150307E006BC05A /* Campus.swift in Sources */ = {isa = PBXBuildFile; fileRef = DB5150032150307E006BC05A /* Campus.swift */; };
		DB5150052150307E006BC05A /* Campus.swift in Sources */ = {isa = PBXBuildFile; fileRef = DB5150032150307E006BC05A /* Campus.swift */; };
		DB5150062150307E006BC05A /* Campus.swift in Sources */ = {isa = PBXBuildFile; fileRef = DB5150032150307E006BC05A /* Campus.swift */; };
		DB5150072150307E006BC05A /* Campus.swift in Sources */ = {isa = PBXBuildFile; fileRef = DB5150032150307E006BC05A /* Campus.swift */; };
		DB5150092150308E006BC05A /* Images.swift in Sources */ = {isa = PBXBuildFile; fileRef = DB5150082150308E006BC05A /* Images.swift */; };
		DB51500A2150308E006BC05A /* Images.swift in Sources */ = {isa = PBXBuildFile; fileRef = DB5150082150308E006BC05A /* Images.swift */; };
		DB51500B2150308E006BC05A /* Images.swift in Sources */ = {isa = PBXBuildFile; fileRef = DB5150082150308E006BC05A /* Images.swift */; };
		DB51500C2150308E006BC05A /* Images.swift in Sources */ = {isa = PBXBuildFile; fileRef = DB5150082150308E006BC05A /* Images.swift */; };
		DB57897F1FDAE5FD0083CB6C /* MapViewController.swift in Sources */ = {isa = PBXBuildFile; fileRef = DB57897E1FDAE5FD0083CB6C /* MapViewController.swift */; };
		DB627BF41FAE12DD00BA362B /* EventTableViewCell.swift in Sources */ = {isa = PBXBuildFile; fileRef = DB627BF31FAE12DD00BA362B /* EventTableViewCell.swift */; };
		DB6D7DD7206322CB004A70A1 /* SplitViewController.swift in Sources */ = {isa = PBXBuildFile; fileRef = DB6D7DD6206322CB004A70A1 /* SplitViewController.swift */; };
		DB79BB1520730F9F00411AB1 /* Observable.swift in Sources */ = {isa = PBXBuildFile; fileRef = DB79BB1420730F9F00411AB1 /* Observable.swift */; };
		DB7E1DDF1F93C239002C6B80 /* Backend.swift in Sources */ = {isa = PBXBuildFile; fileRef = DB7E1DDE1F93C239002C6B80 /* Backend.swift */; };
		DB8997EF1FAC005E006A5246 /* CalendarCollectionViewCell.swift in Sources */ = {isa = PBXBuildFile; fileRef = DB8997EE1FAC005E006A5246 /* CalendarCollectionViewCell.swift */; };
		DB8997F31FAC0320006A5246 /* CalendarViewController.swift in Sources */ = {isa = PBXBuildFile; fileRef = DB8997F21FAC0320006A5246 /* CalendarViewController.swift */; };
		DB8CA199207D9CF20011E25A /* Locations.swift in Sources */ = {isa = PBXBuildFile; fileRef = DB8CA198207D9CF20011E25A /* Locations.swift */; };
		DB8D52631FF5C438003A80C1 /* SegmentCell.swift in Sources */ = {isa = PBXBuildFile; fileRef = DB8D52621FF5C438003A80C1 /* SegmentCell.swift */; };
		DB9ACA002064428600BD4DCF /* ImagePageViewController.swift in Sources */ = {isa = PBXBuildFile; fileRef = DB9AC9FF2064428600BD4DCF /* ImagePageViewController.swift */; };
		DB9F5A6F205EE87900F03B3B /* ScrollPageViewController.swift in Sources */ = {isa = PBXBuildFile; fileRef = DB9F5A6E205EE87900F03B3B /* ScrollPageViewController.swift */; };
		DBA5755A1FADFFFA009F26A8 /* EventTableViewController.swift in Sources */ = {isa = PBXBuildFile; fileRef = DBA575591FADFFFA009F26A8 /* EventTableViewController.swift */; };
		DBAF96D420BC6B5600165F5E /* PrivacyViewController.swift in Sources */ = {isa = PBXBuildFile; fileRef = DBAF96D320BC6B5600165F5E /* PrivacyViewController.swift */; };
		DBB1BA7D20B9BD2E0077872F /* FirstEntry.storyboard in Resources */ = {isa = PBXBuildFile; fileRef = DBB1BA7C20B9BD2E0077872F /* FirstEntry.storyboard */; };
		DBCDA2672104FBAE00C11CB2 /* RMViewController.swift in Sources */ = {isa = PBXBuildFile; fileRef = DBCDA2662104FBAE00C11CB2 /* RMViewController.swift */; };
		DBCDA268210502C700C11CB2 /* RMViewController.swift in Sources */ = {isa = PBXBuildFile; fileRef = DBCDA2662104FBAE00C11CB2 /* RMViewController.swift */; };
		DBCE4A4B2105406B00D362C4 /* SWViewController.swift in Sources */ = {isa = PBXBuildFile; fileRef = DBCE4A4A2105406B00D362C4 /* SWViewController.swift */; };
		DBCE4A4C210540E800D362C4 /* SWViewController.swift in Sources */ = {isa = PBXBuildFile; fileRef = DBCE4A4A2105406B00D362C4 /* SWViewController.swift */; };
		DBD1403F1F90FC8200945D9B /* SettingsViewController.swift in Sources */ = {isa = PBXBuildFile; fileRef = DBD1403E1F90FC8200945D9B /* SettingsViewController.swift */; };
		DBD140411F90FCE800945D9B /* AboutViewController.swift in Sources */ = {isa = PBXBuildFile; fileRef = DBD140401F90FCE800945D9B /* AboutViewController.swift */; };
		DBD2ED071FEC67AB00407858 /* AttractiveFratCellTableViewCell.swift in Sources */ = {isa = PBXBuildFile; fileRef = DBD2ED061FEC67AB00407858 /* AttractiveFratCellTableViewCell.swift */; };
		DBD4F7F720C08101007EFA18 /* AppDelegate.swift in Sources */ = {isa = PBXBuildFile; fileRef = DB05F7481F894A910090DEC3 /* AppDelegate.swift */; };
		DBD4F7FA20C08101007EFA18 /* RushCalendar.swift in Sources */ = {isa = PBXBuildFile; fileRef = DB2338A81FD4F53300FB7118 /* RushCalendar.swift */; };
		DBD4F7FB20C08101007EFA18 /* RMPoll.swift in Sources */ = {isa = PBXBuildFile; fileRef = DB0B7329203FAE4E00FFA951 /* RMPoll.swift */; };
		DBD4F7FC20C08101007EFA18 /* Locations.swift in Sources */ = {isa = PBXBuildFile; fileRef = DB8CA198207D9CF20011E25A /* Locations.swift */; };
		DBD4F7FE20C08101007EFA18 /* Observable.swift in Sources */ = {isa = PBXBuildFile; fileRef = DB79BB1420730F9F00411AB1 /* Observable.swift */; };
		DBD4F7FF20C08101007EFA18 /* Backend.swift in Sources */ = {isa = PBXBuildFile; fileRef = DB7E1DDE1F93C239002C6B80 /* Backend.swift */; };
		DBD4F80020C08101007EFA18 /* Fraternity.swift in Sources */ = {isa = PBXBuildFile; fileRef = DB05F7781F894AFB0090DEC3 /* Fraternity.swift */; };
		DBD4F80220C08101007EFA18 /* CalendarCollectionViewCell.swift in Sources */ = {isa = PBXBuildFile; fileRef = DB8997EE1FAC005E006A5246 /* CalendarCollectionViewCell.swift */; };
		DBD4F80320C08101007EFA18 /* CalendarLabelCollectionViewCell.swift in Sources */ = {isa = PBXBuildFile; fileRef = DB47437D2010002D00B17D1C /* CalendarLabelCollectionViewCell.swift */; };
		DBD4F80420C08101007EFA18 /* AttractiveFratCellTableViewCell.swift in Sources */ = {isa = PBXBuildFile; fileRef = DBD2ED061FEC67AB00407858 /* AttractiveFratCellTableViewCell.swift */; };
		DBD4F80520C08101007EFA18 /* EventTableViewCell.swift in Sources */ = {isa = PBXBuildFile; fileRef = DB627BF31FAE12DD00BA362B /* EventTableViewCell.swift */; };
		DBD4F80620C08101007EFA18 /* SegmentCell.swift in Sources */ = {isa = PBXBuildFile; fileRef = DB8D52621FF5C438003A80C1 /* SegmentCell.swift */; };
		DBD4F80720C08101007EFA18 /* SWRevealViewController.h in Sources */ = {isa = PBXBuildFile; fileRef = DB1956DF1F8AF2A500E2803F /* SWRevealViewController.h */; };
		DBD4F80820C08101007EFA18 /* SWRevealViewController.m in Sources */ = {isa = PBXBuildFile; fileRef = DB1956E01F8AF2A500E2803F /* SWRevealViewController.m */; };
		DBD4F80920C08101007EFA18 /* ScrollButtonViewController.swift in Sources */ = {isa = PBXBuildFile; fileRef = DB1956E21F8AFB4400E2803F /* ScrollButtonViewController.swift */; };
		DBD4F80A20C08101007EFA18 /* ScrollPageViewController.swift in Sources */ = {isa = PBXBuildFile; fileRef = DB9F5A6E205EE87900F03B3B /* ScrollPageViewController.swift */; };
		DBD4F80B20C08101007EFA18 /* SplitViewController.swift in Sources */ = {isa = PBXBuildFile; fileRef = DB6D7DD6206322CB004A70A1 /* SplitViewController.swift */; };
		DBD4F80D20C08101007EFA18 /* AboutViewController.swift in Sources */ = {isa = PBXBuildFile; fileRef = DBD140401F90FCE800945D9B /* AboutViewController.swift */; };
		DBD4F80E20C08101007EFA18 /* MasterViewController.swift in Sources */ = {isa = PBXBuildFile; fileRef = DB05F74A1F894A910090DEC3 /* MasterViewController.swift */; };
		DBD4F80F20C08101007EFA18 /* DetailViewController.swift in Sources */ = {isa = PBXBuildFile; fileRef = DB05F74C1F894A910090DEC3 /* DetailViewController.swift */; };
		DBD4F81020C08101007EFA18 /* ImageViewController.swift in Sources */ = {isa = PBXBuildFile; fileRef = DB394E971FD10AFE004BF952 /* ImageViewController.swift */; };
		DBD4F81120C08101007EFA18 /* ImagePageViewController.swift in Sources */ = {isa = PBXBuildFile; fileRef = DB9AC9FF2064428600BD4DCF /* ImagePageViewController.swift */; };
		DBD4F81220C08101007EFA18 /* CalendarViewController.swift in Sources */ = {isa = PBXBuildFile; fileRef = DB8997F21FAC0320006A5246 /* CalendarViewController.swift */; };
		DBD4F81320C08101007EFA18 /* EventTableViewController.swift in Sources */ = {isa = PBXBuildFile; fileRef = DBA575591FADFFFA009F26A8 /* EventTableViewController.swift */; };
		DBD4F81420C08101007EFA18 /* MapViewController.swift in Sources */ = {isa = PBXBuildFile; fileRef = DB57897E1FDAE5FD0083CB6C /* MapViewController.swift */; };
		DBD4F81520C08101007EFA18 /* SettingsViewController.swift in Sources */ = {isa = PBXBuildFile; fileRef = DBD1403E1F90FC8200945D9B /* SettingsViewController.swift */; };
		DBD4F81720C08101007EFA18 /* FullEventsListTableViewController.swift in Sources */ = {isa = PBXBuildFile; fileRef = DB5789831FDCAA7F0083CB6C /* FullEventsListTableViewController.swift */; };
		DBD4F81C20C08101007EFA18 /* FirstEntry.storyboard in Resources */ = {isa = PBXBuildFile; fileRef = DBB1BA7C20B9BD2E0077872F /* FirstEntry.storyboard */; };
		DBD4F81D20C08101007EFA18 /* PrivacyViewController.swift in Sources */ = {isa = PBXBuildFile; fileRef = DBAF96D320BC6B5600165F5E /* PrivacyViewController.swift */; };
		DBD4F81E20C08101007EFA18 /* RushMe-Bridging-Header.h in Sources */ = {isa = PBXBuildFile; fileRef = DBD1404F1F92860200945D9B /* RushMe-Bridging-Header.h */; };
		DBD4F82020C08101007EFA18 /* Assets.xcassets in Sources */ = {isa = PBXBuildFile; fileRef = DB05F7511F894A910090DEC3 /* Assets.xcassets */; };
		DBD4F82120C08101007EFA18 /* Info.plist in Sources */ = {isa = PBXBuildFile; fileRef = DB05F7561F894A910090DEC3 /* Info.plist */; };
		DBF1A103213F3566002A9F3F /* Constants.swift in Sources */ = {isa = PBXBuildFile; fileRef = DBF1A102213F3566002A9F3F /* Constants.swift */; };
		DBF1A104213F3566002A9F3F /* Constants.swift in Sources */ = {isa = PBXBuildFile; fileRef = DBF1A102213F3566002A9F3F /* Constants.swift */; };
		DBF1A105213F3566002A9F3F /* Constants.swift in Sources */ = {isa = PBXBuildFile; fileRef = DBF1A102213F3566002A9F3F /* Constants.swift */; };
		DBF1A106213F3566002A9F3F /* Constants.swift in Sources */ = {isa = PBXBuildFile; fileRef = DBF1A102213F3566002A9F3F /* Constants.swift */; };
/* End PBXBuildFile section */

/* Begin PBXContainerItemProxy section */
		DB05F75C1F894A910090DEC3 /* PBXContainerItemProxy */ = {
			isa = PBXContainerItemProxy;
			containerPortal = DB05F73D1F894A910090DEC3 /* Project object */;
			proxyType = 1;
			remoteGlobalIDString = DB05F7441F894A910090DEC3;
			remoteInfo = RushMe;
		};
		DB05F7671F894A910090DEC3 /* PBXContainerItemProxy */ = {
			isa = PBXContainerItemProxy;
			containerPortal = DB05F73D1F894A910090DEC3 /* Project object */;
			proxyType = 1;
			remoteGlobalIDString = DB05F7441F894A910090DEC3;
			remoteInfo = RushMe;
		};
		DB9E60F220C07D5700B2C765 /* PBXContainerItemProxy */ = {
			isa = PBXContainerItemProxy;
			containerPortal = DB05F73D1F894A910090DEC3 /* Project object */;
			proxyType = 1;
			remoteGlobalIDString = DB05F7441F894A910090DEC3;
			remoteInfo = RushMe;
		};
/* End PBXContainerItemProxy section */

/* Begin PBXCopyFilesBuildPhase section */
		DB61D21A1F92B6CE009872DC /* Embed Frameworks */ = {
			isa = PBXCopyFilesBuildPhase;
			buildActionMask = 2147483647;
			dstPath = "";
			dstSubfolderSpec = 10;
			files = (
			);
			name = "Embed Frameworks";
			runOnlyForDeploymentPostprocessing = 0;
		};
/* End PBXCopyFilesBuildPhase section */

/* Begin PBXFileReference section */
		0D408C95B0DA6F3379595E5E /* Pods_RushMeTests.framework */ = {isa = PBXFileReference; explicitFileType = wrapper.framework; includeInIndex = 0; path = Pods_RushMeTests.framework; sourceTree = BUILT_PRODUCTS_DIR; };
		721F41F070E0F29641A6CF3A /* Pods-RushMe.debug.xcconfig */ = {isa = PBXFileReference; includeInIndex = 1; lastKnownFileType = text.xcconfig; name = "Pods-RushMe.debug.xcconfig"; path = "Pods/Target Support Files/Pods-RushMe/Pods-RushMe.debug.xcconfig"; sourceTree = "<group>"; };
		A6922CC6B24716BD257B2F12 /* Pods_RushMe_RushMeUITests.framework */ = {isa = PBXFileReference; explicitFileType = wrapper.framework; includeInIndex = 0; path = Pods_RushMe_RushMeUITests.framework; sourceTree = BUILT_PRODUCTS_DIR; };
		B94D4ADAF90DF4AC8150A6A9 /* Pods-RushMe-RushMeUITests.release.xcconfig */ = {isa = PBXFileReference; includeInIndex = 1; lastKnownFileType = text.xcconfig; name = "Pods-RushMe-RushMeUITests.release.xcconfig"; path = "Pods/Target Support Files/Pods-RushMe-RushMeUITests/Pods-RushMe-RushMeUITests.release.xcconfig"; sourceTree = "<group>"; };
		B97419B9AB376617C1B2B6B4 /* Pods-RushMe-RushMeUITests.debug.xcconfig */ = {isa = PBXFileReference; includeInIndex = 1; lastKnownFileType = text.xcconfig; name = "Pods-RushMe-RushMeUITests.debug.xcconfig"; path = "Pods/Target Support Files/Pods-RushMe-RushMeUITests/Pods-RushMe-RushMeUITests.debug.xcconfig"; sourceTree = "<group>"; };
		CA1545654F3424CBF44F0D6D /* Pods-RushMeTests.debug.xcconfig */ = {isa = PBXFileReference; includeInIndex = 1; lastKnownFileType = text.xcconfig; name = "Pods-RushMeTests.debug.xcconfig"; path = "Pods/Target Support Files/Pods-RushMeTests/Pods-RushMeTests.debug.xcconfig"; sourceTree = "<group>"; };
		DB05F7451F894A910090DEC3 /* RushMe.app */ = {isa = PBXFileReference; explicitFileType = wrapper.application; includeInIndex = 0; path = RushMe.app; sourceTree = BUILT_PRODUCTS_DIR; };
		DB05F7481F894A910090DEC3 /* AppDelegate.swift */ = {isa = PBXFileReference; lastKnownFileType = sourcecode.swift; path = AppDelegate.swift; sourceTree = "<group>"; };
		DB05F74A1F894A910090DEC3 /* MasterViewController.swift */ = {isa = PBXFileReference; lastKnownFileType = sourcecode.swift; path = MasterViewController.swift; sourceTree = "<group>"; };
		DB05F74C1F894A910090DEC3 /* DetailViewController.swift */ = {isa = PBXFileReference; lastKnownFileType = sourcecode.swift; path = DetailViewController.swift; sourceTree = "<group>"; };
		DB05F74F1F894A910090DEC3 /* Base */ = {isa = PBXFileReference; lastKnownFileType = file.storyboard; name = Base; path = Base.lproj/Main.storyboard; sourceTree = "<group>"; };
		DB05F7511F894A910090DEC3 /* Assets.xcassets */ = {isa = PBXFileReference; lastKnownFileType = folder.assetcatalog; path = Assets.xcassets; sourceTree = "<group>"; };
		DB05F7541F894A910090DEC3 /* Base */ = {isa = PBXFileReference; lastKnownFileType = file.storyboard; name = Base; path = Base.lproj/LaunchScreen.storyboard; sourceTree = "<group>"; };
		DB05F7561F894A910090DEC3 /* Info.plist */ = {isa = PBXFileReference; lastKnownFileType = text.plist.xml; path = Info.plist; sourceTree = "<group>"; };
		DB05F75B1F894A910090DEC3 /* RushMeTests.xctest */ = {isa = PBXFileReference; explicitFileType = wrapper.cfbundle; includeInIndex = 0; path = RushMeTests.xctest; sourceTree = BUILT_PRODUCTS_DIR; };
		DB05F75F1F894A910090DEC3 /* RushMeTests.swift */ = {isa = PBXFileReference; lastKnownFileType = sourcecode.swift; path = RushMeTests.swift; sourceTree = "<group>"; };
		DB05F7611F894A910090DEC3 /* Info.plist */ = {isa = PBXFileReference; lastKnownFileType = text.plist.xml; path = Info.plist; sourceTree = "<group>"; };
		DB05F7661F894A910090DEC3 /* RushMeUITests.xctest */ = {isa = PBXFileReference; explicitFileType = wrapper.cfbundle; includeInIndex = 0; path = RushMeUITests.xctest; sourceTree = BUILT_PRODUCTS_DIR; };
		DB05F76A1F894A910090DEC3 /* RushMeUITests.swift */ = {isa = PBXFileReference; lastKnownFileType = sourcecode.swift; path = RushMeUITests.swift; sourceTree = "<group>"; };
		DB05F76C1F894A910090DEC3 /* Info.plist */ = {isa = PBXFileReference; lastKnownFileType = text.plist.xml; path = Info.plist; sourceTree = "<group>"; };
		DB05F7781F894AFB0090DEC3 /* Fraternity.swift */ = {isa = PBXFileReference; fileEncoding = 4; lastKnownFileType = sourcecode.swift; path = Fraternity.swift; sourceTree = "<group>"; };
		DB0A842620C084B5006048A8 /* Pods_RushMe.framework */ = {isa = PBXFileReference; explicitFileType = wrapper.framework; path = Pods_RushMe.framework; sourceTree = BUILT_PRODUCTS_DIR; };
		DB0B7329203FAE4E00FFA951 /* RMPoll.swift */ = {isa = PBXFileReference; lastKnownFileType = sourcecode.swift; path = RMPoll.swift; sourceTree = "<group>"; };
		DB0D5CFD20C07E4D006A850D /* RushMeUITests-Bridging-Header.h */ = {isa = PBXFileReference; lastKnownFileType = sourcecode.c.h; path = "RushMeUITests-Bridging-Header.h"; sourceTree = "<group>"; };
		DB0D5CFE20C07E4E006A850D /* SnapshotHelper.swift */ = {isa = PBXFileReference; fileEncoding = 4; lastKnownFileType = sourcecode.swift; name = SnapshotHelper.swift; path = fastlane/SnapshotHelper.swift; sourceTree = SOURCE_ROOT; };
		DB1956DF1F8AF2A500E2803F /* SWRevealViewController.h */ = {isa = PBXFileReference; fileEncoding = 4; lastKnownFileType = sourcecode.c.h; path = SWRevealViewController.h; sourceTree = "<group>"; };
		DB1956E01F8AF2A500E2803F /* SWRevealViewController.m */ = {isa = PBXFileReference; fileEncoding = 4; lastKnownFileType = sourcecode.c.objc; path = SWRevealViewController.m; sourceTree = "<group>"; };
		DB1956E21F8AFB4400E2803F /* ScrollButtonViewController.swift */ = {isa = PBXFileReference; fileEncoding = 4; lastKnownFileType = sourcecode.swift; path = ScrollButtonViewController.swift; sourceTree = "<group>"; };
		DB2338A81FD4F53300FB7118 /* RushCalendar.swift */ = {isa = PBXFileReference; fileEncoding = 4; lastKnownFileType = sourcecode.swift; path = RushCalendar.swift; sourceTree = "<group>"; };
		DB32F38F20C45FCA00257D8C /* DrawerMenuViewController.swift */ = {isa = PBXFileReference; lastKnownFileType = sourcecode.swift; path = DrawerMenuViewController.swift; sourceTree = "<group>"; };
		DB394E971FD10AFE004BF952 /* ImageViewController.swift */ = {isa = PBXFileReference; lastKnownFileType = sourcecode.swift; path = ImageViewController.swift; sourceTree = "<group>"; };
		DB47437D2010002D00B17D1C /* CalendarLabelCollectionViewCell.swift */ = {isa = PBXFileReference; lastKnownFileType = sourcecode.swift; path = CalendarLabelCollectionViewCell.swift; sourceTree = "<group>"; };
		DB514FDF21501868006BC05A /* User.swift */ = {isa = PBXFileReference; lastKnownFileType = sourcecode.swift; path = User.swift; sourceTree = "<group>"; };
		DB514FE921501C16006BC05A /* Frontend.swift */ = {isa = PBXFileReference; lastKnownFileType = sourcecode.swift; path = Frontend.swift; sourceTree = "<group>"; };
		DB514FF321501DCD006BC05A /* Privacy.swift */ = {isa = PBXFileReference; lastKnownFileType = sourcecode.swift; path = Privacy.swift; sourceTree = "<group>"; };
		DB514FF8215026C2006BC05A /* Format.swift */ = {isa = PBXFileReference; lastKnownFileType = sourcecode.swift; path = Format.swift; sourceTree = "<group>"; };
		DB5150032150307E006BC05A /* Campus.swift */ = {isa = PBXFileReference; fileEncoding = 4; lastKnownFileType = sourcecode.swift; path = Campus.swift; sourceTree = "<group>"; };
		DB5150082150308E006BC05A /* Images.swift */ = {isa = PBXFileReference; fileEncoding = 4; lastKnownFileType = sourcecode.swift; path = Images.swift; sourceTree = "<group>"; };
		DB57897E1FDAE5FD0083CB6C /* MapViewController.swift */ = {isa = PBXFileReference; lastKnownFileType = sourcecode.swift; path = MapViewController.swift; sourceTree = "<group>"; };
		DB5789831FDCAA7F0083CB6C /* FullEventsListTableViewController.swift */ = {isa = PBXFileReference; lastKnownFileType = sourcecode.swift; path = FullEventsListTableViewController.swift; sourceTree = "<group>"; };
		DB627BF31FAE12DD00BA362B /* EventTableViewCell.swift */ = {isa = PBXFileReference; lastKnownFileType = sourcecode.swift; path = EventTableViewCell.swift; sourceTree = "<group>"; };
		DB6D7DD6206322CB004A70A1 /* SplitViewController.swift */ = {isa = PBXFileReference; lastKnownFileType = sourcecode.swift; path = SplitViewController.swift; sourceTree = "<group>"; };
		DB7940DC2088EFC900747DCF /* AsyncImageView.swift */ = {isa = PBXFileReference; lastKnownFileType = sourcecode.swift; path = AsyncImageView.swift; sourceTree = "<group>"; };
		DB79BB1420730F9F00411AB1 /* Observable.swift */ = {isa = PBXFileReference; lastKnownFileType = sourcecode.swift; path = Observable.swift; sourceTree = "<group>"; };
		DB7E1DDE1F93C239002C6B80 /* Backend.swift */ = {isa = PBXFileReference; lastKnownFileType = sourcecode.swift; path = Backend.swift; sourceTree = "<group>"; };
		DB8997EE1FAC005E006A5246 /* CalendarCollectionViewCell.swift */ = {isa = PBXFileReference; lastKnownFileType = sourcecode.swift; path = CalendarCollectionViewCell.swift; sourceTree = "<group>"; };
		DB8997F21FAC0320006A5246 /* CalendarViewController.swift */ = {isa = PBXFileReference; lastKnownFileType = sourcecode.swift; path = CalendarViewController.swift; sourceTree = "<group>"; };
		DB8CA198207D9CF20011E25A /* Locations.swift */ = {isa = PBXFileReference; lastKnownFileType = sourcecode.swift; path = Locations.swift; sourceTree = "<group>"; };
		DB8D52621FF5C438003A80C1 /* SegmentCell.swift */ = {isa = PBXFileReference; lastKnownFileType = sourcecode.swift; path = SegmentCell.swift; sourceTree = "<group>"; };
		DB9AC9FF2064428600BD4DCF /* ImagePageViewController.swift */ = {isa = PBXFileReference; lastKnownFileType = sourcecode.swift; path = ImagePageViewController.swift; sourceTree = "<group>"; };
		DB9E60ED20C07D5700B2C765 /* Screenshots.xctest */ = {isa = PBXFileReference; explicitFileType = wrapper.cfbundle; includeInIndex = 0; path = Screenshots.xctest; sourceTree = BUILT_PRODUCTS_DIR; };
		DB9F5A6E205EE87900F03B3B /* ScrollPageViewController.swift */ = {isa = PBXFileReference; lastKnownFileType = sourcecode.swift; path = ScrollPageViewController.swift; sourceTree = "<group>"; };
		DBA575591FADFFFA009F26A8 /* EventTableViewController.swift */ = {isa = PBXFileReference; lastKnownFileType = sourcecode.swift; path = EventTableViewController.swift; sourceTree = "<group>"; };
		DBAF96D320BC6B5600165F5E /* PrivacyViewController.swift */ = {isa = PBXFileReference; lastKnownFileType = sourcecode.swift; path = PrivacyViewController.swift; sourceTree = "<group>"; };
		DBB1BA7C20B9BD2E0077872F /* FirstEntry.storyboard */ = {isa = PBXFileReference; lastKnownFileType = file.storyboard; path = FirstEntry.storyboard; sourceTree = "<group>"; };
		DBCDA2662104FBAE00C11CB2 /* RMViewController.swift */ = {isa = PBXFileReference; lastKnownFileType = sourcecode.swift; path = RMViewController.swift; sourceTree = "<group>"; };
		DBCE4A4A2105406B00D362C4 /* SWViewController.swift */ = {isa = PBXFileReference; lastKnownFileType = sourcecode.swift; path = SWViewController.swift; sourceTree = "<group>"; };
		DBD1403E1F90FC8200945D9B /* SettingsViewController.swift */ = {isa = PBXFileReference; lastKnownFileType = sourcecode.swift; path = SettingsViewController.swift; sourceTree = "<group>"; };
		DBD140401F90FCE800945D9B /* AboutViewController.swift */ = {isa = PBXFileReference; lastKnownFileType = sourcecode.swift; path = AboutViewController.swift; sourceTree = "<group>"; };
		DBD1404F1F92860200945D9B /* RushMe-Bridging-Header.h */ = {isa = PBXFileReference; lastKnownFileType = sourcecode.c.h; path = "RushMe-Bridging-Header.h"; sourceTree = "<group>"; };
		DBD2ED061FEC67AB00407858 /* AttractiveFratCellTableViewCell.swift */ = {isa = PBXFileReference; lastKnownFileType = sourcecode.swift; path = AttractiveFratCellTableViewCell.swift; sourceTree = "<group>"; };
		DBF1A102213F3566002A9F3F /* Constants.swift */ = {isa = PBXFileReference; lastKnownFileType = sourcecode.swift; path = Constants.swift; sourceTree = "<group>"; };
		DBF60522203F99CB00101FEF /* Feed.storyboard */ = {isa = PBXFileReference; lastKnownFileType = file.storyboard; path = Feed.storyboard; sourceTree = "<group>"; };
		DBF60527203FA25700101FEF /* FeedTableViewController.swift */ = {isa = PBXFileReference; lastKnownFileType = sourcecode.swift; path = FeedTableViewController.swift; sourceTree = "<group>"; };
		DBF60529203FA65F00101FEF /* PostTableViewCell.swift */ = {isa = PBXFileReference; lastKnownFileType = sourcecode.swift; path = PostTableViewCell.swift; sourceTree = "<group>"; };
		DBF6052A203FA65F00101FEF /* PollTableViewCell.xib */ = {isa = PBXFileReference; lastKnownFileType = file.xib; path = PollTableViewCell.xib; sourceTree = "<group>"; };
		E4B1F4D4E0ACED8A6F204873 /* Pods-RushMe.release.xcconfig */ = {isa = PBXFileReference; includeInIndex = 1; lastKnownFileType = text.xcconfig; name = "Pods-RushMe.release.xcconfig"; path = "Pods/Target Support Files/Pods-RushMe/Pods-RushMe.release.xcconfig"; sourceTree = "<group>"; };
		F9CA2D544FE001362499BA32 /* Pods-RushMeTests.release.xcconfig */ = {isa = PBXFileReference; includeInIndex = 1; lastKnownFileType = text.xcconfig; name = "Pods-RushMeTests.release.xcconfig"; path = "Pods/Target Support Files/Pods-RushMeTests/Pods-RushMeTests.release.xcconfig"; sourceTree = "<group>"; };
/* End PBXFileReference section */

/* Begin PBXFrameworksBuildPhase section */
		DB05F7421F894A910090DEC3 /* Frameworks */ = {
			isa = PBXFrameworksBuildPhase;
			buildActionMask = 2147483647;
			files = (
				36181108CE80F95E76097558 /* Pods_RushMe.framework in Frameworks */,
			);
			runOnlyForDeploymentPostprocessing = 0;
		};
		DB05F7581F894A910090DEC3 /* Frameworks */ = {
			isa = PBXFrameworksBuildPhase;
			buildActionMask = 2147483647;
			files = (
				92571F2F09D34A33D0A177B1 /* Pods_RushMeTests.framework in Frameworks */,
			);
			runOnlyForDeploymentPostprocessing = 0;
		};
		DB05F7631F894A910090DEC3 /* Frameworks */ = {
			isa = PBXFrameworksBuildPhase;
			buildActionMask = 2147483647;
			files = (
				DB0A842720C084B5006048A8 /* Pods_RushMe.framework in Frameworks */,
				B7E35CC6D83950B3BD015D2B /* Pods_RushMe_RushMeUITests.framework in Frameworks */,
			);
			runOnlyForDeploymentPostprocessing = 0;
		};
		DB9E60EA20C07D5700B2C765 /* Frameworks */ = {
			isa = PBXFrameworksBuildPhase;
			buildActionMask = 2147483647;
			files = (
			);
			runOnlyForDeploymentPostprocessing = 0;
		};
/* End PBXFrameworksBuildPhase section */

/* Begin PBXGroup section */
		550BC174F7588FF9C2B7A61C /* Pods */ = {
			isa = PBXGroup;
			children = (
				721F41F070E0F29641A6CF3A /* Pods-RushMe.debug.xcconfig */,
				E4B1F4D4E0ACED8A6F204873 /* Pods-RushMe.release.xcconfig */,
				CA1545654F3424CBF44F0D6D /* Pods-RushMeTests.debug.xcconfig */,
				F9CA2D544FE001362499BA32 /* Pods-RushMeTests.release.xcconfig */,
				B97419B9AB376617C1B2B6B4 /* Pods-RushMe-RushMeUITests.debug.xcconfig */,
				B94D4ADAF90DF4AC8150A6A9 /* Pods-RushMe-RushMeUITests.release.xcconfig */,
			);
			name = Pods;
			sourceTree = "<group>";
		};
		B809A85A7E38A107FA1BA0C6 /* Frameworks */ = {
			isa = PBXGroup;
			children = (
				DB0A842620C084B5006048A8 /* Pods_RushMe.framework */,
				A6922CC6B24716BD257B2F12 /* Pods_RushMe_RushMeUITests.framework */,
				0D408C95B0DA6F3379595E5E /* Pods_RushMeTests.framework */,
			);
			name = Frameworks;
			sourceTree = "<group>";
		};
		DB05F73C1F894A910090DEC3 = {
			isa = PBXGroup;
			children = (
				DB05F7471F894A910090DEC3 /* RushMe */,
				DB05F75E1F894A910090DEC3 /* RushMeTests */,
				DB05F7691F894A910090DEC3 /* RushMeUITests */,
				DB05F7461F894A910090DEC3 /* Products */,
				550BC174F7588FF9C2B7A61C /* Pods */,
				B809A85A7E38A107FA1BA0C6 /* Frameworks */,
			);
			sourceTree = "<group>";
		};
		DB05F7461F894A910090DEC3 /* Products */ = {
			isa = PBXGroup;
			children = (
				DB05F7451F894A910090DEC3 /* RushMe.app */,
				DB05F75B1F894A910090DEC3 /* RushMeTests.xctest */,
				DB05F7661F894A910090DEC3 /* RushMeUITests.xctest */,
				DB9E60ED20C07D5700B2C765 /* Screenshots.xctest */,
			);
			name = Products;
			sourceTree = "<group>";
		};
		DB05F7471F894A910090DEC3 /* RushMe */ = {
			isa = PBXGroup;
			children = (
				DB05F7481F894A910090DEC3 /* AppDelegate.swift */,
				DB514FE921501C16006BC05A /* Frontend.swift */,
				DB7E1DDE1F93C239002C6B80 /* Backend.swift */,
				DBF1A102213F3566002A9F3F /* Constants.swift */,
				DBD140481F92842100945D9B /* Model */,
				DB346C311FB10630003E59AE /* View */,
				DB346C2B1FB103CA003E59AE /* Controller */,
				DB05F74E1F894A910090DEC3 /* Main.storyboard */,
				DB05F7531F894A910090DEC3 /* LaunchScreen.storyboard */,
				DB05F7511F894A910090DEC3 /* Assets.xcassets */,
				DB05F7561F894A910090DEC3 /* Info.plist */,
				DBD1404F1F92860200945D9B /* RushMe-Bridging-Header.h */,
				DB9F5A72205F259D00F03B3B /* Deprecated */,
			);
			path = RushMe;
			sourceTree = "<group>";
		};
		DB05F75E1F894A910090DEC3 /* RushMeTests */ = {
			isa = PBXGroup;
			children = (
				DB05F75F1F894A910090DEC3 /* RushMeTests.swift */,
				DB05F7611F894A910090DEC3 /* Info.plist */,
			);
			path = RushMeTests;
			sourceTree = "<group>";
		};
		DB05F7691F894A910090DEC3 /* RushMeUITests */ = {
			isa = PBXGroup;
			children = (
				DB0D5CFE20C07E4E006A850D /* SnapshotHelper.swift */,
				DB05F76A1F894A910090DEC3 /* RushMeUITests.swift */,
				DB05F76C1F894A910090DEC3 /* Info.plist */,
				DB0D5CFD20C07E4D006A850D /* RushMeUITests-Bridging-Header.h */,
			);
			path = RushMeUITests;
			sourceTree = "<group>";
		};
		DB346C2A1FB103B4003E59AE /* Calendar */ = {
			isa = PBXGroup;
			children = (
				DB8997F21FAC0320006A5246 /* CalendarViewController.swift */,
				DBA575591FADFFFA009F26A8 /* EventTableViewController.swift */,
			);
			path = Calendar;
			sourceTree = "<group>";
		};
		DB346C2B1FB103CA003E59AE /* Controller */ = {
			isa = PBXGroup;
			children = (
				DB51500E2150316C006BC05A /* Top Level */,
				DBD1404B1F92848700945D9B /* Fraternities */,
				DB346C2A1FB103B4003E59AE /* Calendar */,
				DB5789801FDC6C170083CB6C /* Maps */,
				DB5789821FDC6C630083CB6C /* Settings */,
				DBD140491F92845100945D9B /* Side Menu */,
				DB514FDC2150118E006BC05A /* Customized Classes */,
			);
			path = Controller;
			sourceTree = "<group>";
		};
		DB346C311FB10630003E59AE /* View */ = {
			isa = PBXGroup;
			children = (
				DBDB5BCE1FD9942A000319D4 /* Collection */,
				DBD140471F92840700945D9B /* Table */,
			);
			path = View;
			sourceTree = "<group>";
		};
		DB514FDC2150118E006BC05A /* Customized Classes */ = {
			isa = PBXGroup;
			children = (
				DB9F5A6E205EE87900F03B3B /* ScrollPageViewController.swift */,
				DB1956E21F8AFB4400E2803F /* ScrollButtonViewController.swift */,
				DB6D7DD6206322CB004A70A1 /* SplitViewController.swift */,
			);
			path = "Customized Classes";
			sourceTree = "<group>";
		};
		DB51500221502E84006BC05A /* User */ = {
			isa = PBXGroup;
			children = (
				DB514FDF21501868006BC05A /* User.swift */,
				DBAF96D220BC6B2800165F5E /* Privacy */,
			);
			path = User;
			sourceTree = "<group>";
		};
		DB51500D215030F8006BC05A /* Campus */ = {
			isa = PBXGroup;
			children = (
				DB5150032150307E006BC05A /* Campus.swift */,
				DB05F7781F894AFB0090DEC3 /* Fraternity.swift */,
				DB2338A81FD4F53300FB7118 /* RushCalendar.swift */,
				DB8CA198207D9CF20011E25A /* Locations.swift */,
			);
			path = Campus;
			sourceTree = "<group>";
		};
		DB51500E2150316C006BC05A /* Top Level */ = {
			isa = PBXGroup;
			children = (
				DBCE4A4A2105406B00D362C4 /* SWViewController.swift */,
				DB32F38F20C45FCA00257D8C /* DrawerMenuViewController.swift */,
				DBCDA2662104FBAE00C11CB2 /* RMViewController.swift */,
			);
			path = "Top Level";
			sourceTree = "<group>";
		};
		DB5789801FDC6C170083CB6C /* Maps */ = {
			isa = PBXGroup;
			children = (
				DB57897E1FDAE5FD0083CB6C /* MapViewController.swift */,
			);
			path = Maps;
			sourceTree = "<group>";
		};
		DB5789811FDC6C5C0083CB6C /* About */ = {
			isa = PBXGroup;
			children = (
				DBD140401F90FCE800945D9B /* AboutViewController.swift */,
			);
			path = About;
			sourceTree = "<group>";
		};
		DB5789821FDC6C630083CB6C /* Settings */ = {
			isa = PBXGroup;
			children = (
				DBD1403E1F90FC8200945D9B /* SettingsViewController.swift */,
			);
			path = Settings;
			sourceTree = "<group>";
		};
		DB5789851FDCAA8A0083CB6C /* Events */ = {
			isa = PBXGroup;
			children = (
				DB5789831FDCAA7F0083CB6C /* FullEventsListTableViewController.swift */,
			);
			path = Events;
			sourceTree = "<group>";
		};
		DB9F5A72205F259D00F03B3B /* Deprecated */ = {
			isa = PBXGroup;
			children = (
				DB0B7329203FAE4E00FFA951 /* RMPoll.swift */,
				DB5789811FDC6C5C0083CB6C /* About */,
				DB7940DC2088EFC900747DCF /* AsyncImageView.swift */,
				DB5789851FDCAA8A0083CB6C /* Events */,
				DBF60526203FA23900101FEF /* Feed */,
			);
			path = Deprecated;
			sourceTree = "<group>";
		};
		DBAF96D220BC6B2800165F5E /* Privacy */ = {
			isa = PBXGroup;
			children = (
				DB514FF321501DCD006BC05A /* Privacy.swift */,
				DBAF96D320BC6B5600165F5E /* PrivacyViewController.swift */,
				DBB1BA7C20B9BD2E0077872F /* FirstEntry.storyboard */,
			);
			path = Privacy;
			sourceTree = "<group>";
		};
		DBD140471F92840700945D9B /* Table */ = {
			isa = PBXGroup;
			children = (
				DBD2ED061FEC67AB00407858 /* AttractiveFratCellTableViewCell.swift */,
				DB627BF31FAE12DD00BA362B /* EventTableViewCell.swift */,
				DB8D52621FF5C438003A80C1 /* SegmentCell.swift */,
			);
			path = Table;
			sourceTree = "<group>";
		};
		DBD140481F92842100945D9B /* Model */ = {
			isa = PBXGroup;
			children = (
				DB51500221502E84006BC05A /* User */,
				DB51500D215030F8006BC05A /* Campus */,
				DB514FF8215026C2006BC05A /* Format.swift */,
				DB5150082150308E006BC05A /* Images.swift */,
				DB79BB1420730F9F00411AB1 /* Observable.swift */,
			);
			path = Model;
			sourceTree = "<group>";
		};
		DBD140491F92845100945D9B /* Side Menu */ = {
			isa = PBXGroup;
			children = (
				DBD1404A1F92846E00945D9B /* SlideoutMenu (SWRevealVC) */,
			);
			path = "Side Menu";
			sourceTree = "<group>";
		};
		DBD1404A1F92846E00945D9B /* SlideoutMenu (SWRevealVC) */ = {
			isa = PBXGroup;
			children = (
				DB1956DF1F8AF2A500E2803F /* SWRevealViewController.h */,
				DB1956E01F8AF2A500E2803F /* SWRevealViewController.m */,
			);
			path = "SlideoutMenu (SWRevealVC)";
			sourceTree = "<group>";
		};
		DBD1404B1F92848700945D9B /* Fraternities */ = {
			isa = PBXGroup;
			children = (
				DB05F74A1F894A910090DEC3 /* MasterViewController.swift */,
				DB05F74C1F894A910090DEC3 /* DetailViewController.swift */,
				DB394E971FD10AFE004BF952 /* ImageViewController.swift */,
				DB9AC9FF2064428600BD4DCF /* ImagePageViewController.swift */,
			);
			path = Fraternities;
			sourceTree = "<group>";
		};
		DBDB5BCE1FD9942A000319D4 /* Collection */ = {
			isa = PBXGroup;
			children = (
				DB8997EE1FAC005E006A5246 /* CalendarCollectionViewCell.swift */,
				DB47437D2010002D00B17D1C /* CalendarLabelCollectionViewCell.swift */,
			);
			path = Collection;
			sourceTree = "<group>";
		};
		DBF60526203FA23900101FEF /* Feed */ = {
			isa = PBXGroup;
			children = (
				DBF60522203F99CB00101FEF /* Feed.storyboard */,
				DBF60527203FA25700101FEF /* FeedTableViewController.swift */,
				DBF60529203FA65F00101FEF /* PostTableViewCell.swift */,
				DBF6052A203FA65F00101FEF /* PollTableViewCell.xib */,
			);
			path = Feed;
			sourceTree = "<group>";
		};
/* End PBXGroup section */

/* Begin PBXNativeTarget section */
		DB05F7441F894A910090DEC3 /* RushMe */ = {
			isa = PBXNativeTarget;
			buildConfigurationList = DB05F76F1F894A910090DEC3 /* Build configuration list for PBXNativeTarget "RushMe" */;
			buildPhases = (
				ED53647CD5E32AA240329478 /* [CP] Check Pods Manifest.lock */,
				DB05F7411F894A910090DEC3 /* Sources */,
				DB05F7421F894A910090DEC3 /* Frameworks */,
				DB05F7431F894A910090DEC3 /* Resources */,
				DB61D21A1F92B6CE009872DC /* Embed Frameworks */,
				3DCFBEC0E8DA7B976094F45D /* [CP] Embed Pods Frameworks */,
			);
			buildRules = (
			);
			dependencies = (
			);
			name = RushMe;
			productName = RushMe;
			productReference = DB05F7451F894A910090DEC3 /* RushMe.app */;
			productType = "com.apple.product-type.application";
		};
		DB05F75A1F894A910090DEC3 /* RushMeTests */ = {
			isa = PBXNativeTarget;
			buildConfigurationList = DB05F7721F894A910090DEC3 /* Build configuration list for PBXNativeTarget "RushMeTests" */;
			buildPhases = (
				7FC15B42A0F38B0126C3C54D /* [CP] Check Pods Manifest.lock */,
				DB05F7571F894A910090DEC3 /* Sources */,
				DB05F7581F894A910090DEC3 /* Frameworks */,
				DB05F7591F894A910090DEC3 /* Resources */,
			);
			buildRules = (
			);
			dependencies = (
				DB05F75D1F894A910090DEC3 /* PBXTargetDependency */,
			);
			name = RushMeTests;
			productName = RushMeTests;
			productReference = DB05F75B1F894A910090DEC3 /* RushMeTests.xctest */;
			productType = "com.apple.product-type.bundle.unit-test";
		};
		DB05F7651F894A910090DEC3 /* RushMeUITests */ = {
			isa = PBXNativeTarget;
			buildConfigurationList = DB05F7751F894A910090DEC3 /* Build configuration list for PBXNativeTarget "RushMeUITests" */;
			buildPhases = (
				DCFACC079306A5EDC64A0425 /* [CP] Check Pods Manifest.lock */,
				DB05F7621F894A910090DEC3 /* Sources */,
				DB05F7631F894A910090DEC3 /* Frameworks */,
				DB05F7641F894A910090DEC3 /* Resources */,
				650E13B5102963C6C62D2D07 /* [CP] Embed Pods Frameworks */,
			);
			buildRules = (
			);
			dependencies = (
				DB05F7681F894A910090DEC3 /* PBXTargetDependency */,
			);
			name = RushMeUITests;
			productName = RushMeUITests;
			productReference = DB05F7661F894A910090DEC3 /* RushMeUITests.xctest */;
			productType = "com.apple.product-type.bundle.ui-testing";
		};
		DB9E60EC20C07D5700B2C765 /* Screenshots */ = {
			isa = PBXNativeTarget;
			buildConfigurationList = DB9E60F620C07D5700B2C765 /* Build configuration list for PBXNativeTarget "Screenshots" */;
			buildPhases = (
				DB9E60E920C07D5700B2C765 /* Sources */,
				DB9E60EA20C07D5700B2C765 /* Frameworks */,
				DB9E60EB20C07D5700B2C765 /* Resources */,
			);
			buildRules = (
			);
			dependencies = (
				DB9E60F320C07D5700B2C765 /* PBXTargetDependency */,
			);
			name = Screenshots;
			productName = Screenshots;
			productReference = DB9E60ED20C07D5700B2C765 /* Screenshots.xctest */;
			productType = "com.apple.product-type.bundle.ui-testing";
		};
/* End PBXNativeTarget section */

/* Begin PBXProject section */
		DB05F73D1F894A910090DEC3 /* Project object */ = {
			isa = PBXProject;
			attributes = {
				LastSwiftUpdateCheck = 0940;
				LastUpgradeCheck = 0930;
				ORGANIZATIONNAME = "4 1/2 Frat Boys";
				TargetAttributes = {
					DB05F7441F894A910090DEC3 = {
						CreatedOnToolsVersion = 8.3.3;
						DevelopmentTeam = 7KE765B32L;
						LastSwiftMigration = 0900;
						ProvisioningStyle = Automatic;
						SystemCapabilities = {
							com.apple.Push = {
								enabled = 0;
							};
						};
					};
					DB05F75A1F894A910090DEC3 = {
						CreatedOnToolsVersion = 8.3.3;
						LastSwiftMigration = 0940;
						ProvisioningStyle = Automatic;
					};
					DB05F7651F894A910090DEC3 = {
						CreatedOnToolsVersion = 8.3.3;
						LastSwiftMigration = 0940;
						ProvisioningStyle = Automatic;
						TestTargetID = DB05F7441F894A910090DEC3;
					};
					DB9E60EC20C07D5700B2C765 = {
						CreatedOnToolsVersion = 9.4;
						DevelopmentTeam = 7KE765B32L;
						LastSwiftMigration = 0940;
						ProvisioningStyle = Automatic;
						TestTargetID = DB05F7441F894A910090DEC3;
					};
				};
			};
			buildConfigurationList = DB05F7401F894A910090DEC3 /* Build configuration list for PBXProject "RushMe" */;
			compatibilityVersion = "Xcode 3.2";
			developmentRegion = English;
			hasScannedForEncodings = 0;
			knownRegions = (
				en,
				Base,
			);
			mainGroup = DB05F73C1F894A910090DEC3;
			productRefGroup = DB05F7461F894A910090DEC3 /* Products */;
			projectDirPath = "";
			projectRoot = "";
			targets = (
				DB05F7441F894A910090DEC3 /* RushMe */,
				DB05F75A1F894A910090DEC3 /* RushMeTests */,
				DB05F7651F894A910090DEC3 /* RushMeUITests */,
				DB9E60EC20C07D5700B2C765 /* Screenshots */,
			);
		};
/* End PBXProject section */

/* Begin PBXResourcesBuildPhase section */
		DB05F7431F894A910090DEC3 /* Resources */ = {
			isa = PBXResourcesBuildPhase;
			buildActionMask = 2147483647;
			files = (
				DBB1BA7D20B9BD2E0077872F /* FirstEntry.storyboard in Resources */,
				DB05F7551F894A910090DEC3 /* LaunchScreen.storyboard in Resources */,
				DB457D671FCB649F00410149 /* Info.plist in Resources */,
				DB05F7521F894A910090DEC3 /* Assets.xcassets in Resources */,
				DB05F7501F894A910090DEC3 /* Main.storyboard in Resources */,
			);
			runOnlyForDeploymentPostprocessing = 0;
		};
		DB05F7591F894A910090DEC3 /* Resources */ = {
			isa = PBXResourcesBuildPhase;
			buildActionMask = 2147483647;
			files = (
				DB457D9A1FCB6B1900410149 /* Main.storyboard in Resources */,
			);
			runOnlyForDeploymentPostprocessing = 0;
		};
		DB05F7641F894A910090DEC3 /* Resources */ = {
			isa = PBXResourcesBuildPhase;
			buildActionMask = 2147483647;
			files = (
				DB457D9B1FCB6B1C00410149 /* Main.storyboard in Resources */,
				DBD4F81C20C08101007EFA18 /* FirstEntry.storyboard in Resources */,
			);
			runOnlyForDeploymentPostprocessing = 0;
		};
		DB9E60EB20C07D5700B2C765 /* Resources */ = {
			isa = PBXResourcesBuildPhase;
			buildActionMask = 2147483647;
			files = (
			);
			runOnlyForDeploymentPostprocessing = 0;
		};
/* End PBXResourcesBuildPhase section */

/* Begin PBXShellScriptBuildPhase section */
		3DCFBEC0E8DA7B976094F45D /* [CP] Embed Pods Frameworks */ = {
			isa = PBXShellScriptBuildPhase;
			buildActionMask = 2147483647;
			files = (
			);
			inputPaths = (
				"${SRCROOT}/Pods/Target Support Files/Pods-RushMe/Pods-RushMe-frameworks.sh",
				"${BUILT_PRODUCTS_DIR}/DeviceKit/DeviceKit.framework",
				"${BUILT_PRODUCTS_DIR}/iCalKit/iCalKit.framework",
			);
			name = "[CP] Embed Pods Frameworks";
			outputPaths = (
				"${TARGET_BUILD_DIR}/${FRAMEWORKS_FOLDER_PATH}/DeviceKit.framework",
				"${TARGET_BUILD_DIR}/${FRAMEWORKS_FOLDER_PATH}/iCalKit.framework",
			);
			runOnlyForDeploymentPostprocessing = 0;
			shellPath = /bin/sh;
			shellScript = "\"${SRCROOT}/Pods/Target Support Files/Pods-RushMe/Pods-RushMe-frameworks.sh\"\n";
			showEnvVarsInLog = 0;
		};
		650E13B5102963C6C62D2D07 /* [CP] Embed Pods Frameworks */ = {
			isa = PBXShellScriptBuildPhase;
			buildActionMask = 2147483647;
			files = (
			);
			inputPaths = (
				"${SRCROOT}/Pods/Target Support Files/Pods-RushMe-RushMeUITests/Pods-RushMe-RushMeUITests-frameworks.sh",
				"${BUILT_PRODUCTS_DIR}/DeviceKit/DeviceKit.framework",
				"${BUILT_PRODUCTS_DIR}/iCalKit/iCalKit.framework",
			);
			name = "[CP] Embed Pods Frameworks";
			outputPaths = (
				"${TARGET_BUILD_DIR}/${FRAMEWORKS_FOLDER_PATH}/DeviceKit.framework",
				"${TARGET_BUILD_DIR}/${FRAMEWORKS_FOLDER_PATH}/iCalKit.framework",
			);
			runOnlyForDeploymentPostprocessing = 0;
			shellPath = /bin/sh;
			shellScript = "\"${SRCROOT}/Pods/Target Support Files/Pods-RushMe-RushMeUITests/Pods-RushMe-RushMeUITests-frameworks.sh\"\n";
			showEnvVarsInLog = 0;
		};
		7FC15B42A0F38B0126C3C54D /* [CP] Check Pods Manifest.lock */ = {
			isa = PBXShellScriptBuildPhase;
			buildActionMask = 2147483647;
			files = (
			);
			inputPaths = (
				"${PODS_PODFILE_DIR_PATH}/Podfile.lock",
				"${PODS_ROOT}/Manifest.lock",
			);
			name = "[CP] Check Pods Manifest.lock";
			outputPaths = (
				"$(DERIVED_FILE_DIR)/Pods-RushMeTests-checkManifestLockResult.txt",
			);
			runOnlyForDeploymentPostprocessing = 0;
			shellPath = /bin/sh;
			shellScript = "diff \"${PODS_PODFILE_DIR_PATH}/Podfile.lock\" \"${PODS_ROOT}/Manifest.lock\" > /dev/null\nif [ $? != 0 ] ; then\n    # print error to STDERR\n    echo \"error: The sandbox is not in sync with the Podfile.lock. Run 'pod install' or update your CocoaPods installation.\" >&2\n    exit 1\nfi\n# This output is used by Xcode 'outputs' to avoid re-running this script phase.\necho \"SUCCESS\" > \"${SCRIPT_OUTPUT_FILE_0}\"\n";
			showEnvVarsInLog = 0;
		};
		DCFACC079306A5EDC64A0425 /* [CP] Check Pods Manifest.lock */ = {
			isa = PBXShellScriptBuildPhase;
			buildActionMask = 2147483647;
			files = (
			);
			inputPaths = (
				"${PODS_PODFILE_DIR_PATH}/Podfile.lock",
				"${PODS_ROOT}/Manifest.lock",
			);
			name = "[CP] Check Pods Manifest.lock";
			outputPaths = (
				"$(DERIVED_FILE_DIR)/Pods-RushMe-RushMeUITests-checkManifestLockResult.txt",
			);
			runOnlyForDeploymentPostprocessing = 0;
			shellPath = /bin/sh;
			shellScript = "diff \"${PODS_PODFILE_DIR_PATH}/Podfile.lock\" \"${PODS_ROOT}/Manifest.lock\" > /dev/null\nif [ $? != 0 ] ; then\n    # print error to STDERR\n    echo \"error: The sandbox is not in sync with the Podfile.lock. Run 'pod install' or update your CocoaPods installation.\" >&2\n    exit 1\nfi\n# This output is used by Xcode 'outputs' to avoid re-running this script phase.\necho \"SUCCESS\" > \"${SCRIPT_OUTPUT_FILE_0}\"\n";
			showEnvVarsInLog = 0;
		};
		ED53647CD5E32AA240329478 /* [CP] Check Pods Manifest.lock */ = {
			isa = PBXShellScriptBuildPhase;
			buildActionMask = 2147483647;
			files = (
			);
			inputPaths = (
				"${PODS_PODFILE_DIR_PATH}/Podfile.lock",
				"${PODS_ROOT}/Manifest.lock",
			);
			name = "[CP] Check Pods Manifest.lock";
			outputPaths = (
				"$(DERIVED_FILE_DIR)/Pods-RushMe-checkManifestLockResult.txt",
			);
			runOnlyForDeploymentPostprocessing = 0;
			shellPath = /bin/sh;
			shellScript = "diff \"${PODS_PODFILE_DIR_PATH}/Podfile.lock\" \"${PODS_ROOT}/Manifest.lock\" > /dev/null\nif [ $? != 0 ] ; then\n    # print error to STDERR\n    echo \"error: The sandbox is not in sync with the Podfile.lock. Run 'pod install' or update your CocoaPods installation.\" >&2\n    exit 1\nfi\n# This output is used by Xcode 'outputs' to avoid re-running this script phase.\necho \"SUCCESS\" > \"${SCRIPT_OUTPUT_FILE_0}\"\n";
			showEnvVarsInLog = 0;
		};
/* End PBXShellScriptBuildPhase section */

/* Begin PBXSourcesBuildPhase section */
		DB05F7411F894A910090DEC3 /* Sources */ = {
			isa = PBXSourcesBuildPhase;
			buildActionMask = 2147483647;
			files = (
				DB627BF41FAE12DD00BA362B /* EventTableViewCell.swift in Sources */,
				DBF1A103213F3566002A9F3F /* Constants.swift in Sources */,
				DB47437E2010002D00B17D1C /* CalendarLabelCollectionViewCell.swift in Sources */,
				DBA5755A1FADFFFA009F26A8 /* EventTableViewController.swift in Sources */,
				DBCE4A4B2105406B00D362C4 /* SWViewController.swift in Sources */,
				DB9ACA002064428600BD4DCF /* ImagePageViewController.swift in Sources */,
				DB1956E11F8AF2A500E2803F /* SWRevealViewController.m in Sources */,
				DB514FF421501DCD006BC05A /* Privacy.swift in Sources */,
				DB57897F1FDAE5FD0083CB6C /* MapViewController.swift in Sources */,
				DB9F5A6F205EE87900F03B3B /* ScrollPageViewController.swift in Sources */,
				DB514FEA21501C16006BC05A /* Frontend.swift in Sources */,
				DB05F74D1F894A910090DEC3 /* DetailViewController.swift in Sources */,
				DB8997F31FAC0320006A5246 /* CalendarViewController.swift in Sources */,
				DB5150092150308E006BC05A /* Images.swift in Sources */,
				DB1956E31F8AFB4400E2803F /* ScrollButtonViewController.swift in Sources */,
				DB05F74B1F894A910090DEC3 /* MasterViewController.swift in Sources */,
				DBCDA2672104FBAE00C11CB2 /* RMViewController.swift in Sources */,
				DB6D7DD7206322CB004A70A1 /* SplitViewController.swift in Sources */,
				DBD2ED071FEC67AB00407858 /* AttractiveFratCellTableViewCell.swift in Sources */,
				DB05F7491F894A910090DEC3 /* AppDelegate.swift in Sources */,
				DB05F7791F894AFB0090DEC3 /* Fraternity.swift in Sources */,
				DB8CA199207D9CF20011E25A /* Locations.swift in Sources */,
				DB32F39120C45FCA00257D8C /* DrawerMenuViewController.swift in Sources */,
				DBAF96D420BC6B5600165F5E /* PrivacyViewController.swift in Sources */,
				DB8997EF1FAC005E006A5246 /* CalendarCollectionViewCell.swift in Sources */,
				DB7E1DDF1F93C239002C6B80 /* Backend.swift in Sources */,
				DB514FE021501868006BC05A /* User.swift in Sources */,
				DB8D52631FF5C438003A80C1 /* SegmentCell.swift in Sources */,
				DB0B732A203FAE4E00FFA951 /* RMPoll.swift in Sources */,
				DB2338A91FD4F53300FB7118 /* RushCalendar.swift in Sources */,
				DB514FF9215026C2006BC05A /* Format.swift in Sources */,
				DBD140411F90FCE800945D9B /* AboutViewController.swift in Sources */,
				DB79BB1520730F9F00411AB1 /* Observable.swift in Sources */,
				DB394E981FD10AFE004BF952 /* ImageViewController.swift in Sources */,
				DB5150042150307E006BC05A /* Campus.swift in Sources */,
				DBD1403F1F90FC8200945D9B /* SettingsViewController.swift in Sources */,
			);
			runOnlyForDeploymentPostprocessing = 0;
		};
		DB05F7571F894A910090DEC3 /* Sources */ = {
			isa = PBXSourcesBuildPhase;
			buildActionMask = 2147483647;
			files = (
				DB51500A2150308E006BC05A /* Images.swift in Sources */,
				DBF1A104213F3566002A9F3F /* Constants.swift in Sources */,
				DB514FFA215026C2006BC05A /* Format.swift in Sources */,
				DB5150052150307E006BC05A /* Campus.swift in Sources */,
				DB514FE121501868006BC05A /* User.swift in Sources */,
				DB514FEB21501C16006BC05A /* Frontend.swift in Sources */,
			);
			runOnlyForDeploymentPostprocessing = 0;
		};
		DB05F7621F894A910090DEC3 /* Sources */ = {
			isa = PBXSourcesBuildPhase;
			buildActionMask = 2147483647;
			files = (
				DBCDA268210502C700C11CB2 /* RMViewController.swift in Sources */,
				DBD4F81E20C08101007EFA18 /* RushMe-Bridging-Header.h in Sources */,
				DBD4F7F720C08101007EFA18 /* AppDelegate.swift in Sources */,
				DB5150062150307E006BC05A /* Campus.swift in Sources */,
				DBD4F7FA20C08101007EFA18 /* RushCalendar.swift in Sources */,
				DBD4F7FB20C08101007EFA18 /* RMPoll.swift in Sources */,
				DBD4F7FC20C08101007EFA18 /* Locations.swift in Sources */,
				DBD4F7FE20C08101007EFA18 /* Observable.swift in Sources */,
				DBD4F7FF20C08101007EFA18 /* Backend.swift in Sources */,
				DBF1A105213F3566002A9F3F /* Constants.swift in Sources */,
				DBD4F80020C08101007EFA18 /* Fraternity.swift in Sources */,
				DBD4F80220C08101007EFA18 /* CalendarCollectionViewCell.swift in Sources */,
				DBD4F80320C08101007EFA18 /* CalendarLabelCollectionViewCell.swift in Sources */,
				DBD4F80420C08101007EFA18 /* AttractiveFratCellTableViewCell.swift in Sources */,
				DB514FFB215026C2006BC05A /* Format.swift in Sources */,
				DBD4F80520C08101007EFA18 /* EventTableViewCell.swift in Sources */,
				DBD4F80620C08101007EFA18 /* SegmentCell.swift in Sources */,
				DBD4F80720C08101007EFA18 /* SWRevealViewController.h in Sources */,
				DB514FF621501DCD006BC05A /* Privacy.swift in Sources */,
				DBD4F80820C08101007EFA18 /* SWRevealViewController.m in Sources */,
				DB514FE221501868006BC05A /* User.swift in Sources */,
				DBD4F80920C08101007EFA18 /* ScrollButtonViewController.swift in Sources */,
				DBD4F80A20C08101007EFA18 /* ScrollPageViewController.swift in Sources */,
				DBD4F80B20C08101007EFA18 /* SplitViewController.swift in Sources */,
				DB514FEC21501C16006BC05A /* Frontend.swift in Sources */,
				DBD4F80D20C08101007EFA18 /* AboutViewController.swift in Sources */,
				DBD4F80E20C08101007EFA18 /* MasterViewController.swift in Sources */,
				DBD4F80F20C08101007EFA18 /* DetailViewController.swift in Sources */,
				DB51500B2150308E006BC05A /* Images.swift in Sources */,
				DB32F39020C45FCA00257D8C /* DrawerMenuViewController.swift in Sources */,
				DBD4F81020C08101007EFA18 /* ImageViewController.swift in Sources */,
				DBD4F81120C08101007EFA18 /* ImagePageViewController.swift in Sources */,
				DBD4F81220C08101007EFA18 /* CalendarViewController.swift in Sources */,
				DBD4F81320C08101007EFA18 /* EventTableViewController.swift in Sources */,
				DBD4F81420C08101007EFA18 /* MapViewController.swift in Sources */,
				DBD4F81520C08101007EFA18 /* SettingsViewController.swift in Sources */,
				DBD4F81720C08101007EFA18 /* FullEventsListTableViewController.swift in Sources */,
				DBD4F81D20C08101007EFA18 /* PrivacyViewController.swift in Sources */,
				DBD4F82020C08101007EFA18 /* Assets.xcassets in Sources */,
				DBD4F82120C08101007EFA18 /* Info.plist in Sources */,
				DB0D5CFF20C07E4E006A850D /* SnapshotHelper.swift in Sources */,
				DB0D5D0020C07EA6006A850D /* RushMeUITests.swift in Sources */,
				DBCE4A4C210540E800D362C4 /* SWViewController.swift in Sources */,
			);
			runOnlyForDeploymentPostprocessing = 0;
		};
		DB9E60E920C07D5700B2C765 /* Sources */ = {
			isa = PBXSourcesBuildPhase;
			buildActionMask = 2147483647;
			files = (
				DB51500C2150308E006BC05A /* Images.swift in Sources */,
				DBF1A106213F3566002A9F3F /* Constants.swift in Sources */,
				DB514FFC215026C2006BC05A /* Format.swift in Sources */,
				DB5150072150307E006BC05A /* Campus.swift in Sources */,
				DB514FE321501868006BC05A /* User.swift in Sources */,
				DB514FED21501C16006BC05A /* Frontend.swift in Sources */,
			);
			runOnlyForDeploymentPostprocessing = 0;
		};
/* End PBXSourcesBuildPhase section */

/* Begin PBXTargetDependency section */
		DB05F75D1F894A910090DEC3 /* PBXTargetDependency */ = {
			isa = PBXTargetDependency;
			target = DB05F7441F894A910090DEC3 /* RushMe */;
			targetProxy = DB05F75C1F894A910090DEC3 /* PBXContainerItemProxy */;
		};
		DB05F7681F894A910090DEC3 /* PBXTargetDependency */ = {
			isa = PBXTargetDependency;
			target = DB05F7441F894A910090DEC3 /* RushMe */;
			targetProxy = DB05F7671F894A910090DEC3 /* PBXContainerItemProxy */;
		};
		DB9E60F320C07D5700B2C765 /* PBXTargetDependency */ = {
			isa = PBXTargetDependency;
			target = DB05F7441F894A910090DEC3 /* RushMe */;
			targetProxy = DB9E60F220C07D5700B2C765 /* PBXContainerItemProxy */;
		};
/* End PBXTargetDependency section */

/* Begin PBXVariantGroup section */
		DB05F74E1F894A910090DEC3 /* Main.storyboard */ = {
			isa = PBXVariantGroup;
			children = (
				DB05F74F1F894A910090DEC3 /* Base */,
			);
			name = Main.storyboard;
			sourceTree = "<group>";
		};
		DB05F7531F894A910090DEC3 /* LaunchScreen.storyboard */ = {
			isa = PBXVariantGroup;
			children = (
				DB05F7541F894A910090DEC3 /* Base */,
			);
			name = LaunchScreen.storyboard;
			sourceTree = "<group>";
		};
/* End PBXVariantGroup section */

/* Begin XCBuildConfiguration section */
		DB05F76D1F894A910090DEC3 /* Debug */ = {
			isa = XCBuildConfiguration;
			buildSettings = {
				ALWAYS_SEARCH_USER_PATHS = NO;
				CLANG_ANALYZER_NONNULL = YES;
				CLANG_ANALYZER_NUMBER_OBJECT_CONVERSION = YES_AGGRESSIVE;
				CLANG_CXX_LANGUAGE_STANDARD = "gnu++0x";
				CLANG_CXX_LIBRARY = "libc++";
				CLANG_ENABLE_MODULES = YES;
				CLANG_ENABLE_OBJC_ARC = YES;
				CLANG_WARN_BLOCK_CAPTURE_AUTORELEASING = YES;
				CLANG_WARN_BOOL_CONVERSION = YES;
				CLANG_WARN_COMMA = YES;
				CLANG_WARN_CONSTANT_CONVERSION = YES;
				CLANG_WARN_DEPRECATED_OBJC_IMPLEMENTATIONS = YES;
				CLANG_WARN_DIRECT_OBJC_ISA_USAGE = YES_ERROR;
				CLANG_WARN_DOCUMENTATION_COMMENTS = YES;
				CLANG_WARN_EMPTY_BODY = YES;
				CLANG_WARN_ENUM_CONVERSION = YES;
				CLANG_WARN_INFINITE_RECURSION = YES;
				CLANG_WARN_INT_CONVERSION = YES;
				CLANG_WARN_NON_LITERAL_NULL_CONVERSION = YES;
				CLANG_WARN_OBJC_IMPLICIT_RETAIN_SELF = YES;
				CLANG_WARN_OBJC_LITERAL_CONVERSION = YES;
				CLANG_WARN_OBJC_ROOT_CLASS = YES_ERROR;
				CLANG_WARN_RANGE_LOOP_ANALYSIS = YES;
				CLANG_WARN_STRICT_PROTOTYPES = YES;
				CLANG_WARN_SUSPICIOUS_MOVE = YES;
				CLANG_WARN_UNREACHABLE_CODE = YES;
				CLANG_WARN__DUPLICATE_METHOD_MATCH = YES;
				"CODE_SIGN_IDENTITY[sdk=iphoneos*]" = "iPhone Developer";
				COPY_PHASE_STRIP = NO;
				DEBUG_INFORMATION_FORMAT = dwarf;
				ENABLE_STRICT_OBJC_MSGSEND = YES;
				ENABLE_TESTABILITY = YES;
				GCC_C_LANGUAGE_STANDARD = gnu99;
				GCC_DYNAMIC_NO_PIC = NO;
				GCC_NO_COMMON_BLOCKS = YES;
				GCC_OPTIMIZATION_LEVEL = 0;
				GCC_PREPROCESSOR_DEFINITIONS = (
					"DEBUG=1",
					"$(inherited)",
				);
				GCC_WARN_64_TO_32_BIT_CONVERSION = YES;
				GCC_WARN_ABOUT_RETURN_TYPE = YES_ERROR;
				GCC_WARN_UNDECLARED_SELECTOR = YES;
				GCC_WARN_UNINITIALIZED_AUTOS = YES_AGGRESSIVE;
				GCC_WARN_UNUSED_FUNCTION = YES;
				GCC_WARN_UNUSED_VARIABLE = YES;
				IPHONEOS_DEPLOYMENT_TARGET = 10.3;
				MTL_ENABLE_DEBUG_INFO = YES;
				ONLY_ACTIVE_ARCH = YES;
				SDKROOT = iphoneos;
				SWIFT_ACTIVE_COMPILATION_CONDITIONS = DEBUG;
				SWIFT_OPTIMIZATION_LEVEL = "-Onone";
				TARGETED_DEVICE_FAMILY = "1,2";
			};
			name = Debug;
		};
		DB05F76E1F894A910090DEC3 /* Release */ = {
			isa = XCBuildConfiguration;
			buildSettings = {
				ALWAYS_SEARCH_USER_PATHS = NO;
				CLANG_ANALYZER_NONNULL = YES;
				CLANG_ANALYZER_NUMBER_OBJECT_CONVERSION = YES_AGGRESSIVE;
				CLANG_CXX_LANGUAGE_STANDARD = "gnu++0x";
				CLANG_CXX_LIBRARY = "libc++";
				CLANG_ENABLE_MODULES = YES;
				CLANG_ENABLE_OBJC_ARC = YES;
				CLANG_WARN_BLOCK_CAPTURE_AUTORELEASING = YES;
				CLANG_WARN_BOOL_CONVERSION = YES;
				CLANG_WARN_COMMA = YES;
				CLANG_WARN_CONSTANT_CONVERSION = YES;
				CLANG_WARN_DEPRECATED_OBJC_IMPLEMENTATIONS = YES;
				CLANG_WARN_DIRECT_OBJC_ISA_USAGE = YES_ERROR;
				CLANG_WARN_DOCUMENTATION_COMMENTS = YES;
				CLANG_WARN_EMPTY_BODY = YES;
				CLANG_WARN_ENUM_CONVERSION = YES;
				CLANG_WARN_INFINITE_RECURSION = YES;
				CLANG_WARN_INT_CONVERSION = YES;
				CLANG_WARN_NON_LITERAL_NULL_CONVERSION = YES;
				CLANG_WARN_OBJC_IMPLICIT_RETAIN_SELF = YES;
				CLANG_WARN_OBJC_LITERAL_CONVERSION = YES;
				CLANG_WARN_OBJC_ROOT_CLASS = YES_ERROR;
				CLANG_WARN_RANGE_LOOP_ANALYSIS = YES;
				CLANG_WARN_STRICT_PROTOTYPES = YES;
				CLANG_WARN_SUSPICIOUS_MOVE = YES;
				CLANG_WARN_UNREACHABLE_CODE = YES;
				CLANG_WARN__DUPLICATE_METHOD_MATCH = YES;
				"CODE_SIGN_IDENTITY[sdk=iphoneos*]" = "iPhone Developer";
				COPY_PHASE_STRIP = NO;
				DEBUG_INFORMATION_FORMAT = "dwarf-with-dsym";
				ENABLE_NS_ASSERTIONS = NO;
				ENABLE_STRICT_OBJC_MSGSEND = YES;
				GCC_C_LANGUAGE_STANDARD = gnu99;
				GCC_NO_COMMON_BLOCKS = YES;
				GCC_WARN_64_TO_32_BIT_CONVERSION = YES;
				GCC_WARN_ABOUT_RETURN_TYPE = YES_ERROR;
				GCC_WARN_UNDECLARED_SELECTOR = YES;
				GCC_WARN_UNINITIALIZED_AUTOS = YES_AGGRESSIVE;
				GCC_WARN_UNUSED_FUNCTION = YES;
				GCC_WARN_UNUSED_VARIABLE = YES;
				IPHONEOS_DEPLOYMENT_TARGET = 10.3;
				MTL_ENABLE_DEBUG_INFO = NO;
				SDKROOT = iphoneos;
				SWIFT_OPTIMIZATION_LEVEL = "-Owholemodule";
				TARGETED_DEVICE_FAMILY = "1,2";
				VALIDATE_PRODUCT = YES;
			};
			name = Release;
		};
		DB05F7701F894A910090DEC3 /* Debug */ = {
			isa = XCBuildConfiguration;
			baseConfigurationReference = 721F41F070E0F29641A6CF3A /* Pods-RushMe.debug.xcconfig */;
			buildSettings = {
				ALWAYS_EMBED_SWIFT_STANDARD_LIBRARIES = YES;
				ASSETCATALOG_COMPILER_APPICON_NAME = AppIcon;
				ASSETCATALOG_COMPILER_LAUNCHIMAGE_NAME = LaunchImage;
				CLANG_ENABLE_MODULES = YES;
				CODE_SIGN_IDENTITY = "iPhone Developer";
				CURRENT_PROJECT_VERSION = 29;
				DEVELOPMENT_TEAM = 7KE765B32L;
				INFOPLIST_FILE = RushMe/Info.plist;
				LD_RUNPATH_SEARCH_PATHS = "$(inherited) @executable_path/Frameworks";
				PRODUCT_BUNDLE_IDENTIFIER = FratBoys.RushMe;
				PRODUCT_NAME = "$(TARGET_NAME)";
				SWIFT_OBJC_BRIDGING_HEADER = "RushMe/RushMe-Bridging-Header.h";
				SWIFT_OPTIMIZATION_LEVEL = "-Onone";
				SWIFT_SWIFT3_OBJC_INFERENCE = On;
				SWIFT_VERSION = 4.0;
				TARGETED_DEVICE_FAMILY = 1;
				VERSIONING_SYSTEM = "apple-generic";
			};
			name = Debug;
		};
		DB05F7711F894A910090DEC3 /* Release */ = {
			isa = XCBuildConfiguration;
			baseConfigurationReference = E4B1F4D4E0ACED8A6F204873 /* Pods-RushMe.release.xcconfig */;
			buildSettings = {
				ALWAYS_EMBED_SWIFT_STANDARD_LIBRARIES = YES;
				ASSETCATALOG_COMPILER_APPICON_NAME = AppIcon;
				ASSETCATALOG_COMPILER_LAUNCHIMAGE_NAME = LaunchImage;
				CLANG_ENABLE_MODULES = YES;
				CODE_SIGN_IDENTITY = "iPhone Developer";
				CURRENT_PROJECT_VERSION = 29;
				DEVELOPMENT_TEAM = 7KE765B32L;
				INFOPLIST_FILE = RushMe/Info.plist;
				LD_RUNPATH_SEARCH_PATHS = "$(inherited) @executable_path/Frameworks";
				PRODUCT_BUNDLE_IDENTIFIER = FratBoys.RushMe;
				PRODUCT_NAME = "$(TARGET_NAME)";
				SWIFT_OBJC_BRIDGING_HEADER = "RushMe/RushMe-Bridging-Header.h";
				SWIFT_SWIFT3_OBJC_INFERENCE = On;
				SWIFT_VERSION = 4.0;
				TARGETED_DEVICE_FAMILY = 1;
				VERSIONING_SYSTEM = "apple-generic";
			};
			name = Release;
		};
		DB05F7731F894A910090DEC3 /* Debug */ = {
			isa = XCBuildConfiguration;
			baseConfigurationReference = CA1545654F3424CBF44F0D6D /* Pods-RushMeTests.debug.xcconfig */;
			buildSettings = {
				ALWAYS_EMBED_SWIFT_STANDARD_LIBRARIES = YES;
				CLANG_ENABLE_MODULES = YES;
				INFOPLIST_FILE = RushMeTests/Info.plist;
				LD_RUNPATH_SEARCH_PATHS = "$(inherited) @executable_path/Frameworks @loader_path/Frameworks";
				PRODUCT_BUNDLE_IDENTIFIER = FratBoys.RushMeTests;
				PRODUCT_NAME = "$(TARGET_NAME)";
				SWIFT_OPTIMIZATION_LEVEL = "-Onone";
				SWIFT_SWIFT3_OBJC_INFERENCE = On;
				SWIFT_VERSION = 4.0;
			};
			name = Debug;
		};
		DB05F7741F894A910090DEC3 /* Release */ = {
			isa = XCBuildConfiguration;
			baseConfigurationReference = F9CA2D544FE001362499BA32 /* Pods-RushMeTests.release.xcconfig */;
			buildSettings = {
				ALWAYS_EMBED_SWIFT_STANDARD_LIBRARIES = YES;
				CLANG_ENABLE_MODULES = YES;
				INFOPLIST_FILE = RushMeTests/Info.plist;
				LD_RUNPATH_SEARCH_PATHS = "$(inherited) @executable_path/Frameworks @loader_path/Frameworks";
				PRODUCT_BUNDLE_IDENTIFIER = FratBoys.RushMeTests;
				PRODUCT_NAME = "$(TARGET_NAME)";
				SWIFT_SWIFT3_OBJC_INFERENCE = On;
				SWIFT_VERSION = 4.0;
			};
			name = Release;
		};
		DB05F7761F894A910090DEC3 /* Debug */ = {
			isa = XCBuildConfiguration;
			baseConfigurationReference = B97419B9AB376617C1B2B6B4 /* Pods-RushMe-RushMeUITests.debug.xcconfig */;
			buildSettings = {
				ALWAYS_EMBED_SWIFT_STANDARD_LIBRARIES = YES;
				CLANG_ENABLE_MODULES = YES;
				INFOPLIST_FILE = RushMeUITests/Info.plist;
				LD_RUNPATH_SEARCH_PATHS = "$(inherited) @executable_path/Frameworks @loader_path/Frameworks";
				PRODUCT_BUNDLE_IDENTIFIER = FratBoys.RushMeUITests;
				PRODUCT_NAME = "$(TARGET_NAME)";
				PROVISIONING_PROFILE = "";
				SWIFT_OBJC_BRIDGING_HEADER = "RushMeUITests/RushMeUITests-Bridging-Header.h";
				SWIFT_OPTIMIZATION_LEVEL = "-Onone";
				SWIFT_SWIFT3_OBJC_INFERENCE = On;
				SWIFT_VERSION = 4.0;
				TEST_TARGET_NAME = RushMe;
			};
			name = Debug;
		};
		DB05F7771F894A910090DEC3 /* Release */ = {
			isa = XCBuildConfiguration;
			baseConfigurationReference = B94D4ADAF90DF4AC8150A6A9 /* Pods-RushMe-RushMeUITests.release.xcconfig */;
			buildSettings = {
				ALWAYS_EMBED_SWIFT_STANDARD_LIBRARIES = YES;
				CLANG_ENABLE_MODULES = YES;
				INFOPLIST_FILE = RushMeUITests/Info.plist;
				LD_RUNPATH_SEARCH_PATHS = "$(inherited) @executable_path/Frameworks @loader_path/Frameworks";
				PRODUCT_BUNDLE_IDENTIFIER = FratBoys.RushMeUITests;
				PRODUCT_NAME = "$(TARGET_NAME)";
				PROVISIONING_PROFILE = "";
				SWIFT_OBJC_BRIDGING_HEADER = "RushMeUITests/RushMeUITests-Bridging-Header.h";
				SWIFT_SWIFT3_OBJC_INFERENCE = On;
				SWIFT_VERSION = 4.0;
				TEST_TARGET_NAME = RushMe;
			};
			name = Release;
		};
		DB9E60F420C07D5700B2C765 /* Debug */ = {
			isa = XCBuildConfiguration;
			buildSettings = {
				CLANG_CXX_LANGUAGE_STANDARD = "gnu++14";
				CLANG_ENABLE_MODULES = YES;
				CLANG_ENABLE_OBJC_WEAK = YES;
				CLANG_WARN_UNGUARDED_AVAILABILITY = YES_AGGRESSIVE;
				CODE_SIGN_IDENTITY = "iPhone Developer";
				CODE_SIGN_STYLE = Automatic;
				DEVELOPMENT_TEAM = 7KE765B32L;
				GCC_C_LANGUAGE_STANDARD = gnu11;
				INFOPLIST_FILE = Screenshots/Info.plist;
				IPHONEOS_DEPLOYMENT_TARGET = 11.4;
				LD_RUNPATH_SEARCH_PATHS = "$(inherited) @executable_path/Frameworks @loader_path/Frameworks";
				PRODUCT_BUNDLE_IDENTIFIER = RushMe.Screenshots;
				PRODUCT_NAME = "$(TARGET_NAME)";
				SWIFT_OPTIMIZATION_LEVEL = "-Onone";
				SWIFT_VERSION = 4.0;
				TARGETED_DEVICE_FAMILY = "1,2";
				TEST_TARGET_NAME = RushMe;
			};
			name = Debug;
		};
		DB9E60F520C07D5700B2C765 /* Release */ = {
			isa = XCBuildConfiguration;
			buildSettings = {
				CLANG_CXX_LANGUAGE_STANDARD = "gnu++14";
				CLANG_ENABLE_MODULES = YES;
				CLANG_ENABLE_OBJC_WEAK = YES;
				CLANG_WARN_UNGUARDED_AVAILABILITY = YES_AGGRESSIVE;
				CODE_SIGN_IDENTITY = "iPhone Developer";
				CODE_SIGN_STYLE = Automatic;
				DEVELOPMENT_TEAM = 7KE765B32L;
				GCC_C_LANGUAGE_STANDARD = gnu11;
				INFOPLIST_FILE = Screenshots/Info.plist;
				IPHONEOS_DEPLOYMENT_TARGET = 11.4;
				LD_RUNPATH_SEARCH_PATHS = "$(inherited) @executable_path/Frameworks @loader_path/Frameworks";
				PRODUCT_BUNDLE_IDENTIFIER = RushMe.Screenshots;
				PRODUCT_NAME = "$(TARGET_NAME)";
				SWIFT_VERSION = 4.0;
				TARGETED_DEVICE_FAMILY = "1,2";
				TEST_TARGET_NAME = RushMe;
			};
			name = Release;
		};
/* End XCBuildConfiguration section */

/* Begin XCConfigurationList section */
		DB05F7401F894A910090DEC3 /* Build configuration list for PBXProject "RushMe" */ = {
			isa = XCConfigurationList;
			buildConfigurations = (
				DB05F76D1F894A910090DEC3 /* Debug */,
				DB05F76E1F894A910090DEC3 /* Release */,
			);
			defaultConfigurationIsVisible = 0;
			defaultConfigurationName = Debug;
		};
		DB05F76F1F894A910090DEC3 /* Build configuration list for PBXNativeTarget "RushMe" */ = {
			isa = XCConfigurationList;
			buildConfigurations = (
				DB05F7701F894A910090DEC3 /* Debug */,
				DB05F7711F894A910090DEC3 /* Release */,
			);
			defaultConfigurationIsVisible = 0;
			defaultConfigurationName = Debug;
		};
		DB05F7721F894A910090DEC3 /* Build configuration list for PBXNativeTarget "RushMeTests" */ = {
			isa = XCConfigurationList;
			buildConfigurations = (
				DB05F7731F894A910090DEC3 /* Debug */,
				DB05F7741F894A910090DEC3 /* Release */,
			);
			defaultConfigurationIsVisible = 0;
			defaultConfigurationName = Debug;
		};
		DB05F7751F894A910090DEC3 /* Build configuration list for PBXNativeTarget "RushMeUITests" */ = {
			isa = XCConfigurationList;
			buildConfigurations = (
				DB05F7761F894A910090DEC3 /* Debug */,
				DB05F7771F894A910090DEC3 /* Release */,
			);
			defaultConfigurationIsVisible = 0;
			defaultConfigurationName = Debug;
		};
		DB9E60F620C07D5700B2C765 /* Build configuration list for PBXNativeTarget "Screenshots" */ = {
			isa = XCConfigurationList;
			buildConfigurations = (
				DB9E60F420C07D5700B2C765 /* Debug */,
				DB9E60F520C07D5700B2C765 /* Release */,
			);
			defaultConfigurationIsVisible = 0;
			defaultConfigurationName = Debug;
		};
/* End XCConfigurationList section */
	};
	rootObject = DB05F73D1F894A910090DEC3 /* Project object */;
}
