// !$*UTF8*$!
{
	archiveVersion = 1;
	classes = {
	};
	objectVersion = 46;
	objects = {

/* Begin PBXBuildFile section */
		21806C91EB698259569A9A76 /* Pods_RushMeTests.framework in Frameworks */ = {isa = PBXBuildFile; fileRef = 0D408C95B0DA6F3379595E5E /* Pods_RushMeTests.framework */; };
		36181108CE80F95E76097558 /* Pods_RushMe.framework in Frameworks */ = {isa = PBXBuildFile; fileRef = DB0A842620C084B5006048A8 /* Pods_RushMe.framework */; };
		87610677F47BA24F847C3B23 /* Pods_RushMe_RushMeUITests.framework in Frameworks */ = {isa = PBXBuildFile; fileRef = A6922CC6B24716BD257B2F12 /* Pods_RushMe_RushMeUITests.framework */; };
		DB05F7491F894A910090DEC3 /* AppDelegate.swift in Sources */ = {isa = PBXBuildFile; fileRef = DB05F7481F894A910090DEC3 /* AppDelegate.swift */; };
		DB05F74B1F894A910090DEC3 /* MasterViewController.swift in Sources */ = {isa = PBXBuildFile; fileRef = DB05F74A1F894A910090DEC3 /* MasterViewController.swift */; };
		DB05F74D1F894A910090DEC3 /* DetailViewController.swift in Sources */ = {isa = PBXBuildFile; fileRef = DB05F74C1F894A910090DEC3 /* DetailViewController.swift */; };
		DB05F7501F894A910090DEC3 /* Main.storyboard in Resources */ = {isa = PBXBuildFile; fileRef = DB05F74E1F894A910090DEC3 /* Main.storyboard */; };
		DB05F7521F894A910090DEC3 /* Assets.xcassets in Resources */ = {isa = PBXBuildFile; fileRef = DB05F7511F894A910090DEC3 /* Assets.xcassets */; };
		DB05F7551F894A910090DEC3 /* LaunchScreen.storyboard in Resources */ = {isa = PBXBuildFile; fileRef = DB05F7531F894A910090DEC3 /* LaunchScreen.storyboard */; };
		DB05F7791F894AFB0090DEC3 /* Fraternity.swift in Sources */ = {isa = PBXBuildFile; fileRef = DB05F7781F894AFB0090DEC3 /* Fraternity.swift */; };
		DB0A15EC2166A19300433D51 /* Campus.swift in Sources */ = {isa = PBXBuildFile; fileRef = DB5150032150307E006BC05A /* Campus.swift */; };
		DB10481521852FFF00EDDFB2 /* FraternityDetail.storyboard in Resources */ = {isa = PBXBuildFile; fileRef = DB10481421852FFF00EDDFB2 /* FraternityDetail.storyboard */; };
		DB1048172185309B00EDDFB2 /* Maps.storyboard in Resources */ = {isa = PBXBuildFile; fileRef = DB1048162185309B00EDDFB2 /* Maps.storyboard */; };
		DB104819218530E100EDDFB2 /* FraternitiesMaster.storyboard in Resources */ = {isa = PBXBuildFile; fileRef = DB104818218530E100EDDFB2 /* FraternitiesMaster.storyboard */; };
		DB10481B2185310E00EDDFB2 /* Calendar.storyboard in Resources */ = {isa = PBXBuildFile; fileRef = DB10481A2185310E00EDDFB2 /* Calendar.storyboard */; };
		DB10481D2185313500EDDFB2 /* Images.storyboard in Resources */ = {isa = PBXBuildFile; fileRef = DB10481C2185313500EDDFB2 /* Images.storyboard */; };
		DB1956E11F8AF2A500E2803F /* SWRevealViewController.m in Sources */ = {isa = PBXBuildFile; fileRef = DB1956E01F8AF2A500E2803F /* SWRevealViewController.m */; settings = {COMPILER_FLAGS = "-w"; }; };
		DB1956E31F8AFB4400E2803F /* ScrollButtonViewController.swift in Sources */ = {isa = PBXBuildFile; fileRef = DB1956E21F8AFB4400E2803F /* ScrollButtonViewController.swift */; };
		DB1D200421CECC76001A3D6E /* Notifications.swift in Sources */ = {isa = PBXBuildFile; fileRef = DB1D200321CECC76001A3D6E /* Notifications.swift */; };
		DB1D200521CECC76001A3D6E /* Notifications.swift in Sources */ = {isa = PBXBuildFile; fileRef = DB1D200321CECC76001A3D6E /* Notifications.swift */; };
		DB1D200621CECC76001A3D6E /* Notifications.swift in Sources */ = {isa = PBXBuildFile; fileRef = DB1D200321CECC76001A3D6E /* Notifications.swift */; };
		DB2338A91FD4F53300FB7118 /* RushCalendar.swift in Sources */ = {isa = PBXBuildFile; fileRef = DB2338A81FD4F53300FB7118 /* RushCalendar.swift */; };
		DB269731217E07B3004361F7 /* RushMeUITests.swift in Sources */ = {isa = PBXBuildFile; fileRef = DB05F76A1F894A910090DEC3 /* RushMeUITests.swift */; };
		DB269732217E07C8004361F7 /* SnapshotHelper.swift in Sources */ = {isa = PBXBuildFile; fileRef = DB0D5CFE20C07E4E006A850D /* SnapshotHelper.swift */; };
		DB32F39120C45FCA00257D8C /* DrawerMenuViewController.swift in Sources */ = {isa = PBXBuildFile; fileRef = DB32F38F20C45FCA00257D8C /* DrawerMenuViewController.swift */; };
		DB38BC5E217F960400452B15 /* EventList.storyboard in Resources */ = {isa = PBXBuildFile; fileRef = DB38BC5D217F960400452B15 /* EventList.storyboard */; };
		DB394E981FD10AFE004BF952 /* ImageViewController.swift in Sources */ = {isa = PBXBuildFile; fileRef = DB394E971FD10AFE004BF952 /* ImageViewController.swift */; };
		DB47437E2010002D00B17D1C /* StaticCalendarCollectionViewCell.swift in Sources */ = {isa = PBXBuildFile; fileRef = DB47437D2010002D00B17D1C /* StaticCalendarCollectionViewCell.swift */; };
		DB514FE021501868006BC05A /* User.swift in Sources */ = {isa = PBXBuildFile; fileRef = DB514FDF21501868006BC05A /* User.swift */; };
		DB514FEA21501C16006BC05A /* Frontend.swift in Sources */ = {isa = PBXBuildFile; fileRef = DB514FE921501C16006BC05A /* Frontend.swift */; };
		DB514FF421501DCD006BC05A /* Privacy.swift in Sources */ = {isa = PBXBuildFile; fileRef = DB514FF321501DCD006BC05A /* Privacy.swift */; };
		DB514FF9215026C2006BC05A /* Format.swift in Sources */ = {isa = PBXBuildFile; fileRef = DB514FF8215026C2006BC05A /* Format.swift */; };
		DB5150092150308E006BC05A /* Images.swift in Sources */ = {isa = PBXBuildFile; fileRef = DB5150082150308E006BC05A /* Images.swift */; };
		DB57897F1FDAE5FD0083CB6C /* MapViewController.swift in Sources */ = {isa = PBXBuildFile; fileRef = DB57897E1FDAE5FD0083CB6C /* MapViewController.swift */; };
		DB627BF41FAE12DD00BA362B /* EventTableViewCell.swift in Sources */ = {isa = PBXBuildFile; fileRef = DB627BF31FAE12DD00BA362B /* EventTableViewCell.swift */; };
		DB6D7DD7206322CB004A70A1 /* SplitViewController.swift in Sources */ = {isa = PBXBuildFile; fileRef = DB6D7DD6206322CB004A70A1 /* SplitViewController.swift */; };
		DB6F5699217F8BAC007397DB /* RushMe-Bridging-Header.h in Sources */ = {isa = PBXBuildFile; fileRef = DBD1404F1F92860200945D9B /* RushMe-Bridging-Header.h */; };
		DB6F569C217F9245007397DB /* Privacy.storyboard in Resources */ = {isa = PBXBuildFile; fileRef = DBB1BA7C20B9BD2E0077872F /* Privacy.storyboard */; };
		DB79BB1520730F9F00411AB1 /* Observable.swift in Sources */ = {isa = PBXBuildFile; fileRef = DB79BB1420730F9F00411AB1 /* Observable.swift */; };
		DB7E1DDF1F93C239002C6B80 /* Backend.swift in Sources */ = {isa = PBXBuildFile; fileRef = DB7E1DDE1F93C239002C6B80 /* Backend.swift */; };
		DB81CBFC217A9F080075B688 /* AppDelegate.swift in Sources */ = {isa = PBXBuildFile; fileRef = DB05F7481F894A910090DEC3 /* AppDelegate.swift */; };
		DB81CBFD217A9F080075B688 /* Frontend.swift in Sources */ = {isa = PBXBuildFile; fileRef = DB514FE921501C16006BC05A /* Frontend.swift */; };
		DB81CBFE217A9F080075B688 /* Backend.swift in Sources */ = {isa = PBXBuildFile; fileRef = DB7E1DDE1F93C239002C6B80 /* Backend.swift */; };
		DB81CBFF217A9F080075B688 /* User.swift in Sources */ = {isa = PBXBuildFile; fileRef = DB514FDF21501868006BC05A /* User.swift */; };
		DB81CC00217A9F080075B688 /* Privacy.swift in Sources */ = {isa = PBXBuildFile; fileRef = DB514FF321501DCD006BC05A /* Privacy.swift */; };
		DB81CC01217A9F080075B688 /* PrivacyViewController.swift in Sources */ = {isa = PBXBuildFile; fileRef = DBAF96D320BC6B5600165F5E /* PrivacyViewController.swift */; };
		DB81CC03217A9F080075B688 /* Campus.swift in Sources */ = {isa = PBXBuildFile; fileRef = DB5150032150307E006BC05A /* Campus.swift */; };
		DB81CC04217A9F080075B688 /* Fraternity.swift in Sources */ = {isa = PBXBuildFile; fileRef = DB05F7781F894AFB0090DEC3 /* Fraternity.swift */; };
		DB81CC05217A9F080075B688 /* RushCalendar.swift in Sources */ = {isa = PBXBuildFile; fileRef = DB2338A81FD4F53300FB7118 /* RushCalendar.swift */; };
		DB81CC06217A9F080075B688 /* Format.swift in Sources */ = {isa = PBXBuildFile; fileRef = DB514FF8215026C2006BC05A /* Format.swift */; };
		DB81CC07217A9F080075B688 /* Images.swift in Sources */ = {isa = PBXBuildFile; fileRef = DB5150082150308E006BC05A /* Images.swift */; };
		DB81CC08217A9F080075B688 /* Observable.swift in Sources */ = {isa = PBXBuildFile; fileRef = DB79BB1420730F9F00411AB1 /* Observable.swift */; };
		DB81CC09217A9F080075B688 /* CalendarCollectionViewCell.swift in Sources */ = {isa = PBXBuildFile; fileRef = DB8997EE1FAC005E006A5246 /* CalendarCollectionViewCell.swift */; };
		DB81CC0A217A9F080075B688 /* StaticCalendarCollectionViewCell.swift in Sources */ = {isa = PBXBuildFile; fileRef = DB47437D2010002D00B17D1C /* StaticCalendarCollectionViewCell.swift */; };
		DB81CC0C217A9F080075B688 /* EventTableViewCell.swift in Sources */ = {isa = PBXBuildFile; fileRef = DB627BF31FAE12DD00BA362B /* EventTableViewCell.swift */; };
		DB81CC0D217A9F080075B688 /* SWViewController.swift in Sources */ = {isa = PBXBuildFile; fileRef = DBCE4A4A2105406B00D362C4 /* SWViewController.swift */; };
		DB81CC0E217A9F080075B688 /* DrawerMenuViewController.swift in Sources */ = {isa = PBXBuildFile; fileRef = DB32F38F20C45FCA00257D8C /* DrawerMenuViewController.swift */; };
		DB81CC0F217A9F080075B688 /* RMViewController.swift in Sources */ = {isa = PBXBuildFile; fileRef = DBCDA2662104FBAE00C11CB2 /* RMViewController.swift */; };
		DB81CC11217A9F080075B688 /* DetailViewController.swift in Sources */ = {isa = PBXBuildFile; fileRef = DB05F74C1F894A910090DEC3 /* DetailViewController.swift */; };
		DB81CC12217A9F080075B688 /* ImageViewController.swift in Sources */ = {isa = PBXBuildFile; fileRef = DB394E971FD10AFE004BF952 /* ImageViewController.swift */; };
		DB81CC13217A9F080075B688 /* ImagePageViewController.swift in Sources */ = {isa = PBXBuildFile; fileRef = DB9AC9FF2064428600BD4DCF /* ImagePageViewController.swift */; };
		DB81CC14217A9F080075B688 /* CalendarViewController.swift in Sources */ = {isa = PBXBuildFile; fileRef = DB8997F21FAC0320006A5246 /* CalendarViewController.swift */; };
		DB81CC15217A9F080075B688 /* EventTableViewController.swift in Sources */ = {isa = PBXBuildFile; fileRef = DBA575591FADFFFA009F26A8 /* EventTableViewController.swift */; };
		DB81CC16217A9F080075B688 /* MapViewController.swift in Sources */ = {isa = PBXBuildFile; fileRef = DB57897E1FDAE5FD0083CB6C /* MapViewController.swift */; };
		DB81CC17217A9F080075B688 /* SettingsViewController.swift in Sources */ = {isa = PBXBuildFile; fileRef = DBD1403E1F90FC8200945D9B /* SettingsViewController.swift */; };
		DB81CC18217A9F080075B688 /* SWRevealViewController.h in Sources */ = {isa = PBXBuildFile; fileRef = DB1956DF1F8AF2A500E2803F /* SWRevealViewController.h */; };
		DB81CC19217A9F080075B688 /* SWRevealViewController.m in Sources */ = {isa = PBXBuildFile; fileRef = DB1956E01F8AF2A500E2803F /* SWRevealViewController.m */; };
		DB81CC1A217A9F080075B688 /* ScrollPageViewController.swift in Sources */ = {isa = PBXBuildFile; fileRef = DB9F5A6E205EE87900F03B3B /* ScrollPageViewController.swift */; };
		DB81CC1B217A9F080075B688 /* ScrollButtonViewController.swift in Sources */ = {isa = PBXBuildFile; fileRef = DB1956E21F8AFB4400E2803F /* ScrollButtonViewController.swift */; };
		DB81CC1C217A9F080075B688 /* SplitViewController.swift in Sources */ = {isa = PBXBuildFile; fileRef = DB6D7DD6206322CB004A70A1 /* SplitViewController.swift */; };
		DB81CC1F217A9F080075B688 /* Assets.xcassets in Sources */ = {isa = PBXBuildFile; fileRef = DB05F7511F894A910090DEC3 /* Assets.xcassets */; };
		DB81CC20217A9F080075B688 /* Info.plist in Sources */ = {isa = PBXBuildFile; fileRef = DB05F7561F894A910090DEC3 /* Info.plist */; };
		DB81CC21217A9F080075B688 /* RushMe-Bridging-Header.h in Sources */ = {isa = PBXBuildFile; fileRef = DBD1404F1F92860200945D9B /* RushMe-Bridging-Header.h */; };
		DB81CC22217AA3DC0075B688 /* SnapshotHelper.swift in Sources */ = {isa = PBXBuildFile; fileRef = DB0D5CFE20C07E4E006A850D /* SnapshotHelper.swift */; };
		DB81CC23217AA3DC0075B688 /* RushMeUITests.swift in Sources */ = {isa = PBXBuildFile; fileRef = DB05F76A1F894A910090DEC3 /* RushMeUITests.swift */; };
		DB81CC25217AA3DC0075B688 /* RushMeUITests-Bridging-Header.h in Sources */ = {isa = PBXBuildFile; fileRef = DB0D5CFD20C07E4D006A850D /* RushMeUITests-Bridging-Header.h */; };
		DB81CC29217AA4A40075B688 /* RushMeTests.swift in Sources */ = {isa = PBXBuildFile; fileRef = DB05F75F1F894A910090DEC3 /* RushMeTests.swift */; };
		DB81CC6C217AA54F0075B688 /* AppDelegate.swift in Sources */ = {isa = PBXBuildFile; fileRef = DB05F7481F894A910090DEC3 /* AppDelegate.swift */; };
		DB81CC6D217AA54F0075B688 /* Frontend.swift in Sources */ = {isa = PBXBuildFile; fileRef = DB514FE921501C16006BC05A /* Frontend.swift */; };
		DB81CC6E217AA54F0075B688 /* Backend.swift in Sources */ = {isa = PBXBuildFile; fileRef = DB7E1DDE1F93C239002C6B80 /* Backend.swift */; };
		DB81CC6F217AA54F0075B688 /* User.swift in Sources */ = {isa = PBXBuildFile; fileRef = DB514FDF21501868006BC05A /* User.swift */; };
		DB81CC71217AA54F0075B688 /* PrivacyViewController.swift in Sources */ = {isa = PBXBuildFile; fileRef = DBAF96D320BC6B5600165F5E /* PrivacyViewController.swift */; };
		DB81CC73217AA54F0075B688 /* Campus.swift in Sources */ = {isa = PBXBuildFile; fileRef = DB5150032150307E006BC05A /* Campus.swift */; };
		DB81CC74217AA54F0075B688 /* Fraternity.swift in Sources */ = {isa = PBXBuildFile; fileRef = DB05F7781F894AFB0090DEC3 /* Fraternity.swift */; };
		DB81CC75217AA54F0075B688 /* RushCalendar.swift in Sources */ = {isa = PBXBuildFile; fileRef = DB2338A81FD4F53300FB7118 /* RushCalendar.swift */; };
		DB81CC76217AA54F0075B688 /* Format.swift in Sources */ = {isa = PBXBuildFile; fileRef = DB514FF8215026C2006BC05A /* Format.swift */; };
		DB81CC77217AA54F0075B688 /* Images.swift in Sources */ = {isa = PBXBuildFile; fileRef = DB5150082150308E006BC05A /* Images.swift */; };
		DB81CC78217AA54F0075B688 /* Observable.swift in Sources */ = {isa = PBXBuildFile; fileRef = DB79BB1420730F9F00411AB1 /* Observable.swift */; };
		DB81CC79217AA54F0075B688 /* CalendarCollectionViewCell.swift in Sources */ = {isa = PBXBuildFile; fileRef = DB8997EE1FAC005E006A5246 /* CalendarCollectionViewCell.swift */; };
		DB81CC7A217AA54F0075B688 /* StaticCalendarCollectionViewCell.swift in Sources */ = {isa = PBXBuildFile; fileRef = DB47437D2010002D00B17D1C /* StaticCalendarCollectionViewCell.swift */; };
		DB81CC7C217AA54F0075B688 /* EventTableViewCell.swift in Sources */ = {isa = PBXBuildFile; fileRef = DB627BF31FAE12DD00BA362B /* EventTableViewCell.swift */; };
		DB81CC7D217AA54F0075B688 /* SWViewController.swift in Sources */ = {isa = PBXBuildFile; fileRef = DBCE4A4A2105406B00D362C4 /* SWViewController.swift */; };
		DB81CC7E217AA54F0075B688 /* DrawerMenuViewController.swift in Sources */ = {isa = PBXBuildFile; fileRef = DB32F38F20C45FCA00257D8C /* DrawerMenuViewController.swift */; };
		DB81CC7F217AA54F0075B688 /* RMViewController.swift in Sources */ = {isa = PBXBuildFile; fileRef = DBCDA2662104FBAE00C11CB2 /* RMViewController.swift */; };
		DB81CC81217AA54F0075B688 /* DetailViewController.swift in Sources */ = {isa = PBXBuildFile; fileRef = DB05F74C1F894A910090DEC3 /* DetailViewController.swift */; };
		DB81CC82217AA54F0075B688 /* ImageViewController.swift in Sources */ = {isa = PBXBuildFile; fileRef = DB394E971FD10AFE004BF952 /* ImageViewController.swift */; };
		DB81CC83217AA54F0075B688 /* ImagePageViewController.swift in Sources */ = {isa = PBXBuildFile; fileRef = DB9AC9FF2064428600BD4DCF /* ImagePageViewController.swift */; };
		DB81CC84217AA54F0075B688 /* CalendarViewController.swift in Sources */ = {isa = PBXBuildFile; fileRef = DB8997F21FAC0320006A5246 /* CalendarViewController.swift */; };
		DB81CC85217AA54F0075B688 /* EventTableViewController.swift in Sources */ = {isa = PBXBuildFile; fileRef = DBA575591FADFFFA009F26A8 /* EventTableViewController.swift */; };
		DB81CC86217AA54F0075B688 /* MapViewController.swift in Sources */ = {isa = PBXBuildFile; fileRef = DB57897E1FDAE5FD0083CB6C /* MapViewController.swift */; };
		DB81CC87217AA54F0075B688 /* SettingsViewController.swift in Sources */ = {isa = PBXBuildFile; fileRef = DBD1403E1F90FC8200945D9B /* SettingsViewController.swift */; };
		DB81CC88217AA54F0075B688 /* SWRevealViewController.h in Sources */ = {isa = PBXBuildFile; fileRef = DB1956DF1F8AF2A500E2803F /* SWRevealViewController.h */; };
		DB81CC89217AA54F0075B688 /* SWRevealViewController.m in Sources */ = {isa = PBXBuildFile; fileRef = DB1956E01F8AF2A500E2803F /* SWRevealViewController.m */; };
		DB81CC8A217AA54F0075B688 /* ScrollPageViewController.swift in Sources */ = {isa = PBXBuildFile; fileRef = DB9F5A6E205EE87900F03B3B /* ScrollPageViewController.swift */; };
		DB81CC8B217AA54F0075B688 /* ScrollButtonViewController.swift in Sources */ = {isa = PBXBuildFile; fileRef = DB1956E21F8AFB4400E2803F /* ScrollButtonViewController.swift */; };
		DB81CC8C217AA54F0075B688 /* SplitViewController.swift in Sources */ = {isa = PBXBuildFile; fileRef = DB6D7DD6206322CB004A70A1 /* SplitViewController.swift */; };
		DB81CC8F217AA54F0075B688 /* Assets.xcassets in Sources */ = {isa = PBXBuildFile; fileRef = DB05F7511F894A910090DEC3 /* Assets.xcassets */; };
		DB81CC90217AA54F0075B688 /* Info.plist in Sources */ = {isa = PBXBuildFile; fileRef = DB05F7561F894A910090DEC3 /* Info.plist */; };
		DB81CC91217AA54F0075B688 /* RushMe-Bridging-Header.h in Sources */ = {isa = PBXBuildFile; fileRef = DBD1404F1F92860200945D9B /* RushMe-Bridging-Header.h */; };
		DB81CC9A217AA54F0075B688 /* RushMeTests.swift in Sources */ = {isa = PBXBuildFile; fileRef = DB05F75F1F894A910090DEC3 /* RushMeTests.swift */; };
		DB81CC9C217AA54F0075B688 /* SnapshotHelper.swift in Sources */ = {isa = PBXBuildFile; fileRef = DB0D5CFE20C07E4E006A850D /* SnapshotHelper.swift */; };
		DB81CC9D217AA54F0075B688 /* RushMeUITests.swift in Sources */ = {isa = PBXBuildFile; fileRef = DB05F76A1F894A910090DEC3 /* RushMeUITests.swift */; };
		DB81CC9F217AA54F0075B688 /* RushMeUITests-Bridging-Header.h in Sources */ = {isa = PBXBuildFile; fileRef = DB0D5CFD20C07E4D006A850D /* RushMeUITests-Bridging-Header.h */; };
		DB8997EF1FAC005E006A5246 /* CalendarCollectionViewCell.swift in Sources */ = {isa = PBXBuildFile; fileRef = DB8997EE1FAC005E006A5246 /* CalendarCollectionViewCell.swift */; };
		DB8997F31FAC0320006A5246 /* CalendarViewController.swift in Sources */ = {isa = PBXBuildFile; fileRef = DB8997F21FAC0320006A5246 /* CalendarViewController.swift */; };
		DB9ACA002064428600BD4DCF /* ImagePageViewController.swift in Sources */ = {isa = PBXBuildFile; fileRef = DB9AC9FF2064428600BD4DCF /* ImagePageViewController.swift */; };
		DB9F5A6F205EE87900F03B3B /* ScrollPageViewController.swift in Sources */ = {isa = PBXBuildFile; fileRef = DB9F5A6E205EE87900F03B3B /* ScrollPageViewController.swift */; };
		DBA5755A1FADFFFA009F26A8 /* EventTableViewController.swift in Sources */ = {isa = PBXBuildFile; fileRef = DBA575591FADFFFA009F26A8 /* EventTableViewController.swift */; };
		DBAF96D420BC6B5600165F5E /* PrivacyViewController.swift in Sources */ = {isa = PBXBuildFile; fileRef = DBAF96D320BC6B5600165F5E /* PrivacyViewController.swift */; };
		DBAFB1A621EA611F0089CECA /* RMCalendarViewController.swift in Sources */ = {isa = PBXBuildFile; fileRef = DBAFB1A521EA611F0089CECA /* RMCalendarViewController.swift */; };
		DBAFB1A821EA9CA30089CECA /* RMCalendarCell.swift in Sources */ = {isa = PBXBuildFile; fileRef = DBAFB1A721EA9CA30089CECA /* RMCalendarCell.swift */; };
		DBC9724421F8D26E00CB3C07 /* Frontend.swift in Sources */ = {isa = PBXBuildFile; fileRef = DB514FE921501C16006BC05A /* Frontend.swift */; };
		DBC9724521F8D26E00CB3C07 /* Backend.swift in Sources */ = {isa = PBXBuildFile; fileRef = DB7E1DDE1F93C239002C6B80 /* Backend.swift */; };
		DBC9724621F8D26E00CB3C07 /* Format.swift in Sources */ = {isa = PBXBuildFile; fileRef = DB514FF8215026C2006BC05A /* Format.swift */; };
		DBC9724721F8D26E00CB3C07 /* Observable.swift in Sources */ = {isa = PBXBuildFile; fileRef = DB79BB1420730F9F00411AB1 /* Observable.swift */; };
		DBC9724821F8D26E00CB3C07 /* User.swift in Sources */ = {isa = PBXBuildFile; fileRef = DB514FDF21501868006BC05A /* User.swift */; };
		DBC9724921F8D26E00CB3C07 /* Privacy.swift in Sources */ = {isa = PBXBuildFile; fileRef = DB514FF321501DCD006BC05A /* Privacy.swift */; };
		DBC9724A21F8D26E00CB3C07 /* PrivacyViewController.swift in Sources */ = {isa = PBXBuildFile; fileRef = DBAF96D320BC6B5600165F5E /* PrivacyViewController.swift */; };
		DBC9724B21F8D26E00CB3C07 /* Privacy.storyboard in Sources */ = {isa = PBXBuildFile; fileRef = DBB1BA7C20B9BD2E0077872F /* Privacy.storyboard */; };
		DBC9724C21F8D26E00CB3C07 /* Images.swift in Sources */ = {isa = PBXBuildFile; fileRef = DB5150082150308E006BC05A /* Images.swift */; };
		DBC9724D21F8D26E00CB3C07 /* ImageViewController.swift in Sources */ = {isa = PBXBuildFile; fileRef = DB394E971FD10AFE004BF952 /* ImageViewController.swift */; };
		DBC9724E21F8D26E00CB3C07 /* ImagePageViewController.swift in Sources */ = {isa = PBXBuildFile; fileRef = DB9AC9FF2064428600BD4DCF /* ImagePageViewController.swift */; };
		DBC9724F21F8D26E00CB3C07 /* Images.storyboard in Sources */ = {isa = PBXBuildFile; fileRef = DB10481C2185313500EDDFB2 /* Images.storyboard */; };
		DBC9725021F8D26E00CB3C07 /* AppDelegate.swift in Sources */ = {isa = PBXBuildFile; fileRef = DB05F7481F894A910090DEC3 /* AppDelegate.swift */; };
		DBC9725121F8D26E00CB3C07 /* SWViewController.swift in Sources */ = {isa = PBXBuildFile; fileRef = DBCE4A4A2105406B00D362C4 /* SWViewController.swift */; };
		DBC9725221F8D26E00CB3C07 /* RMViewController.swift in Sources */ = {isa = PBXBuildFile; fileRef = DBCDA2662104FBAE00C11CB2 /* RMViewController.swift */; };
		DBC9725321F8D26E00CB3C07 /* DrawerMenuViewController.swift in Sources */ = {isa = PBXBuildFile; fileRef = DB32F38F20C45FCA00257D8C /* DrawerMenuViewController.swift */; };
		DBC9725421F8D26E00CB3C07 /* SWRevealViewController.h in Sources */ = {isa = PBXBuildFile; fileRef = DB1956DF1F8AF2A500E2803F /* SWRevealViewController.h */; };
		DBC9725521F8D26E00CB3C07 /* SWRevealViewController.m in Sources */ = {isa = PBXBuildFile; fileRef = DB1956E01F8AF2A500E2803F /* SWRevealViewController.m */; };
		DBC9725621F8D26E00CB3C07 /* ScrollPageViewController.swift in Sources */ = {isa = PBXBuildFile; fileRef = DB9F5A6E205EE87900F03B3B /* ScrollPageViewController.swift */; };
		DBC9725721F8D26E00CB3C07 /* ScrollButtonViewController.swift in Sources */ = {isa = PBXBuildFile; fileRef = DB1956E21F8AFB4400E2803F /* ScrollButtonViewController.swift */; };
		DBC9725821F8D26E00CB3C07 /* SplitViewController.swift in Sources */ = {isa = PBXBuildFile; fileRef = DB6D7DD6206322CB004A70A1 /* SplitViewController.swift */; };
		DBC9725921F8D26E00CB3C07 /* MapViewController.swift in Sources */ = {isa = PBXBuildFile; fileRef = DB57897E1FDAE5FD0083CB6C /* MapViewController.swift */; };
		DBC9725A21F8D26E00CB3C07 /* Maps.storyboard in Sources */ = {isa = PBXBuildFile; fileRef = DB1048162185309B00EDDFB2 /* Maps.storyboard */; };
		DBC9725B21F8D26E00CB3C07 /* Fraternity.swift in Sources */ = {isa = PBXBuildFile; fileRef = DB05F7781F894AFB0090DEC3 /* Fraternity.swift */; };
		DBC9725C21F8D26E00CB3C07 /* Campus.swift in Sources */ = {isa = PBXBuildFile; fileRef = DB5150032150307E006BC05A /* Campus.swift */; };
		DBC9725D21F8D26E00CB3C07 /* MasterViewController.swift in Sources */ = {isa = PBXBuildFile; fileRef = DB05F74A1F894A910090DEC3 /* MasterViewController.swift */; };
		DBC9725E21F8D26E00CB3C07 /* FraternitiesMaster.storyboard in Sources */ = {isa = PBXBuildFile; fileRef = DB104818218530E100EDDFB2 /* FraternitiesMaster.storyboard */; };
		DBC9725F21F8D26E00CB3C07 /* FraternityTableViewCell.swift in Sources */ = {isa = PBXBuildFile; fileRef = DBD2ED061FEC67AB00407858 /* FraternityTableViewCell.swift */; };
		DBC9726021F8D26E00CB3C07 /* FraternityDetail.storyboard in Sources */ = {isa = PBXBuildFile; fileRef = DB10481421852FFF00EDDFB2 /* FraternityDetail.storyboard */; };
		DBC9726121F8D26E00CB3C07 /* DetailViewController.swift in Sources */ = {isa = PBXBuildFile; fileRef = DB05F74C1F894A910090DEC3 /* DetailViewController.swift */; };
		DBC9726221F8D26E00CB3C07 /* RushCalendar.swift in Sources */ = {isa = PBXBuildFile; fileRef = DB2338A81FD4F53300FB7118 /* RushCalendar.swift */; };
		DBC9726321F8D26E00CB3C07 /* RMCalendarViewController.swift in Sources */ = {isa = PBXBuildFile; fileRef = DBAFB1A521EA611F0089CECA /* RMCalendarViewController.swift */; };
		DBC9726421F8D26E00CB3C07 /* RMCalendarCell.swift in Sources */ = {isa = PBXBuildFile; fileRef = DBAFB1A721EA9CA30089CECA /* RMCalendarCell.swift */; };
		DBC9726521F8D26E00CB3C07 /* Calendar.storyboard in Sources */ = {isa = PBXBuildFile; fileRef = DB10481A2185310E00EDDFB2 /* Calendar.storyboard */; };
		DBC9726621F8D26E00CB3C07 /* CalendarViewController.swift in Sources */ = {isa = PBXBuildFile; fileRef = DB8997F21FAC0320006A5246 /* CalendarViewController.swift */; };
		DBC9726721F8D26E00CB3C07 /* CalendarCollectionViewCell.swift in Sources */ = {isa = PBXBuildFile; fileRef = DB8997EE1FAC005E006A5246 /* CalendarCollectionViewCell.swift */; };
		DBC9726821F8D26E00CB3C07 /* StaticCalendarCollectionViewCell.swift in Sources */ = {isa = PBXBuildFile; fileRef = DB47437D2010002D00B17D1C /* StaticCalendarCollectionViewCell.swift */; };
		DBC9726921F8D26E00CB3C07 /* EventList.storyboard in Sources */ = {isa = PBXBuildFile; fileRef = DB38BC5D217F960400452B15 /* EventList.storyboard */; };
		DBC9726A21F8D26E00CB3C07 /* EventTableViewController.swift in Sources */ = {isa = PBXBuildFile; fileRef = DBA575591FADFFFA009F26A8 /* EventTableViewController.swift */; };
		DBC9726B21F8D26E00CB3C07 /* EventTableViewCell.swift in Sources */ = {isa = PBXBuildFile; fileRef = DB627BF31FAE12DD00BA362B /* EventTableViewCell.swift */; };
		DBC9726C21F8D26E00CB3C07 /* SettingsViewController.swift in Sources */ = {isa = PBXBuildFile; fileRef = DBD1403E1F90FC8200945D9B /* SettingsViewController.swift */; };
		DBC9726D21F8D26E00CB3C07 /* Main.storyboard in Sources */ = {isa = PBXBuildFile; fileRef = DB05F74E1F894A910090DEC3 /* Main.storyboard */; };
		DBC9726E21F8D26E00CB3C07 /* LaunchScreen.storyboard in Sources */ = {isa = PBXBuildFile; fileRef = DB05F7531F894A910090DEC3 /* LaunchScreen.storyboard */; };
		DBC9726F21F8D26E00CB3C07 /* Assets.xcassets in Sources */ = {isa = PBXBuildFile; fileRef = DB05F7511F894A910090DEC3 /* Assets.xcassets */; };
		DBC9727121F8D26E00CB3C07 /* RushMe-Bridging-Header.h in Sources */ = {isa = PBXBuildFile; fileRef = DBD1404F1F92860200945D9B /* RushMe-Bridging-Header.h */; };
		DBC9727421F8D64200CB3C07 /* DeviceKit.framework in Frameworks */ = {isa = PBXBuildFile; fileRef = DBC9727321F8D64200CB3C07 /* DeviceKit.framework */; };
		DBC9727621F8D64200CB3C07 /* FSCalendar.framework in Frameworks */ = {isa = PBXBuildFile; fileRef = DBC9727521F8D64200CB3C07 /* FSCalendar.framework */; };
		DBC9727821F8D64200CB3C07 /* iCalKit.framework in Frameworks */ = {isa = PBXBuildFile; fileRef = DBC9727721F8D64200CB3C07 /* iCalKit.framework */; };
		DBCDA2672104FBAE00C11CB2 /* RMViewController.swift in Sources */ = {isa = PBXBuildFile; fileRef = DBCDA2662104FBAE00C11CB2 /* RMViewController.swift */; };
		DBCE4A4B2105406B00D362C4 /* SWViewController.swift in Sources */ = {isa = PBXBuildFile; fileRef = DBCE4A4A2105406B00D362C4 /* SWViewController.swift */; };
		DBD1403F1F90FC8200945D9B /* SettingsViewController.swift in Sources */ = {isa = PBXBuildFile; fileRef = DBD1403E1F90FC8200945D9B /* SettingsViewController.swift */; };
		DBD2ED071FEC67AB00407858 /* FraternityTableViewCell.swift in Sources */ = {isa = PBXBuildFile; fileRef = DBD2ED061FEC67AB00407858 /* FraternityTableViewCell.swift */; };
/* End PBXBuildFile section */

/* Begin PBXContainerItemProxy section */
		DB81CBFA217A9D630075B688 /* PBXContainerItemProxy */ = {
			isa = PBXContainerItemProxy;
			containerPortal = DB05F73D1F894A910090DEC3 /* Project object */;
			proxyType = 1;
			remoteGlobalIDString = DB05F7441F894A910090DEC3;
			remoteInfo = RushMe;
		};
		DB81CC68217AA5270075B688 /* PBXContainerItemProxy */ = {
			isa = PBXContainerItemProxy;
			containerPortal = DB05F73D1F894A910090DEC3 /* Project object */;
			proxyType = 1;
			remoteGlobalIDString = DB05F7441F894A910090DEC3;
			remoteInfo = RushMe;
		};
		DB81CC6A217AA5370075B688 /* PBXContainerItemProxy */ = {
			isa = PBXContainerItemProxy;
			containerPortal = DB05F73D1F894A910090DEC3 /* Project object */;
			proxyType = 1;
			remoteGlobalIDString = DB05F7441F894A910090DEC3;
			remoteInfo = RushMe;
		};
/* End PBXContainerItemProxy section */

/* Begin PBXCopyFilesBuildPhase section */
		DB61D21A1F92B6CE009872DC /* Embed Frameworks */ = {
			isa = PBXCopyFilesBuildPhase;
			buildActionMask = 2147483647;
			dstPath = "";
			dstSubfolderSpec = 10;
			files = (
			);
			name = "Embed Frameworks";
			runOnlyForDeploymentPostprocessing = 0;
		};
/* End PBXCopyFilesBuildPhase section */

/* Begin PBXFileReference section */
		0D408C95B0DA6F3379595E5E /* Pods_RushMeTests.framework */ = {isa = PBXFileReference; explicitFileType = wrapper.framework; includeInIndex = 0; path = Pods_RushMeTests.framework; sourceTree = BUILT_PRODUCTS_DIR; };
		721F41F070E0F29641A6CF3A /* Pods-RushMe.debug.xcconfig */ = {isa = PBXFileReference; includeInIndex = 1; lastKnownFileType = text.xcconfig; name = "Pods-RushMe.debug.xcconfig"; path = "Pods/Target Support Files/Pods-RushMe/Pods-RushMe.debug.xcconfig"; sourceTree = "<group>"; };
		A6922CC6B24716BD257B2F12 /* Pods_RushMe_RushMeUITests.framework */ = {isa = PBXFileReference; explicitFileType = wrapper.framework; includeInIndex = 0; path = Pods_RushMe_RushMeUITests.framework; sourceTree = BUILT_PRODUCTS_DIR; };
		B94D4ADAF90DF4AC8150A6A9 /* Pods-RushMe-RushMeUITests.release.xcconfig */ = {isa = PBXFileReference; includeInIndex = 1; lastKnownFileType = text.xcconfig; name = "Pods-RushMe-RushMeUITests.release.xcconfig"; path = "Pods/Target Support Files/Pods-RushMe-RushMeUITests/Pods-RushMe-RushMeUITests.release.xcconfig"; sourceTree = "<group>"; };
		B97419B9AB376617C1B2B6B4 /* Pods-RushMe-RushMeUITests.debug.xcconfig */ = {isa = PBXFileReference; includeInIndex = 1; lastKnownFileType = text.xcconfig; name = "Pods-RushMe-RushMeUITests.debug.xcconfig"; path = "Pods/Target Support Files/Pods-RushMe-RushMeUITests/Pods-RushMe-RushMeUITests.debug.xcconfig"; sourceTree = "<group>"; };
		CA1545654F3424CBF44F0D6D /* Pods-RushMeTests.debug.xcconfig */ = {isa = PBXFileReference; includeInIndex = 1; lastKnownFileType = text.xcconfig; name = "Pods-RushMeTests.debug.xcconfig"; path = "Pods/Target Support Files/Pods-RushMeTests/Pods-RushMeTests.debug.xcconfig"; sourceTree = "<group>"; };
		DB05F7451F894A910090DEC3 /* RushMe.app */ = {isa = PBXFileReference; explicitFileType = wrapper.application; includeInIndex = 0; path = RushMe.app; sourceTree = BUILT_PRODUCTS_DIR; };
		DB05F7481F894A910090DEC3 /* AppDelegate.swift */ = {isa = PBXFileReference; lastKnownFileType = sourcecode.swift; path = AppDelegate.swift; sourceTree = "<group>"; };
		DB05F74A1F894A910090DEC3 /* MasterViewController.swift */ = {isa = PBXFileReference; lastKnownFileType = sourcecode.swift; path = MasterViewController.swift; sourceTree = "<group>"; };
		DB05F74C1F894A910090DEC3 /* DetailViewController.swift */ = {isa = PBXFileReference; lastKnownFileType = sourcecode.swift; path = DetailViewController.swift; sourceTree = "<group>"; };
		DB05F74F1F894A910090DEC3 /* Base */ = {isa = PBXFileReference; lastKnownFileType = file.storyboard; name = Base; path = Base.lproj/Main.storyboard; sourceTree = "<group>"; };
		DB05F7511F894A910090DEC3 /* Assets.xcassets */ = {isa = PBXFileReference; lastKnownFileType = folder.assetcatalog; path = Assets.xcassets; sourceTree = "<group>"; };
		DB05F7541F894A910090DEC3 /* Base */ = {isa = PBXFileReference; lastKnownFileType = file.storyboard; name = Base; path = Base.lproj/LaunchScreen.storyboard; sourceTree = "<group>"; };
		DB05F7561F894A910090DEC3 /* Info.plist */ = {isa = PBXFileReference; lastKnownFileType = text.plist.xml; path = Info.plist; sourceTree = "<group>"; };
		DB05F75B1F894A910090DEC3 /* RushMeTests.xctest */ = {isa = PBXFileReference; explicitFileType = wrapper.cfbundle; includeInIndex = 0; path = RushMeTests.xctest; sourceTree = BUILT_PRODUCTS_DIR; };
		DB05F75F1F894A910090DEC3 /* RushMeTests.swift */ = {isa = PBXFileReference; lastKnownFileType = sourcecode.swift; path = RushMeTests.swift; sourceTree = "<group>"; };
		DB05F7611F894A910090DEC3 /* Info.plist */ = {isa = PBXFileReference; lastKnownFileType = text.plist.xml; path = Info.plist; sourceTree = "<group>"; };
		DB05F7661F894A910090DEC3 /* RushMeUITests.xctest */ = {isa = PBXFileReference; explicitFileType = wrapper.cfbundle; includeInIndex = 0; path = RushMeUITests.xctest; sourceTree = BUILT_PRODUCTS_DIR; };
		DB05F76A1F894A910090DEC3 /* RushMeUITests.swift */ = {isa = PBXFileReference; lastKnownFileType = sourcecode.swift; path = RushMeUITests.swift; sourceTree = "<group>"; };
		DB05F76C1F894A910090DEC3 /* Info.plist */ = {isa = PBXFileReference; lastKnownFileType = text.plist.xml; path = Info.plist; sourceTree = "<group>"; };
		DB05F7781F894AFB0090DEC3 /* Fraternity.swift */ = {isa = PBXFileReference; fileEncoding = 4; lastKnownFileType = sourcecode.swift; path = Fraternity.swift; sourceTree = "<group>"; };
		DB0A842620C084B5006048A8 /* Pods_RushMe.framework */ = {isa = PBXFileReference; explicitFileType = wrapper.framework; path = Pods_RushMe.framework; sourceTree = BUILT_PRODUCTS_DIR; };
		DB0D5CFD20C07E4D006A850D /* RushMeUITests-Bridging-Header.h */ = {isa = PBXFileReference; lastKnownFileType = sourcecode.c.h; path = "RushMeUITests-Bridging-Header.h"; sourceTree = "<group>"; };
		DB0D5CFE20C07E4E006A850D /* SnapshotHelper.swift */ = {isa = PBXFileReference; fileEncoding = 4; lastKnownFileType = sourcecode.swift; name = SnapshotHelper.swift; path = fastlane/SnapshotHelper.swift; sourceTree = SOURCE_ROOT; };
		DB10481421852FFF00EDDFB2 /* FraternityDetail.storyboard */ = {isa = PBXFileReference; fileEncoding = 4; lastKnownFileType = file.storyboard; path = FraternityDetail.storyboard; sourceTree = "<group>"; };
		DB1048162185309B00EDDFB2 /* Maps.storyboard */ = {isa = PBXFileReference; fileEncoding = 4; lastKnownFileType = file.storyboard; path = Maps.storyboard; sourceTree = "<group>"; };
		DB104818218530E100EDDFB2 /* FraternitiesMaster.storyboard */ = {isa = PBXFileReference; fileEncoding = 4; lastKnownFileType = file.storyboard; path = FraternitiesMaster.storyboard; sourceTree = "<group>"; };
		DB10481A2185310E00EDDFB2 /* Calendar.storyboard */ = {isa = PBXFileReference; fileEncoding = 4; lastKnownFileType = file.storyboard; path = Calendar.storyboard; sourceTree = "<group>"; };
		DB10481C2185313500EDDFB2 /* Images.storyboard */ = {isa = PBXFileReference; fileEncoding = 4; lastKnownFileType = file.storyboard; path = Images.storyboard; sourceTree = "<group>"; };
		DB1956DF1F8AF2A500E2803F /* SWRevealViewController.h */ = {isa = PBXFileReference; fileEncoding = 4; lastKnownFileType = sourcecode.c.h; path = SWRevealViewController.h; sourceTree = "<group>"; };
		DB1956E01F8AF2A500E2803F /* SWRevealViewController.m */ = {isa = PBXFileReference; fileEncoding = 4; lastKnownFileType = sourcecode.c.objc; path = SWRevealViewController.m; sourceTree = "<group>"; };
		DB1956E21F8AFB4400E2803F /* ScrollButtonViewController.swift */ = {isa = PBXFileReference; fileEncoding = 4; lastKnownFileType = sourcecode.swift; path = ScrollButtonViewController.swift; sourceTree = "<group>"; };
		DB1D200321CECC76001A3D6E /* Notifications.swift */ = {isa = PBXFileReference; lastKnownFileType = sourcecode.swift; path = Notifications.swift; sourceTree = "<group>"; };
		DB2338A81FD4F53300FB7118 /* RushCalendar.swift */ = {isa = PBXFileReference; fileEncoding = 4; lastKnownFileType = sourcecode.swift; path = RushCalendar.swift; sourceTree = "<group>"; };
		DB32F38F20C45FCA00257D8C /* DrawerMenuViewController.swift */ = {isa = PBXFileReference; lastKnownFileType = sourcecode.swift; name = DrawerMenuViewController.swift; path = ../DrawerMenuViewController.swift; sourceTree = "<group>"; };
		DB38BC5D217F960400452B15 /* EventList.storyboard */ = {isa = PBXFileReference; fileEncoding = 4; lastKnownFileType = file.storyboard; path = EventList.storyboard; sourceTree = "<group>"; };
		DB394E971FD10AFE004BF952 /* ImageViewController.swift */ = {isa = PBXFileReference; lastKnownFileType = sourcecode.swift; path = ImageViewController.swift; sourceTree = "<group>"; };
		DB47437D2010002D00B17D1C /* StaticCalendarCollectionViewCell.swift */ = {isa = PBXFileReference; lastKnownFileType = sourcecode.swift; path = StaticCalendarCollectionViewCell.swift; sourceTree = "<group>"; };
		DB514FDF21501868006BC05A /* User.swift */ = {isa = PBXFileReference; lastKnownFileType = sourcecode.swift; path = User.swift; sourceTree = "<group>"; };
		DB514FE921501C16006BC05A /* Frontend.swift */ = {isa = PBXFileReference; lastKnownFileType = sourcecode.swift; path = Frontend.swift; sourceTree = "<group>"; };
		DB514FF321501DCD006BC05A /* Privacy.swift */ = {isa = PBXFileReference; lastKnownFileType = sourcecode.swift; path = Privacy.swift; sourceTree = "<group>"; };
		DB514FF8215026C2006BC05A /* Format.swift */ = {isa = PBXFileReference; lastKnownFileType = sourcecode.swift; path = Format.swift; sourceTree = "<group>"; };
		DB5150032150307E006BC05A /* Campus.swift */ = {isa = PBXFileReference; fileEncoding = 4; lastKnownFileType = sourcecode.swift; path = Campus.swift; sourceTree = "<group>"; };
		DB5150082150308E006BC05A /* Images.swift */ = {isa = PBXFileReference; fileEncoding = 4; lastKnownFileType = sourcecode.swift; path = Images.swift; sourceTree = "<group>"; };
		DB57897E1FDAE5FD0083CB6C /* MapViewController.swift */ = {isa = PBXFileReference; lastKnownFileType = sourcecode.swift; path = MapViewController.swift; sourceTree = "<group>"; };
		DB627BF31FAE12DD00BA362B /* EventTableViewCell.swift */ = {isa = PBXFileReference; lastKnownFileType = sourcecode.swift; path = EventTableViewCell.swift; sourceTree = "<group>"; };
		DB6D7DD6206322CB004A70A1 /* SplitViewController.swift */ = {isa = PBXFileReference; lastKnownFileType = sourcecode.swift; path = SplitViewController.swift; sourceTree = "<group>"; };
		DB79BB1420730F9F00411AB1 /* Observable.swift */ = {isa = PBXFileReference; lastKnownFileType = sourcecode.swift; path = Observable.swift; sourceTree = "<group>"; };
		DB7E1DDE1F93C239002C6B80 /* Backend.swift */ = {isa = PBXFileReference; lastKnownFileType = sourcecode.swift; path = Backend.swift; sourceTree = "<group>"; };
		DB8997EE1FAC005E006A5246 /* CalendarCollectionViewCell.swift */ = {isa = PBXFileReference; lastKnownFileType = sourcecode.swift; path = CalendarCollectionViewCell.swift; sourceTree = "<group>"; };
		DB8997F21FAC0320006A5246 /* CalendarViewController.swift */ = {isa = PBXFileReference; lastKnownFileType = sourcecode.swift; path = CalendarViewController.swift; sourceTree = "<group>"; };
		DB9AC9FF2064428600BD4DCF /* ImagePageViewController.swift */ = {isa = PBXFileReference; lastKnownFileType = sourcecode.swift; path = ImagePageViewController.swift; sourceTree = "<group>"; };
		DB9E60ED20C07D5700B2C765 /* Screenshots.xctest */ = {isa = PBXFileReference; explicitFileType = wrapper.cfbundle; includeInIndex = 0; path = Screenshots.xctest; sourceTree = BUILT_PRODUCTS_DIR; };
		DB9F5A6E205EE87900F03B3B /* ScrollPageViewController.swift */ = {isa = PBXFileReference; lastKnownFileType = sourcecode.swift; path = ScrollPageViewController.swift; sourceTree = "<group>"; };
		DBA575591FADFFFA009F26A8 /* EventTableViewController.swift */ = {isa = PBXFileReference; lastKnownFileType = sourcecode.swift; path = EventTableViewController.swift; sourceTree = "<group>"; };
		DBAF96D320BC6B5600165F5E /* PrivacyViewController.swift */ = {isa = PBXFileReference; lastKnownFileType = sourcecode.swift; path = PrivacyViewController.swift; sourceTree = "<group>"; };
		DBAFB1A521EA611F0089CECA /* RMCalendarViewController.swift */ = {isa = PBXFileReference; lastKnownFileType = sourcecode.swift; path = RMCalendarViewController.swift; sourceTree = "<group>"; };
		DBAFB1A721EA9CA30089CECA /* RMCalendarCell.swift */ = {isa = PBXFileReference; fileEncoding = 4; lastKnownFileType = sourcecode.swift; path = RMCalendarCell.swift; sourceTree = "<group>"; };
		DBB1BA7C20B9BD2E0077872F /* Privacy.storyboard */ = {isa = PBXFileReference; lastKnownFileType = file.storyboard; path = Privacy.storyboard; sourceTree = "<group>"; };
		DBC9727321F8D64200CB3C07 /* DeviceKit.framework */ = {isa = PBXFileReference; explicitFileType = wrapper.framework; path = DeviceKit.framework; sourceTree = BUILT_PRODUCTS_DIR; };
		DBC9727521F8D64200CB3C07 /* FSCalendar.framework */ = {isa = PBXFileReference; explicitFileType = wrapper.framework; path = FSCalendar.framework; sourceTree = BUILT_PRODUCTS_DIR; };
		DBC9727721F8D64200CB3C07 /* iCalKit.framework */ = {isa = PBXFileReference; explicitFileType = wrapper.framework; path = iCalKit.framework; sourceTree = BUILT_PRODUCTS_DIR; };
		DBCDA2662104FBAE00C11CB2 /* RMViewController.swift */ = {isa = PBXFileReference; lastKnownFileType = sourcecode.swift; path = RMViewController.swift; sourceTree = "<group>"; };
		DBCE4A4A2105406B00D362C4 /* SWViewController.swift */ = {isa = PBXFileReference; lastKnownFileType = sourcecode.swift; path = SWViewController.swift; sourceTree = "<group>"; };
		DBD1403E1F90FC8200945D9B /* SettingsViewController.swift */ = {isa = PBXFileReference; lastKnownFileType = sourcecode.swift; path = SettingsViewController.swift; sourceTree = "<group>"; };
		DBD1404F1F92860200945D9B /* RushMe-Bridging-Header.h */ = {isa = PBXFileReference; lastKnownFileType = sourcecode.c.h; path = "RushMe-Bridging-Header.h"; sourceTree = "<group>"; };
		DBD2ED061FEC67AB00407858 /* FraternityTableViewCell.swift */ = {isa = PBXFileReference; lastKnownFileType = sourcecode.swift; path = FraternityTableViewCell.swift; sourceTree = "<group>"; };
		E4B1F4D4E0ACED8A6F204873 /* Pods-RushMe.release.xcconfig */ = {isa = PBXFileReference; includeInIndex = 1; lastKnownFileType = text.xcconfig; name = "Pods-RushMe.release.xcconfig"; path = "Pods/Target Support Files/Pods-RushMe/Pods-RushMe.release.xcconfig"; sourceTree = "<group>"; };
		F9CA2D544FE001362499BA32 /* Pods-RushMeTests.release.xcconfig */ = {isa = PBXFileReference; includeInIndex = 1; lastKnownFileType = text.xcconfig; name = "Pods-RushMeTests.release.xcconfig"; path = "Pods/Target Support Files/Pods-RushMeTests/Pods-RushMeTests.release.xcconfig"; sourceTree = "<group>"; };
/* End PBXFileReference section */

/* Begin PBXFrameworksBuildPhase section */
		DB05F7421F894A910090DEC3 /* Frameworks */ = {
			isa = PBXFrameworksBuildPhase;
			buildActionMask = 2147483647;
			files = (
				36181108CE80F95E76097558 /* Pods_RushMe.framework in Frameworks */,
			);
			runOnlyForDeploymentPostprocessing = 0;
		};
		DB05F7581F894A910090DEC3 /* Frameworks */ = {
			isa = PBXFrameworksBuildPhase;
			buildActionMask = 2147483647;
			files = (
				21806C91EB698259569A9A76 /* Pods_RushMeTests.framework in Frameworks */,
			);
			runOnlyForDeploymentPostprocessing = 0;
		};
		DB05F7631F894A910090DEC3 /* Frameworks */ = {
			isa = PBXFrameworksBuildPhase;
			buildActionMask = 2147483647;
			files = (
				DBC9727421F8D64200CB3C07 /* DeviceKit.framework in Frameworks */,
				DBC9727621F8D64200CB3C07 /* FSCalendar.framework in Frameworks */,
				DBC9727821F8D64200CB3C07 /* iCalKit.framework in Frameworks */,
				87610677F47BA24F847C3B23 /* Pods_RushMe_RushMeUITests.framework in Frameworks */,
			);
			runOnlyForDeploymentPostprocessing = 0;
		};
		DB9E60EA20C07D5700B2C765 /* Frameworks */ = {
			isa = PBXFrameworksBuildPhase;
			buildActionMask = 2147483647;
			files = (
			);
			runOnlyForDeploymentPostprocessing = 0;
		};
/* End PBXFrameworksBuildPhase section */

/* Begin PBXGroup section */
		550BC174F7588FF9C2B7A61C /* Pods */ = {
			isa = PBXGroup;
			children = (
				721F41F070E0F29641A6CF3A /* Pods-RushMe.debug.xcconfig */,
				E4B1F4D4E0ACED8A6F204873 /* Pods-RushMe.release.xcconfig */,
				CA1545654F3424CBF44F0D6D /* Pods-RushMeTests.debug.xcconfig */,
				F9CA2D544FE001362499BA32 /* Pods-RushMeTests.release.xcconfig */,
				B97419B9AB376617C1B2B6B4 /* Pods-RushMe-RushMeUITests.debug.xcconfig */,
				B94D4ADAF90DF4AC8150A6A9 /* Pods-RushMe-RushMeUITests.release.xcconfig */,
			);
			name = Pods;
			sourceTree = "<group>";
		};
		B809A85A7E38A107FA1BA0C6 /* Frameworks */ = {
			isa = PBXGroup;
			children = (
				DBC9727321F8D64200CB3C07 /* DeviceKit.framework */,
				DBC9727521F8D64200CB3C07 /* FSCalendar.framework */,
				DBC9727721F8D64200CB3C07 /* iCalKit.framework */,
				DB0A842620C084B5006048A8 /* Pods_RushMe.framework */,
				A6922CC6B24716BD257B2F12 /* Pods_RushMe_RushMeUITests.framework */,
				0D408C95B0DA6F3379595E5E /* Pods_RushMeTests.framework */,
			);
			name = Frameworks;
			sourceTree = "<group>";
		};
		DB05F73C1F894A910090DEC3 = {
			isa = PBXGroup;
			children = (
				DB05F7471F894A910090DEC3 /* RushMe */,
				DB05F75E1F894A910090DEC3 /* RushMeTests */,
				DB05F7691F894A910090DEC3 /* RushMeUITests */,
				DB05F7461F894A910090DEC3 /* Products */,
				550BC174F7588FF9C2B7A61C /* Pods */,
				B809A85A7E38A107FA1BA0C6 /* Frameworks */,
			);
			sourceTree = "<group>";
		};
		DB05F7461F894A910090DEC3 /* Products */ = {
			isa = PBXGroup;
			children = (
				DB05F7451F894A910090DEC3 /* RushMe.app */,
				DB05F75B1F894A910090DEC3 /* RushMeTests.xctest */,
				DB05F7661F894A910090DEC3 /* RushMeUITests.xctest */,
				DB9E60ED20C07D5700B2C765 /* Screenshots.xctest */,
			);
			name = Products;
			sourceTree = "<group>";
		};
		DB05F7471F894A910090DEC3 /* RushMe */ = {
			isa = PBXGroup;
			children = (
				DB514FE921501C16006BC05A /* Frontend.swift */,
				DB7E1DDE1F93C239002C6B80 /* Backend.swift */,
				DB514FF8215026C2006BC05A /* Format.swift */,
				DB79BB1420730F9F00411AB1 /* Observable.swift */,
				DB1D200321CECC76001A3D6E /* Notifications.swift */,
				DB51500221502E84006BC05A /* User */,
				DBAF96D220BC6B2800165F5E /* Privacy */,
				DB104820218532C400EDDFB2 /* Images */,
				DB51500E2150316C006BC05A /* Top Level */,
				DB1048212185332200EDDFB2 /* Maps */,
				DB10481E2185325700EDDFB2 /* Fraternities */,
				DB51500D215030F8006BC05A /* Calendar */,
				DB5789821FDC6C630083CB6C /* Settings */,
				DB05F74E1F894A910090DEC3 /* Main.storyboard */,
				DB05F7531F894A910090DEC3 /* LaunchScreen.storyboard */,
				DB05F7511F894A910090DEC3 /* Assets.xcassets */,
				DB05F7561F894A910090DEC3 /* Info.plist */,
				DBD1404F1F92860200945D9B /* RushMe-Bridging-Header.h */,
			);
			path = RushMe;
			sourceTree = "<group>";
		};
		DB05F75E1F894A910090DEC3 /* RushMeTests */ = {
			isa = PBXGroup;
			children = (
				DB05F75F1F894A910090DEC3 /* RushMeTests.swift */,
				DB05F7611F894A910090DEC3 /* Info.plist */,
			);
			path = RushMeTests;
			sourceTree = "<group>";
		};
		DB05F7691F894A910090DEC3 /* RushMeUITests */ = {
			isa = PBXGroup;
			children = (
				DB0D5CFE20C07E4E006A850D /* SnapshotHelper.swift */,
				DB05F76A1F894A910090DEC3 /* RushMeUITests.swift */,
				DB05F76C1F894A910090DEC3 /* Info.plist */,
				DB0D5CFD20C07E4D006A850D /* RushMeUITests-Bridging-Header.h */,
			);
			path = RushMeUITests;
			sourceTree = "<group>";
		};
		DB10481E2185325700EDDFB2 /* Fraternities */ = {
			isa = PBXGroup;
			children = (
				DB05F7781F894AFB0090DEC3 /* Fraternity.swift */,
				DB5150032150307E006BC05A /* Campus.swift */,
				DB1048222185340200EDDFB2 /* Master */,
				DB1048232185340E00EDDFB2 /* Detail */,
			);
			name = Fraternities;
			path = ..;
			sourceTree = "<group>";
		};
		DB104820218532C400EDDFB2 /* Images */ = {
			isa = PBXGroup;
			children = (
				DB5150082150308E006BC05A /* Images.swift */,
				DB394E971FD10AFE004BF952 /* ImageViewController.swift */,
				DB9AC9FF2064428600BD4DCF /* ImagePageViewController.swift */,
				DB10481C2185313500EDDFB2 /* Images.storyboard */,
			);
			name = Images;
			path = "New Group";
			sourceTree = "<group>";
		};
		DB1048212185332200EDDFB2 /* Maps */ = {
			isa = PBXGroup;
			children = (
				DB57897E1FDAE5FD0083CB6C /* MapViewController.swift */,
				DB1048162185309B00EDDFB2 /* Maps.storyboard */,
			);
			path = Maps;
			sourceTree = "<group>";
		};
		DB1048222185340200EDDFB2 /* Master */ = {
			isa = PBXGroup;
			children = (
				DB05F74A1F894A910090DEC3 /* MasterViewController.swift */,
				DB104818218530E100EDDFB2 /* FraternitiesMaster.storyboard */,
				DBD2ED061FEC67AB00407858 /* FraternityTableViewCell.swift */,
			);
			path = Master;
			sourceTree = "<group>";
		};
		DB1048232185340E00EDDFB2 /* Detail */ = {
			isa = PBXGroup;
			children = (
				DB10481421852FFF00EDDFB2 /* FraternityDetail.storyboard */,
				DB05F74C1F894A910090DEC3 /* DetailViewController.swift */,
			);
			path = Detail;
			sourceTree = "<group>";
		};
		DB1048242185345200EDDFB2 /* List */ = {
			isa = PBXGroup;
			children = (
				DB38BC5D217F960400452B15 /* EventList.storyboard */,
				DBA575591FADFFFA009F26A8 /* EventTableViewController.swift */,
				DB627BF31FAE12DD00BA362B /* EventTableViewCell.swift */,
			);
			path = List;
			sourceTree = "<group>";
		};
		DB1048252185345A00EDDFB2 /* Deprecated */ = {
			isa = PBXGroup;
			children = (
				DB8997F21FAC0320006A5246 /* CalendarViewController.swift */,
				DB8997EE1FAC005E006A5246 /* CalendarCollectionViewCell.swift */,
				DB47437D2010002D00B17D1C /* StaticCalendarCollectionViewCell.swift */,
			);
			path = Deprecated;
			sourceTree = "<group>";
		};
		DB514FDC2150118E006BC05A /* Custom Subclasses */ = {
			isa = PBXGroup;
			children = (
				DB9F5A6E205EE87900F03B3B /* ScrollPageViewController.swift */,
				DB1956E21F8AFB4400E2803F /* ScrollButtonViewController.swift */,
				DB6D7DD6206322CB004A70A1 /* SplitViewController.swift */,
			);
			path = "Custom Subclasses";
			sourceTree = "<group>";
		};
		DB51500221502E84006BC05A /* User */ = {
			isa = PBXGroup;
			children = (
				DB514FDF21501868006BC05A /* User.swift */,
			);
			path = User;
			sourceTree = "<group>";
		};
		DB51500D215030F8006BC05A /* Calendar */ = {
			isa = PBXGroup;
			children = (
				DB2338A81FD4F53300FB7118 /* RushCalendar.swift */,
				DBAFB1A421EA60E60089CECA /* RMCalendar */,
				DB1048252185345A00EDDFB2 /* Deprecated */,
				DB1048242185345200EDDFB2 /* List */,
			);
			path = Calendar;
			sourceTree = "<group>";
		};
		DB51500E2150316C006BC05A /* Top Level */ = {
			isa = PBXGroup;
			children = (
				DB05F7481F894A910090DEC3 /* AppDelegate.swift */,
				DBCE4A4A2105406B00D362C4 /* SWViewController.swift */,
				DBCDA2662104FBAE00C11CB2 /* RMViewController.swift */,
				DBD140491F92845100945D9B /* Drawer Menu */,
				DB514FDC2150118E006BC05A /* Custom Subclasses */,
			);
			path = "Top Level";
			sourceTree = "<group>";
		};
		DB5789821FDC6C630083CB6C /* Settings */ = {
			isa = PBXGroup;
			children = (
				DBD1403E1F90FC8200945D9B /* SettingsViewController.swift */,
			);
			path = Settings;
			sourceTree = "<group>";
		};
		DBAF96D220BC6B2800165F5E /* Privacy */ = {
			isa = PBXGroup;
			children = (
				DB514FF321501DCD006BC05A /* Privacy.swift */,
				DBAF96D320BC6B5600165F5E /* PrivacyViewController.swift */,
				DBB1BA7C20B9BD2E0077872F /* Privacy.storyboard */,
			);
			path = Privacy;
			sourceTree = "<group>";
		};
		DBAFB1A421EA60E60089CECA /* RMCalendar */ = {
			isa = PBXGroup;
			children = (
				DBAFB1A521EA611F0089CECA /* RMCalendarViewController.swift */,
				DBAFB1A721EA9CA30089CECA /* RMCalendarCell.swift */,
				DB10481A2185310E00EDDFB2 /* Calendar.storyboard */,
			);
			path = RMCalendar;
			sourceTree = "<group>";
		};
		DBD140491F92845100945D9B /* Drawer Menu */ = {
			isa = PBXGroup;
			children = (
				DB32F38F20C45FCA00257D8C /* DrawerMenuViewController.swift */,
				DBD1404A1F92846E00945D9B /* SlideoutMenu (SWRevealVC) */,
			);
			path = "Drawer Menu";
			sourceTree = "<group>";
		};
		DBD1404A1F92846E00945D9B /* SlideoutMenu (SWRevealVC) */ = {
			isa = PBXGroup;
			children = (
				DB1956DF1F8AF2A500E2803F /* SWRevealViewController.h */,
				DB1956E01F8AF2A500E2803F /* SWRevealViewController.m */,
			);
			path = "SlideoutMenu (SWRevealVC)";
			sourceTree = "<group>";
		};
/* End PBXGroup section */

/* Begin PBXNativeTarget section */
		DB05F7441F894A910090DEC3 /* RushMe */ = {
			isa = PBXNativeTarget;
			buildConfigurationList = DB05F76F1F894A910090DEC3 /* Build configuration list for PBXNativeTarget "RushMe" */;
			buildPhases = (
				ED53647CD5E32AA240329478 /* [CP] Check Pods Manifest.lock */,
				DB05F7411F894A910090DEC3 /* Sources */,
				DB05F7421F894A910090DEC3 /* Frameworks */,
				DB05F7431F894A910090DEC3 /* Resources */,
				DB61D21A1F92B6CE009872DC /* Embed Frameworks */,
				3DCFBEC0E8DA7B976094F45D /* [CP] Embed Pods Frameworks */,
			);
			buildRules = (
			);
			dependencies = (
			);
			name = RushMe;
			productName = RushMe;
			productReference = DB05F7451F894A910090DEC3 /* RushMe.app */;
			productType = "com.apple.product-type.application";
		};
		DB05F75A1F894A910090DEC3 /* RushMeTests */ = {
			isa = PBXNativeTarget;
			buildConfigurationList = DB05F7721F894A910090DEC3 /* Build configuration list for PBXNativeTarget "RushMeTests" */;
			buildPhases = (
				7FC15B42A0F38B0126C3C54D /* [CP] Check Pods Manifest.lock */,
				DB05F7571F894A910090DEC3 /* Sources */,
				DB05F7581F894A910090DEC3 /* Frameworks */,
				DB05F7591F894A910090DEC3 /* Resources */,
			);
			buildRules = (
			);
			dependencies = (
				DB81CC6B217AA5370075B688 /* PBXTargetDependency */,
			);
			name = RushMeTests;
			productName = RushMeTests;
			productReference = DB05F75B1F894A910090DEC3 /* RushMeTests.xctest */;
			productType = "com.apple.product-type.bundle.unit-test";
		};
		DB05F7651F894A910090DEC3 /* RushMeUITests */ = {
			isa = PBXNativeTarget;
			buildConfigurationList = DB05F7751F894A910090DEC3 /* Build configuration list for PBXNativeTarget "RushMeUITests" */;
			buildPhases = (
				DCFACC079306A5EDC64A0425 /* [CP] Check Pods Manifest.lock */,
				DB05F7621F894A910090DEC3 /* Sources */,
				DB05F7631F894A910090DEC3 /* Frameworks */,
				DB05F7641F894A910090DEC3 /* Resources */,
				650E13B5102963C6C62D2D07 /* [CP] Embed Pods Frameworks */,
			);
			buildRules = (
			);
			dependencies = (
				DB81CC69217AA5270075B688 /* PBXTargetDependency */,
			);
			name = RushMeUITests;
			productName = RushMeUITests;
			productReference = DB05F7661F894A910090DEC3 /* RushMeUITests.xctest */;
			productType = "com.apple.product-type.bundle.ui-testing";
		};
		DB9E60EC20C07D5700B2C765 /* Screenshots */ = {
			isa = PBXNativeTarget;
			buildConfigurationList = DB9E60F620C07D5700B2C765 /* Build configuration list for PBXNativeTarget "Screenshots" */;
			buildPhases = (
				DB9E60E920C07D5700B2C765 /* Sources */,
				DB9E60EA20C07D5700B2C765 /* Frameworks */,
				DB9E60EB20C07D5700B2C765 /* Resources */,
			);
			buildRules = (
			);
			dependencies = (
				DB81CBFB217A9D630075B688 /* PBXTargetDependency */,
			);
			name = Screenshots;
			productName = Screenshots;
			productReference = DB9E60ED20C07D5700B2C765 /* Screenshots.xctest */;
			productType = "com.apple.product-type.bundle.ui-testing";
		};
/* End PBXNativeTarget section */

/* Begin PBXProject section */
		DB05F73D1F894A910090DEC3 /* Project object */ = {
			isa = PBXProject;
			attributes = {
				LastSwiftUpdateCheck = 0940;
				LastUpgradeCheck = 1010;
				ORGANIZATIONNAME = "4 1/2 Frat Boys";
				TargetAttributes = {
					DB05F7441F894A910090DEC3 = {
						CreatedOnToolsVersion = 8.3.3;
						DevelopmentTeam = 7KE765B32L;
						LastSwiftMigration = 1020;
						ProvisioningStyle = Automatic;
						SystemCapabilities = {
							com.apple.Push = {
								enabled = 0;
							};
						};
					};
					DB05F75A1F894A910090DEC3 = {
						CreatedOnToolsVersion = 8.3.3;
						DevelopmentTeam = 7KE765B32L;
						LastSwiftMigration = 0940;
						ProvisioningStyle = Automatic;
						TestTargetID = DB05F7441F894A910090DEC3;
					};
					DB05F7651F894A910090DEC3 = {
						CreatedOnToolsVersion = 8.3.3;
						DevelopmentTeam = 7KE765B32L;
						LastSwiftMigration = 0940;
						ProvisioningStyle = Automatic;
						TestTargetID = DB05F7441F894A910090DEC3;
					};
					DB9E60EC20C07D5700B2C765 = {
						CreatedOnToolsVersion = 9.4;
						DevelopmentTeam = 7KE765B32L;
						LastSwiftMigration = 0940;
						ProvisioningStyle = Automatic;
						TestTargetID = DB05F7441F894A910090DEC3;
					};
				};
			};
			buildConfigurationList = DB05F7401F894A910090DEC3 /* Build configuration list for PBXProject "RushMe" */;
			compatibilityVersion = "Xcode 3.2";
			developmentRegion = English;
			hasScannedForEncodings = 0;
			knownRegions = (
				English,
				en,
				Base,
			);
			mainGroup = DB05F73C1F894A910090DEC3;
			productRefGroup = DB05F7461F894A910090DEC3 /* Products */;
			projectDirPath = "";
			projectRoot = "";
			targets = (
				DB05F7441F894A910090DEC3 /* RushMe */,
				DB05F75A1F894A910090DEC3 /* RushMeTests */,
				DB05F7651F894A910090DEC3 /* RushMeUITests */,
				DB9E60EC20C07D5700B2C765 /* Screenshots */,
			);
		};
/* End PBXProject section */

/* Begin PBXResourcesBuildPhase section */
		DB05F7431F894A910090DEC3 /* Resources */ = {
			isa = PBXResourcesBuildPhase;
			buildActionMask = 2147483647;
			files = (
				DB10481B2185310E00EDDFB2 /* Calendar.storyboard in Resources */,
				DB104819218530E100EDDFB2 /* FraternitiesMaster.storyboard in Resources */,
				DB05F7551F894A910090DEC3 /* LaunchScreen.storyboard in Resources */,
				DB1048172185309B00EDDFB2 /* Maps.storyboard in Resources */,
				DB6F569C217F9245007397DB /* Privacy.storyboard in Resources */,
				DB05F7521F894A910090DEC3 /* Assets.xcassets in Resources */,
				DB10481D2185313500EDDFB2 /* Images.storyboard in Resources */,
				DB10481521852FFF00EDDFB2 /* FraternityDetail.storyboard in Resources */,
				DB38BC5E217F960400452B15 /* EventList.storyboard in Resources */,
				DB05F7501F894A910090DEC3 /* Main.storyboard in Resources */,
			);
			runOnlyForDeploymentPostprocessing = 0;
		};
		DB05F7591F894A910090DEC3 /* Resources */ = {
			isa = PBXResourcesBuildPhase;
			buildActionMask = 2147483647;
			files = (
			);
			runOnlyForDeploymentPostprocessing = 0;
		};
		DB05F7641F894A910090DEC3 /* Resources */ = {
			isa = PBXResourcesBuildPhase;
			buildActionMask = 2147483647;
			files = (
			);
			runOnlyForDeploymentPostprocessing = 0;
		};
		DB9E60EB20C07D5700B2C765 /* Resources */ = {
			isa = PBXResourcesBuildPhase;
			buildActionMask = 2147483647;
			files = (
			);
			runOnlyForDeploymentPostprocessing = 0;
		};
/* End PBXResourcesBuildPhase section */

/* Begin PBXShellScriptBuildPhase section */
		3DCFBEC0E8DA7B976094F45D /* [CP] Embed Pods Frameworks */ = {
			isa = PBXShellScriptBuildPhase;
			buildActionMask = 2147483647;
			files = (
			);
			inputPaths = (
				"${SRCROOT}/Pods/Target Support Files/Pods-RushMe/Pods-RushMe-frameworks.sh",
				"${BUILT_PRODUCTS_DIR}/DeviceKit/DeviceKit.framework",
				"${BUILT_PRODUCTS_DIR}/FSCalendar/FSCalendar.framework",
				"${BUILT_PRODUCTS_DIR}/iCalKit/iCalKit.framework",
			);
			name = "[CP] Embed Pods Frameworks";
			outputPaths = (
				"${TARGET_BUILD_DIR}/${FRAMEWORKS_FOLDER_PATH}/DeviceKit.framework",
				"${TARGET_BUILD_DIR}/${FRAMEWORKS_FOLDER_PATH}/FSCalendar.framework",
				"${TARGET_BUILD_DIR}/${FRAMEWORKS_FOLDER_PATH}/iCalKit.framework",
			);
			runOnlyForDeploymentPostprocessing = 0;
			shellPath = /bin/sh;
			shellScript = "\"${SRCROOT}/Pods/Target Support Files/Pods-RushMe/Pods-RushMe-frameworks.sh\"\n";
			showEnvVarsInLog = 0;
		};
		650E13B5102963C6C62D2D07 /* [CP] Embed Pods Frameworks */ = {
			isa = PBXShellScriptBuildPhase;
			buildActionMask = 2147483647;
			files = (
			);
			inputPaths = (
				"${SRCROOT}/Pods/Target Support Files/Pods-RushMe-RushMeUITests/Pods-RushMe-RushMeUITests-frameworks.sh",
				"${BUILT_PRODUCTS_DIR}/DeviceKit/DeviceKit.framework",
				"${BUILT_PRODUCTS_DIR}/FSCalendar/FSCalendar.framework",
				"${BUILT_PRODUCTS_DIR}/iCalKit/iCalKit.framework",
			);
			name = "[CP] Embed Pods Frameworks";
			outputPaths = (
				"${TARGET_BUILD_DIR}/${FRAMEWORKS_FOLDER_PATH}/DeviceKit.framework",
				"${TARGET_BUILD_DIR}/${FRAMEWORKS_FOLDER_PATH}/FSCalendar.framework",
				"${TARGET_BUILD_DIR}/${FRAMEWORKS_FOLDER_PATH}/iCalKit.framework",
			);
			runOnlyForDeploymentPostprocessing = 0;
			shellPath = /bin/sh;
			shellScript = "\"${SRCROOT}/Pods/Target Support Files/Pods-RushMe-RushMeUITests/Pods-RushMe-RushMeUITests-frameworks.sh\"\n";
			showEnvVarsInLog = 0;
		};
		7FC15B42A0F38B0126C3C54D /* [CP] Check Pods Manifest.lock */ = {
			isa = PBXShellScriptBuildPhase;
			buildActionMask = 2147483647;
			files = (
			);
			inputPaths = (
				"${PODS_PODFILE_DIR_PATH}/Podfile.lock",
				"${PODS_ROOT}/Manifest.lock",
			);
			name = "[CP] Check Pods Manifest.lock";
			outputPaths = (
				"$(DERIVED_FILE_DIR)/Pods-RushMeTests-checkManifestLockResult.txt",
			);
			runOnlyForDeploymentPostprocessing = 0;
			shellPath = /bin/sh;
			shellScript = "diff \"${PODS_PODFILE_DIR_PATH}/Podfile.lock\" \"${PODS_ROOT}/Manifest.lock\" > /dev/null\nif [ $? != 0 ] ; then\n    # print error to STDERR\n    echo \"error: The sandbox is not in sync with the Podfile.lock. Run 'pod install' or update your CocoaPods installation.\" >&2\n    exit 1\nfi\n# This output is used by Xcode 'outputs' to avoid re-running this script phase.\necho \"SUCCESS\" > \"${SCRIPT_OUTPUT_FILE_0}\"\n";
			showEnvVarsInLog = 0;
		};
		DCFACC079306A5EDC64A0425 /* [CP] Check Pods Manifest.lock */ = {
			isa = PBXShellScriptBuildPhase;
			buildActionMask = 2147483647;
			files = (
			);
			inputPaths = (
				"${PODS_PODFILE_DIR_PATH}/Podfile.lock",
				"${PODS_ROOT}/Manifest.lock",
			);
			name = "[CP] Check Pods Manifest.lock";
			outputPaths = (
				"$(DERIVED_FILE_DIR)/Pods-RushMe-RushMeUITests-checkManifestLockResult.txt",
			);
			runOnlyForDeploymentPostprocessing = 0;
			shellPath = /bin/sh;
			shellScript = "diff \"${PODS_PODFILE_DIR_PATH}/Podfile.lock\" \"${PODS_ROOT}/Manifest.lock\" > /dev/null\nif [ $? != 0 ] ; then\n    # print error to STDERR\n    echo \"error: The sandbox is not in sync with the Podfile.lock. Run 'pod install' or update your CocoaPods installation.\" >&2\n    exit 1\nfi\n# This output is used by Xcode 'outputs' to avoid re-running this script phase.\necho \"SUCCESS\" > \"${SCRIPT_OUTPUT_FILE_0}\"\n";
			showEnvVarsInLog = 0;
		};
		ED53647CD5E32AA240329478 /* [CP] Check Pods Manifest.lock */ = {
			isa = PBXShellScriptBuildPhase;
			buildActionMask = 2147483647;
			files = (
			);
			inputPaths = (
				"${PODS_PODFILE_DIR_PATH}/Podfile.lock",
				"${PODS_ROOT}/Manifest.lock",
			);
			name = "[CP] Check Pods Manifest.lock";
			outputPaths = (
				"$(DERIVED_FILE_DIR)/Pods-RushMe-checkManifestLockResult.txt",
			);
			runOnlyForDeploymentPostprocessing = 0;
			shellPath = /bin/sh;
			shellScript = "diff \"${PODS_PODFILE_DIR_PATH}/Podfile.lock\" \"${PODS_ROOT}/Manifest.lock\" > /dev/null\nif [ $? != 0 ] ; then\n    # print error to STDERR\n    echo \"error: The sandbox is not in sync with the Podfile.lock. Run 'pod install' or update your CocoaPods installation.\" >&2\n    exit 1\nfi\n# This output is used by Xcode 'outputs' to avoid re-running this script phase.\necho \"SUCCESS\" > \"${SCRIPT_OUTPUT_FILE_0}\"\n";
			showEnvVarsInLog = 0;
		};
/* End PBXShellScriptBuildPhase section */

/* Begin PBXSourcesBuildPhase section */
		DB05F7411F894A910090DEC3 /* Sources */ = {
			isa = PBXSourcesBuildPhase;
			buildActionMask = 2147483647;
			files = (
				DB627BF41FAE12DD00BA362B /* EventTableViewCell.swift in Sources */,
				DB47437E2010002D00B17D1C /* StaticCalendarCollectionViewCell.swift in Sources */,
				DBA5755A1FADFFFA009F26A8 /* EventTableViewController.swift in Sources */,
				DBCE4A4B2105406B00D362C4 /* SWViewController.swift in Sources */,
				DB9ACA002064428600BD4DCF /* ImagePageViewController.swift in Sources */,
				DB1956E11F8AF2A500E2803F /* SWRevealViewController.m in Sources */,
				DB514FF421501DCD006BC05A /* Privacy.swift in Sources */,
				DB57897F1FDAE5FD0083CB6C /* MapViewController.swift in Sources */,
				DB9F5A6F205EE87900F03B3B /* ScrollPageViewController.swift in Sources */,
				DB514FEA21501C16006BC05A /* Frontend.swift in Sources */,
				DB05F74D1F894A910090DEC3 /* DetailViewController.swift in Sources */,
				DB8997F31FAC0320006A5246 /* CalendarViewController.swift in Sources */,
				DB5150092150308E006BC05A /* Images.swift in Sources */,
				DBAFB1A621EA611F0089CECA /* RMCalendarViewController.swift in Sources */,
				DB1956E31F8AFB4400E2803F /* ScrollButtonViewController.swift in Sources */,
				DB05F74B1F894A910090DEC3 /* MasterViewController.swift in Sources */,
				DBCDA2672104FBAE00C11CB2 /* RMViewController.swift in Sources */,
				DB6D7DD7206322CB004A70A1 /* SplitViewController.swift in Sources */,
				DBD2ED071FEC67AB00407858 /* FraternityTableViewCell.swift in Sources */,
				DBAFB1A821EA9CA30089CECA /* RMCalendarCell.swift in Sources */,
				DB05F7491F894A910090DEC3 /* AppDelegate.swift in Sources */,
				DB05F7791F894AFB0090DEC3 /* Fraternity.swift in Sources */,
				DB32F39120C45FCA00257D8C /* DrawerMenuViewController.swift in Sources */,
				DBAF96D420BC6B5600165F5E /* PrivacyViewController.swift in Sources */,
				DB0A15EC2166A19300433D51 /* Campus.swift in Sources */,
				DB8997EF1FAC005E006A5246 /* CalendarCollectionViewCell.swift in Sources */,
				DB1D200421CECC76001A3D6E /* Notifications.swift in Sources */,
				DB7E1DDF1F93C239002C6B80 /* Backend.swift in Sources */,
				DB514FE021501868006BC05A /* User.swift in Sources */,
				DB2338A91FD4F53300FB7118 /* RushCalendar.swift in Sources */,
				DB514FF9215026C2006BC05A /* Format.swift in Sources */,
				DB79BB1520730F9F00411AB1 /* Observable.swift in Sources */,
				DB6F5699217F8BAC007397DB /* RushMe-Bridging-Header.h in Sources */,
				DB394E981FD10AFE004BF952 /* ImageViewController.swift in Sources */,
				DBD1403F1F90FC8200945D9B /* SettingsViewController.swift in Sources */,
			);
			runOnlyForDeploymentPostprocessing = 0;
		};
		DB05F7571F894A910090DEC3 /* Sources */ = {
			isa = PBXSourcesBuildPhase;
			buildActionMask = 2147483647;
			files = (
				DB81CC6C217AA54F0075B688 /* AppDelegate.swift in Sources */,
				DB81CC6D217AA54F0075B688 /* Frontend.swift in Sources */,
				DB81CC6E217AA54F0075B688 /* Backend.swift in Sources */,
				DB81CC6F217AA54F0075B688 /* User.swift in Sources */,
				DB81CC71217AA54F0075B688 /* PrivacyViewController.swift in Sources */,
				DB81CC73217AA54F0075B688 /* Campus.swift in Sources */,
				DB81CC74217AA54F0075B688 /* Fraternity.swift in Sources */,
				DB81CC75217AA54F0075B688 /* RushCalendar.swift in Sources */,
				DB81CC76217AA54F0075B688 /* Format.swift in Sources */,
				DB81CC77217AA54F0075B688 /* Images.swift in Sources */,
				DB81CC78217AA54F0075B688 /* Observable.swift in Sources */,
				DB81CC79217AA54F0075B688 /* CalendarCollectionViewCell.swift in Sources */,
				DB81CC7A217AA54F0075B688 /* StaticCalendarCollectionViewCell.swift in Sources */,
				DB81CC7C217AA54F0075B688 /* EventTableViewCell.swift in Sources */,
				DB81CC7D217AA54F0075B688 /* SWViewController.swift in Sources */,
				DB81CC7E217AA54F0075B688 /* DrawerMenuViewController.swift in Sources */,
				DB81CC7F217AA54F0075B688 /* RMViewController.swift in Sources */,
				DB81CC81217AA54F0075B688 /* DetailViewController.swift in Sources */,
				DB81CC82217AA54F0075B688 /* ImageViewController.swift in Sources */,
				DB81CC83217AA54F0075B688 /* ImagePageViewController.swift in Sources */,
				DB81CC84217AA54F0075B688 /* CalendarViewController.swift in Sources */,
				DB81CC85217AA54F0075B688 /* EventTableViewController.swift in Sources */,
				DB81CC86217AA54F0075B688 /* MapViewController.swift in Sources */,
				DB81CC87217AA54F0075B688 /* SettingsViewController.swift in Sources */,
				DB81CC88217AA54F0075B688 /* SWRevealViewController.h in Sources */,
				DB81CC89217AA54F0075B688 /* SWRevealViewController.m in Sources */,
				DB81CC8A217AA54F0075B688 /* ScrollPageViewController.swift in Sources */,
				DB81CC8B217AA54F0075B688 /* ScrollButtonViewController.swift in Sources */,
				DB81CC8C217AA54F0075B688 /* SplitViewController.swift in Sources */,
				DB81CC8F217AA54F0075B688 /* Assets.xcassets in Sources */,
				DB81CC90217AA54F0075B688 /* Info.plist in Sources */,
				DB81CC91217AA54F0075B688 /* RushMe-Bridging-Header.h in Sources */,
				DB81CC9A217AA54F0075B688 /* RushMeTests.swift in Sources */,
				DB81CC9C217AA54F0075B688 /* SnapshotHelper.swift in Sources */,
				DB81CC9D217AA54F0075B688 /* RushMeUITests.swift in Sources */,
				DB81CC9F217AA54F0075B688 /* RushMeUITests-Bridging-Header.h in Sources */,
			);
			runOnlyForDeploymentPostprocessing = 0;
		};
		DB05F7621F894A910090DEC3 /* Sources */ = {
			isa = PBXSourcesBuildPhase;
			buildActionMask = 2147483647;
			files = (
				DBC9724421F8D26E00CB3C07 /* Frontend.swift in Sources */,
				DBC9724521F8D26E00CB3C07 /* Backend.swift in Sources */,
				DBC9724621F8D26E00CB3C07 /* Format.swift in Sources */,
				DBC9724721F8D26E00CB3C07 /* Observable.swift in Sources */,
				DBC9724821F8D26E00CB3C07 /* User.swift in Sources */,
				DBC9724921F8D26E00CB3C07 /* Privacy.swift in Sources */,
				DBC9724A21F8D26E00CB3C07 /* PrivacyViewController.swift in Sources */,
				DBC9724B21F8D26E00CB3C07 /* Privacy.storyboard in Sources */,
				DBC9724C21F8D26E00CB3C07 /* Images.swift in Sources */,
				DBC9724D21F8D26E00CB3C07 /* ImageViewController.swift in Sources */,
				DBC9724E21F8D26E00CB3C07 /* ImagePageViewController.swift in Sources */,
				DBC9724F21F8D26E00CB3C07 /* Images.storyboard in Sources */,
				DBC9725021F8D26E00CB3C07 /* AppDelegate.swift in Sources */,
				DBC9725121F8D26E00CB3C07 /* SWViewController.swift in Sources */,
				DBC9725221F8D26E00CB3C07 /* RMViewController.swift in Sources */,
				DBC9725321F8D26E00CB3C07 /* DrawerMenuViewController.swift in Sources */,
				DBC9725421F8D26E00CB3C07 /* SWRevealViewController.h in Sources */,
				DBC9725521F8D26E00CB3C07 /* SWRevealViewController.m in Sources */,
				DBC9725621F8D26E00CB3C07 /* ScrollPageViewController.swift in Sources */,
				DBC9725721F8D26E00CB3C07 /* ScrollButtonViewController.swift in Sources */,
				DBC9725821F8D26E00CB3C07 /* SplitViewController.swift in Sources */,
				DBC9725921F8D26E00CB3C07 /* MapViewController.swift in Sources */,
				DBC9725A21F8D26E00CB3C07 /* Maps.storyboard in Sources */,
				DBC9725B21F8D26E00CB3C07 /* Fraternity.swift in Sources */,
				DBC9725C21F8D26E00CB3C07 /* Campus.swift in Sources */,
				DBC9725D21F8D26E00CB3C07 /* MasterViewController.swift in Sources */,
				DBC9725E21F8D26E00CB3C07 /* FraternitiesMaster.storyboard in Sources */,
				DBC9725F21F8D26E00CB3C07 /* FraternityTableViewCell.swift in Sources */,
				DBC9726021F8D26E00CB3C07 /* FraternityDetail.storyboard in Sources */,
				DBC9726121F8D26E00CB3C07 /* DetailViewController.swift in Sources */,
				DBC9726221F8D26E00CB3C07 /* RushCalendar.swift in Sources */,
				DBC9726321F8D26E00CB3C07 /* RMCalendarViewController.swift in Sources */,
				DBC9726421F8D26E00CB3C07 /* RMCalendarCell.swift in Sources */,
				DBC9726521F8D26E00CB3C07 /* Calendar.storyboard in Sources */,
				DBC9726621F8D26E00CB3C07 /* CalendarViewController.swift in Sources */,
				DBC9726721F8D26E00CB3C07 /* CalendarCollectionViewCell.swift in Sources */,
				DBC9726821F8D26E00CB3C07 /* StaticCalendarCollectionViewCell.swift in Sources */,
				DBC9726921F8D26E00CB3C07 /* EventList.storyboard in Sources */,
				DBC9726A21F8D26E00CB3C07 /* EventTableViewController.swift in Sources */,
				DBC9726B21F8D26E00CB3C07 /* EventTableViewCell.swift in Sources */,
				DBC9726C21F8D26E00CB3C07 /* SettingsViewController.swift in Sources */,
				DBC9726D21F8D26E00CB3C07 /* Main.storyboard in Sources */,
				DBC9726E21F8D26E00CB3C07 /* LaunchScreen.storyboard in Sources */,
				DBC9726F21F8D26E00CB3C07 /* Assets.xcassets in Sources */,
				DBC9727121F8D26E00CB3C07 /* RushMe-Bridging-Header.h in Sources */,
				DB1D200521CECC76001A3D6E /* Notifications.swift in Sources */,
				DB269732217E07C8004361F7 /* SnapshotHelper.swift in Sources */,
				DB269731217E07B3004361F7 /* RushMeUITests.swift in Sources */,
			);
			runOnlyForDeploymentPostprocessing = 0;
		};
		DB9E60E920C07D5700B2C765 /* Sources */ = {
			isa = PBXSourcesBuildPhase;
			buildActionMask = 2147483647;
			files = (
				DB81CC29217AA4A40075B688 /* RushMeTests.swift in Sources */,
				DB81CC22217AA3DC0075B688 /* SnapshotHelper.swift in Sources */,
				DB81CC23217AA3DC0075B688 /* RushMeUITests.swift in Sources */,
				DB81CC25217AA3DC0075B688 /* RushMeUITests-Bridging-Header.h in Sources */,
				DB81CBFC217A9F080075B688 /* AppDelegate.swift in Sources */,
				DB81CBFD217A9F080075B688 /* Frontend.swift in Sources */,
				DB81CBFE217A9F080075B688 /* Backend.swift in Sources */,
				DB81CBFF217A9F080075B688 /* User.swift in Sources */,
				DB81CC00217A9F080075B688 /* Privacy.swift in Sources */,
				DB81CC01217A9F080075B688 /* PrivacyViewController.swift in Sources */,
				DB81CC03217A9F080075B688 /* Campus.swift in Sources */,
				DB81CC04217A9F080075B688 /* Fraternity.swift in Sources */,
				DB81CC05217A9F080075B688 /* RushCalendar.swift in Sources */,
				DB81CC06217A9F080075B688 /* Format.swift in Sources */,
				DB81CC07217A9F080075B688 /* Images.swift in Sources */,
				DB81CC08217A9F080075B688 /* Observable.swift in Sources */,
				DB81CC09217A9F080075B688 /* CalendarCollectionViewCell.swift in Sources */,
				DB81CC0A217A9F080075B688 /* StaticCalendarCollectionViewCell.swift in Sources */,
				DB81CC0C217A9F080075B688 /* EventTableViewCell.swift in Sources */,
				DB81CC0D217A9F080075B688 /* SWViewController.swift in Sources */,
				DB1D200621CECC76001A3D6E /* Notifications.swift in Sources */,
				DB81CC0E217A9F080075B688 /* DrawerMenuViewController.swift in Sources */,
				DB81CC0F217A9F080075B688 /* RMViewController.swift in Sources */,
				DB81CC11217A9F080075B688 /* DetailViewController.swift in Sources */,
				DB81CC12217A9F080075B688 /* ImageViewController.swift in Sources */,
				DB81CC13217A9F080075B688 /* ImagePageViewController.swift in Sources */,
				DB81CC14217A9F080075B688 /* CalendarViewController.swift in Sources */,
				DB81CC15217A9F080075B688 /* EventTableViewController.swift in Sources */,
				DB81CC16217A9F080075B688 /* MapViewController.swift in Sources */,
				DB81CC17217A9F080075B688 /* SettingsViewController.swift in Sources */,
				DB81CC18217A9F080075B688 /* SWRevealViewController.h in Sources */,
				DB81CC19217A9F080075B688 /* SWRevealViewController.m in Sources */,
				DB81CC1A217A9F080075B688 /* ScrollPageViewController.swift in Sources */,
				DB81CC1B217A9F080075B688 /* ScrollButtonViewController.swift in Sources */,
				DB81CC1C217A9F080075B688 /* SplitViewController.swift in Sources */,
				DB81CC1F217A9F080075B688 /* Assets.xcassets in Sources */,
				DB81CC20217A9F080075B688 /* Info.plist in Sources */,
				DB81CC21217A9F080075B688 /* RushMe-Bridging-Header.h in Sources */,
			);
			runOnlyForDeploymentPostprocessing = 0;
		};
/* End PBXSourcesBuildPhase section */

/* Begin PBXTargetDependency section */
		DB81CBFB217A9D630075B688 /* PBXTargetDependency */ = {
			isa = PBXTargetDependency;
			target = DB05F7441F894A910090DEC3 /* RushMe */;
			targetProxy = DB81CBFA217A9D630075B688 /* PBXContainerItemProxy */;
		};
		DB81CC69217AA5270075B688 /* PBXTargetDependency */ = {
			isa = PBXTargetDependency;
			target = DB05F7441F894A910090DEC3 /* RushMe */;
			targetProxy = DB81CC68217AA5270075B688 /* PBXContainerItemProxy */;
		};
		DB81CC6B217AA5370075B688 /* PBXTargetDependency */ = {
			isa = PBXTargetDependency;
			target = DB05F7441F894A910090DEC3 /* RushMe */;
			targetProxy = DB81CC6A217AA5370075B688 /* PBXContainerItemProxy */;
		};
/* End PBXTargetDependency section */

/* Begin PBXVariantGroup section */
		DB05F74E1F894A910090DEC3 /* Main.storyboard */ = {
			isa = PBXVariantGroup;
			children = (
				DB05F74F1F894A910090DEC3 /* Base */,
			);
			name = Main.storyboard;
			sourceTree = "<group>";
		};
		DB05F7531F894A910090DEC3 /* LaunchScreen.storyboard */ = {
			isa = PBXVariantGroup;
			children = (
				DB05F7541F894A910090DEC3 /* Base */,
			);
			name = LaunchScreen.storyboard;
			sourceTree = "<group>";
		};
/* End PBXVariantGroup section */

/* Begin XCBuildConfiguration section */
		DB05F76D1F894A910090DEC3 /* Debug */ = {
			isa = XCBuildConfiguration;
			buildSettings = {
				ALWAYS_SEARCH_USER_PATHS = NO;
				CLANG_ANALYZER_NONNULL = YES;
				CLANG_ANALYZER_NUMBER_OBJECT_CONVERSION = YES_AGGRESSIVE;
				CLANG_CXX_LANGUAGE_STANDARD = "gnu++0x";
				CLANG_CXX_LIBRARY = "libc++";
				CLANG_ENABLE_MODULES = YES;
				CLANG_ENABLE_OBJC_ARC = YES;
				CLANG_WARN_BLOCK_CAPTURE_AUTORELEASING = YES;
				CLANG_WARN_BOOL_CONVERSION = YES;
				CLANG_WARN_COMMA = YES;
				CLANG_WARN_CONSTANT_CONVERSION = YES;
				CLANG_WARN_DEPRECATED_OBJC_IMPLEMENTATIONS = YES;
				CLANG_WARN_DIRECT_OBJC_ISA_USAGE = YES_ERROR;
				CLANG_WARN_DOCUMENTATION_COMMENTS = YES;
				CLANG_WARN_EMPTY_BODY = YES;
				CLANG_WARN_ENUM_CONVERSION = YES;
				CLANG_WARN_INFINITE_RECURSION = YES;
				CLANG_WARN_INT_CONVERSION = YES;
				CLANG_WARN_NON_LITERAL_NULL_CONVERSION = YES;
				CLANG_WARN_OBJC_IMPLICIT_RETAIN_SELF = YES;
				CLANG_WARN_OBJC_LITERAL_CONVERSION = YES;
				CLANG_WARN_OBJC_ROOT_CLASS = YES_ERROR;
				CLANG_WARN_RANGE_LOOP_ANALYSIS = YES;
				CLANG_WARN_STRICT_PROTOTYPES = YES;
				CLANG_WARN_SUSPICIOUS_MOVE = YES;
				CLANG_WARN_UNREACHABLE_CODE = YES;
				CLANG_WARN__DUPLICATE_METHOD_MATCH = YES;
				"CODE_SIGN_IDENTITY[sdk=iphoneos*]" = "iPhone Developer";
				COPY_PHASE_STRIP = NO;
				DEBUG_INFORMATION_FORMAT = dwarf;
				ENABLE_STRICT_OBJC_MSGSEND = YES;
				ENABLE_TESTABILITY = YES;
				GCC_C_LANGUAGE_STANDARD = gnu99;
				GCC_DYNAMIC_NO_PIC = NO;
				GCC_NO_COMMON_BLOCKS = YES;
				GCC_OPTIMIZATION_LEVEL = 0;
				GCC_PREPROCESSOR_DEFINITIONS = (
					"DEBUG=1",
					"$(inherited)",
				);
				GCC_WARN_64_TO_32_BIT_CONVERSION = YES;
				GCC_WARN_ABOUT_RETURN_TYPE = YES_ERROR;
				GCC_WARN_UNDECLARED_SELECTOR = YES;
				GCC_WARN_UNINITIALIZED_AUTOS = YES_AGGRESSIVE;
				GCC_WARN_UNUSED_FUNCTION = YES;
				GCC_WARN_UNUSED_VARIABLE = YES;
				IPHONEOS_DEPLOYMENT_TARGET = 10.3;
				MTL_ENABLE_DEBUG_INFO = YES;
				ONLY_ACTIVE_ARCH = YES;
				SDKROOT = iphoneos;
				SWIFT_ACTIVE_COMPILATION_CONDITIONS = DEBUG;
				SWIFT_OPTIMIZATION_LEVEL = "-Onone";
				TARGETED_DEVICE_FAMILY = "1,2";
			};
			name = Debug;
		};
		DB05F76E1F894A910090DEC3 /* Release */ = {
			isa = XCBuildConfiguration;
			buildSettings = {
				ALWAYS_SEARCH_USER_PATHS = NO;
				CLANG_ANALYZER_NONNULL = YES;
				CLANG_ANALYZER_NUMBER_OBJECT_CONVERSION = YES_AGGRESSIVE;
				CLANG_CXX_LANGUAGE_STANDARD = "gnu++0x";
				CLANG_CXX_LIBRARY = "libc++";
				CLANG_ENABLE_MODULES = YES;
				CLANG_ENABLE_OBJC_ARC = YES;
				CLANG_WARN_BLOCK_CAPTURE_AUTORELEASING = YES;
				CLANG_WARN_BOOL_CONVERSION = YES;
				CLANG_WARN_COMMA = YES;
				CLANG_WARN_CONSTANT_CONVERSION = YES;
				CLANG_WARN_DEPRECATED_OBJC_IMPLEMENTATIONS = YES;
				CLANG_WARN_DIRECT_OBJC_ISA_USAGE = YES_ERROR;
				CLANG_WARN_DOCUMENTATION_COMMENTS = YES;
				CLANG_WARN_EMPTY_BODY = YES;
				CLANG_WARN_ENUM_CONVERSION = YES;
				CLANG_WARN_INFINITE_RECURSION = YES;
				CLANG_WARN_INT_CONVERSION = YES;
				CLANG_WARN_NON_LITERAL_NULL_CONVERSION = YES;
				CLANG_WARN_OBJC_IMPLICIT_RETAIN_SELF = YES;
				CLANG_WARN_OBJC_LITERAL_CONVERSION = YES;
				CLANG_WARN_OBJC_ROOT_CLASS = YES_ERROR;
				CLANG_WARN_RANGE_LOOP_ANALYSIS = YES;
				CLANG_WARN_STRICT_PROTOTYPES = YES;
				CLANG_WARN_SUSPICIOUS_MOVE = YES;
				CLANG_WARN_UNREACHABLE_CODE = YES;
				CLANG_WARN__DUPLICATE_METHOD_MATCH = YES;
				"CODE_SIGN_IDENTITY[sdk=iphoneos*]" = "iPhone Developer";
				COPY_PHASE_STRIP = NO;
				DEBUG_INFORMATION_FORMAT = "dwarf-with-dsym";
				ENABLE_NS_ASSERTIONS = NO;
				ENABLE_STRICT_OBJC_MSGSEND = YES;
				GCC_C_LANGUAGE_STANDARD = gnu99;
				GCC_NO_COMMON_BLOCKS = YES;
				GCC_WARN_64_TO_32_BIT_CONVERSION = YES;
				GCC_WARN_ABOUT_RETURN_TYPE = YES_ERROR;
				GCC_WARN_UNDECLARED_SELECTOR = YES;
				GCC_WARN_UNINITIALIZED_AUTOS = YES_AGGRESSIVE;
				GCC_WARN_UNUSED_FUNCTION = YES;
				GCC_WARN_UNUSED_VARIABLE = YES;
				IPHONEOS_DEPLOYMENT_TARGET = 10.3;
				MTL_ENABLE_DEBUG_INFO = NO;
				SDKROOT = iphoneos;
				SWIFT_OPTIMIZATION_LEVEL = "-Owholemodule";
				TARGETED_DEVICE_FAMILY = "1,2";
				VALIDATE_PRODUCT = YES;
			};
			name = Release;
		};
		DB05F7701F894A910090DEC3 /* Debug */ = {
			isa = XCBuildConfiguration;
			baseConfigurationReference = 721F41F070E0F29641A6CF3A /* Pods-RushMe.debug.xcconfig */;
			buildSettings = {
				ALWAYS_EMBED_SWIFT_STANDARD_LIBRARIES = YES;
				ASSETCATALOG_COMPILER_APPICON_NAME = AppIcon;
				ASSETCATALOG_COMPILER_LAUNCHIMAGE_NAME = LaunchImage;
				CLANG_ENABLE_MODULES = YES;
				CODE_SIGN_IDENTITY = "iPhone Developer";
				CURRENT_PROJECT_VERSION = 48;
				DEVELOPMENT_TEAM = 7KE765B32L;
				INFOPLIST_FILE = RushMe/Info.plist;
				IPHONEOS_DEPLOYMENT_TARGET = 11.0;
				LD_RUNPATH_SEARCH_PATHS = "$(inherited) @executable_path/Frameworks";
				PRODUCT_BUNDLE_IDENTIFIER = FratBoys.RushMe;
				PRODUCT_NAME = "$(TARGET_NAME)";
				SWIFT_OBJC_BRIDGING_HEADER = "RushMe/RushMe-Bridging-Header.h";
				SWIFT_OPTIMIZATION_LEVEL = "-Onone";
				SWIFT_VERSION = 5.0;
				TARGETED_DEVICE_FAMILY = 1;
				VERSIONING_SYSTEM = "apple-generic";
			};
			name = Debug;
		};
		DB05F7711F894A910090DEC3 /* Release */ = {
			isa = XCBuildConfiguration;
			baseConfigurationReference = E4B1F4D4E0ACED8A6F204873 /* Pods-RushMe.release.xcconfig */;
			buildSettings = {
				ALWAYS_EMBED_SWIFT_STANDARD_LIBRARIES = YES;
				ASSETCATALOG_COMPILER_APPICON_NAME = AppIcon;
				ASSETCATALOG_COMPILER_LAUNCHIMAGE_NAME = LaunchImage;
				CLANG_ENABLE_MODULES = YES;
				CODE_SIGN_IDENTITY = "iPhone Developer";
				CURRENT_PROJECT_VERSION = 48;
				DEVELOPMENT_TEAM = 7KE765B32L;
				INFOPLIST_FILE = RushMe/Info.plist;
				IPHONEOS_DEPLOYMENT_TARGET = 11.0;
				LD_RUNPATH_SEARCH_PATHS = "$(inherited) @executable_path/Frameworks";
				PRODUCT_BUNDLE_IDENTIFIER = FratBoys.RushMe;
				PRODUCT_NAME = "$(TARGET_NAME)";
				SWIFT_OBJC_BRIDGING_HEADER = "RushMe/RushMe-Bridging-Header.h";
				SWIFT_VERSION = 5.0;
				TARGETED_DEVICE_FAMILY = 1;
				VERSIONING_SYSTEM = "apple-generic";
			};
			name = Release;
		};
		DB05F7731F894A910090DEC3 /* Debug */ = {
			isa = XCBuildConfiguration;
			baseConfigurationReference = CA1545654F3424CBF44F0D6D /* Pods-RushMeTests.debug.xcconfig */;
			buildSettings = {
				ALWAYS_EMBED_SWIFT_STANDARD_LIBRARIES = YES;
				CLANG_ENABLE_MODULES = YES;
				DEVELOPMENT_TEAM = 7KE765B32L;
				INFOPLIST_FILE = RushMeTests/Info.plist;
				LD_RUNPATH_SEARCH_PATHS = "$(inherited) @executable_path/Frameworks @loader_path/Frameworks";
				PRODUCT_BUNDLE_IDENTIFIER = FratBoys.RushMeTests;
				PRODUCT_NAME = "$(TARGET_NAME)";
				SWIFT_OPTIMIZATION_LEVEL = "-Onone";
				SWIFT_SWIFT3_OBJC_INFERENCE = On;
				SWIFT_VERSION = 4.0;
				TEST_HOST = "$(BUILT_PRODUCTS_DIR)/RushMe.app/RushMe";
			};
			name = Debug;
		};
		DB05F7741F894A910090DEC3 /* Release */ = {
			isa = XCBuildConfiguration;
			baseConfigurationReference = F9CA2D544FE001362499BA32 /* Pods-RushMeTests.release.xcconfig */;
			buildSettings = {
				ALWAYS_EMBED_SWIFT_STANDARD_LIBRARIES = YES;
				CLANG_ENABLE_MODULES = YES;
				DEVELOPMENT_TEAM = 7KE765B32L;
				INFOPLIST_FILE = RushMeTests/Info.plist;
				LD_RUNPATH_SEARCH_PATHS = "$(inherited) @executable_path/Frameworks @loader_path/Frameworks";
				PRODUCT_BUNDLE_IDENTIFIER = FratBoys.RushMeTests;
				PRODUCT_NAME = "$(TARGET_NAME)";
				SWIFT_SWIFT3_OBJC_INFERENCE = On;
				SWIFT_VERSION = 4.0;
				TEST_HOST = "$(BUILT_PRODUCTS_DIR)/RushMe.app/RushMe";
			};
			name = Release;
		};
		DB05F7761F894A910090DEC3 /* Debug */ = {
			isa = XCBuildConfiguration;
			baseConfigurationReference = B97419B9AB376617C1B2B6B4 /* Pods-RushMe-RushMeUITests.debug.xcconfig */;
			buildSettings = {
				ALWAYS_EMBED_SWIFT_STANDARD_LIBRARIES = YES;
				CLANG_ENABLE_MODULES = YES;
				DEVELOPMENT_TEAM = 7KE765B32L;
				INFOPLIST_FILE = RushMeUITests/Info.plist;
				LD_RUNPATH_SEARCH_PATHS = "$(inherited) @executable_path/Frameworks @loader_path/Frameworks";
				PRODUCT_BUNDLE_IDENTIFIER = FratBoys.RushMeUITests;
				PRODUCT_NAME = "$(TARGET_NAME)";
				PROVISIONING_PROFILE = "";
				SWIFT_OBJC_BRIDGING_HEADER = "RushMeUITests/RushMeUITests-Bridging-Header.h";
				SWIFT_OPTIMIZATION_LEVEL = "-Onone";
				SWIFT_SWIFT3_OBJC_INFERENCE = On;
				SWIFT_VERSION = 4.2;
				TEST_TARGET_NAME = RushMe;
			};
			name = Debug;
		};
		DB05F7771F894A910090DEC3 /* Release */ = {
			isa = XCBuildConfiguration;
			baseConfigurationReference = B94D4ADAF90DF4AC8150A6A9 /* Pods-RushMe-RushMeUITests.release.xcconfig */;
			buildSettings = {
				ALWAYS_EMBED_SWIFT_STANDARD_LIBRARIES = YES;
				CLANG_ENABLE_MODULES = YES;
				DEVELOPMENT_TEAM = 7KE765B32L;
				INFOPLIST_FILE = RushMeUITests/Info.plist;
				LD_RUNPATH_SEARCH_PATHS = "$(inherited) @executable_path/Frameworks @loader_path/Frameworks";
				PRODUCT_BUNDLE_IDENTIFIER = FratBoys.RushMeUITests;
				PRODUCT_NAME = "$(TARGET_NAME)";
				PROVISIONING_PROFILE = "";
				SWIFT_OBJC_BRIDGING_HEADER = "RushMeUITests/RushMeUITests-Bridging-Header.h";
				SWIFT_SWIFT3_OBJC_INFERENCE = On;
				SWIFT_VERSION = 4.2;
				TEST_TARGET_NAME = RushMe;
			};
			name = Release;
		};
		DB9E60F420C07D5700B2C765 /* Debug */ = {
			isa = XCBuildConfiguration;
			buildSettings = {
				ALWAYS_EMBED_SWIFT_STANDARD_LIBRARIES = YES;
				CLANG_CXX_LANGUAGE_STANDARD = "gnu++14";
				CLANG_ENABLE_MODULES = YES;
				CLANG_ENABLE_OBJC_WEAK = YES;
				CLANG_WARN_UNGUARDED_AVAILABILITY = YES_AGGRESSIVE;
				CODE_SIGN_IDENTITY = "iPhone Developer";
				CODE_SIGN_STYLE = Automatic;
				DEVELOPMENT_TEAM = 7KE765B32L;
				GCC_C_LANGUAGE_STANDARD = gnu11;
				INFOPLIST_FILE = Screenshots/Info.plist;
				IPHONEOS_DEPLOYMENT_TARGET = 11.4;
				LD_RUNPATH_SEARCH_PATHS = "$(inherited) @executable_path/Frameworks @loader_path/Frameworks";
				PRODUCT_BUNDLE_IDENTIFIER = RushMe.Screenshots;
				PRODUCT_NAME = "$(TARGET_NAME)";
				PROVISIONING_PROFILE = "";
				SWIFT_OPTIMIZATION_LEVEL = "-Onone";
				SWIFT_VERSION = 4.0;
				TARGETED_DEVICE_FAMILY = "1,2";
				TEST_TARGET_NAME = RushMe;
			};
			name = Debug;
		};
		DB9E60F520C07D5700B2C765 /* Release */ = {
			isa = XCBuildConfiguration;
			buildSettings = {
				ALWAYS_EMBED_SWIFT_STANDARD_LIBRARIES = YES;
				CLANG_CXX_LANGUAGE_STANDARD = "gnu++14";
				CLANG_ENABLE_MODULES = YES;
				CLANG_ENABLE_OBJC_WEAK = YES;
				CLANG_WARN_UNGUARDED_AVAILABILITY = YES_AGGRESSIVE;
				CODE_SIGN_IDENTITY = "iPhone Developer";
				CODE_SIGN_STYLE = Automatic;
				DEVELOPMENT_TEAM = 7KE765B32L;
				GCC_C_LANGUAGE_STANDARD = gnu11;
				INFOPLIST_FILE = Screenshots/Info.plist;
				IPHONEOS_DEPLOYMENT_TARGET = 11.4;
				LD_RUNPATH_SEARCH_PATHS = "$(inherited) @executable_path/Frameworks @loader_path/Frameworks";
				PRODUCT_BUNDLE_IDENTIFIER = RushMe.Screenshots;
				PRODUCT_NAME = "$(TARGET_NAME)";
				PROVISIONING_PROFILE = "";
				SWIFT_VERSION = 4.0;
				TARGETED_DEVICE_FAMILY = "1,2";
				TEST_TARGET_NAME = RushMe;
			};
			name = Release;
		};
/* End XCBuildConfiguration section */

/* Begin XCConfigurationList section */
		DB05F7401F894A910090DEC3 /* Build configuration list for PBXProject "RushMe" */ = {
			isa = XCConfigurationList;
			buildConfigurations = (
				DB05F76D1F894A910090DEC3 /* Debug */,
				DB05F76E1F894A910090DEC3 /* Release */,
			);
			defaultConfigurationIsVisible = 0;
			defaultConfigurationName = Debug;
		};
		DB05F76F1F894A910090DEC3 /* Build configuration list for PBXNativeTarget "RushMe" */ = {
			isa = XCConfigurationList;
			buildConfigurations = (
				DB05F7701F894A910090DEC3 /* Debug */,
				DB05F7711F894A910090DEC3 /* Release */,
			);
			defaultConfigurationIsVisible = 0;
			defaultConfigurationName = Debug;
		};
		DB05F7721F894A910090DEC3 /* Build configuration list for PBXNativeTarget "RushMeTests" */ = {
			isa = XCConfigurationList;
			buildConfigurations = (
				DB05F7731F894A910090DEC3 /* Debug */,
				DB05F7741F894A910090DEC3 /* Release */,
			);
			defaultConfigurationIsVisible = 0;
			defaultConfigurationName = Debug;
		};
		DB05F7751F894A910090DEC3 /* Build configuration list for PBXNativeTarget "RushMeUITests" */ = {
			isa = XCConfigurationList;
			buildConfigurations = (
				DB05F7761F894A910090DEC3 /* Debug */,
				DB05F7771F894A910090DEC3 /* Release */,
			);
			defaultConfigurationIsVisible = 0;
			defaultConfigurationName = Debug;
		};
		DB9E60F620C07D5700B2C765 /* Build configuration list for PBXNativeTarget "Screenshots" */ = {
			isa = XCConfigurationList;
			buildConfigurations = (
				DB9E60F420C07D5700B2C765 /* Debug */,
				DB9E60F520C07D5700B2C765 /* Release */,
			);
			defaultConfigurationIsVisible = 0;
			defaultConfigurationName = Debug;
		};
/* End XCConfigurationList section */
	};
	rootObject = DB05F73D1F894A910090DEC3 /* Project object */;
}
